{
  "version": 4,
  "terraform_version": "1.7.3",
  "serial": 1790,
  "lineage": "5c4c9010-0e93-cd89-f765-11907180fb4c",
  "outputs": {},
  "resources": [
    {
      "module": "module.aft",
      "mode": "data",
      "type": "aws_partition",
      "name": "current",
      "provider": "provider[\"registry.terraform.io/hashicorp/aws\"]",
      "instances": [
        {
          "schema_version": 0,
          "attributes": {
            "dns_suffix": "amazonaws.com",
            "id": "aws",
            "partition": "aws",
            "reverse_dns_prefix": "com.amazonaws"
          },
          "sensitive_attributes": []
        }
      ]
    },
    {
      "module": "module.aft.module.aft_account_request_framework",
      "mode": "data",
      "type": "aws_availability_zones",
      "name": "available",
      "provider": "module.aft.provider[\"registry.terraform.io/hashicorp/aws\"].aft_management",
      "instances": [
        {
          "schema_version": 0,
          "attributes": {
            "all_availability_zones": null,
            "exclude_names": null,
            "exclude_zone_ids": null,
            "filter": null,
            "group_names": [
              "us-east-1"
            ],
            "id": "us-east-1",
            "names": [
              "us-east-1a",
              "us-east-1b",
              "us-east-1c",
              "us-east-1d",
              "us-east-1e",
              "us-east-1f"
            ],
            "state": "available",
            "timeouts": null,
            "zone_ids": [
              "use1-az1",
              "use1-az2",
              "use1-az4",
              "use1-az6",
              "use1-az3",
              "use1-az5"
            ]
          },
          "sensitive_attributes": []
        }
      ]
    },
    {
      "module": "module.aft.module.aft_account_request_framework",
      "mode": "managed",
      "type": "aws_backup_vault",
      "name": "aft_controltower_backup_vault",
      "provider": "module.aft.provider[\"registry.terraform.io/hashicorp/aws\"].aft_management",
      "instances": [
        {
          "schema_version": 0,
          "attributes": {
            "arn": "arn:aws:backup:us-east-1:211125486960:backup-vault:aft-controltower-backup-vault",
            "force_destroy": false,
            "id": "aft-controltower-backup-vault",
            "kms_key_arn": "arn:aws:kms:us-east-1:211125486960:key/f5a109d2-ca5b-4665-b3ec-a4105851254c",
            "name": "aft-controltower-backup-vault",
            "recovery_points": 1074,
            "tags": {},
            "tags_all": {
              "managed_by": "AFT"
            },
            "timeouts": null
          },
          "sensitive_attributes": [],
          "private": "eyJlMmJmYjczMC1lY2FhLTExZTYtOGY4OC0zNDM2M2JjN2M0YzAiOnsiZGVsZXRlIjo2MDAwMDAwMDAwMDB9fQ==",
          "dependencies": [
            "module.aft.data.aws_partition.current",
            "module.aft.module.aft_account_request_framework.aws_kms_key.aft"
          ]
        }
      ]
    },
    {
      "module": "module.aft.module.aft_account_request_framework",
      "mode": "managed",
      "type": "aws_kms_key",
      "name": "aft",
      "provider": "module.aft.provider[\"registry.terraform.io/hashicorp/aws\"].aft_management",
      "instances": [
        {
          "schema_version": 0,
          "attributes": {
            "arn": "arn:aws:kms:us-east-1:211125486960:key/f5a109d2-ca5b-4665-b3ec-a4105851254c",
            "bypass_policy_lockout_safety_check": false,
            "custom_key_store_id": "",
            "customer_master_key_spec": "SYMMETRIC_DEFAULT",
            "deletion_window_in_days": null,
            "description": "AFT KMS key",
            "enable_key_rotation": true,
            "id": "f5a109d2-ca5b-4665-b3ec-a4105851254c",
            "is_enabled": true,
            "key_id": "f5a109d2-ca5b-4665-b3ec-a4105851254c",
            "key_usage": "ENCRYPT_DECRYPT",
            "multi_region": false,
            "policy": "{\"Id\":\"key-default-1\",\"Statement\":[{\"Action\":\"kms:*\",\"Effect\":\"Allow\",\"Principal\":{\"AWS\":\"arn:aws:iam::211125486960:root\"},\"Resource\":\"*\",\"Sid\":\"Enable IAM User Permissions\"}],\"Version\":\"2012-10-17\"}",
            "tags": {},
            "tags_all": {
              "managed_by": "AFT"
            },
            "timeouts": null,
            "xks_key_id": ""
          },
          "sensitive_attributes": [],
          "private": "eyJlMmJmYjczMC1lY2FhLTExZTYtOGY4OC0zNDM2M2JjN2M0YzAiOnsiY3JlYXRlIjoxMjAwMDAwMDAwMDB9fQ==",
          "dependencies": [
            "module.aft.data.aws_partition.current"
          ],
          "create_before_destroy": true
        }
      ]
    },
    {
      "module": "module.aft.module.aft_account_request_framework",
      "mode": "managed",
      "type": "aws_security_group",
      "name": "aft_vpc_default_sg",
      "provider": "module.aft.provider[\"registry.terraform.io/hashicorp/aws\"].aft_management",
      "instances": [
        {
          "index_key": 0,
          "schema_version": 1,
          "attributes": {
            "arn": "arn:aws:ec2:us-east-1:211125486960:security-group/sg-07107c3064c5cf62d",
            "description": "Allow outbound traffic",
            "egress": [
              {
                "cidr_blocks": [
                  "0.0.0.0/0"
                ],
                "description": "Allow outbound traffic to internet",
                "from_port": 0,
                "ipv6_cidr_blocks": [
                  "::/0"
                ],
                "prefix_list_ids": [],
                "protocol": "-1",
                "security_groups": [],
                "self": false,
                "to_port": 0
              }
            ],
            "id": "sg-07107c3064c5cf62d",
            "ingress": [],
            "name": "aft-default-sg",
            "name_prefix": "",
            "owner_id": "211125486960",
            "revoke_rules_on_delete": false,
            "tags": {},
            "tags_all": {
              "managed_by": "AFT"
            },
            "timeouts": null,
            "vpc_id": "vpc-0031b3a25c5d782f6"
          },
          "sensitive_attributes": [],
          "private": "eyJlMmJmYjczMC1lY2FhLTExZTYtOGY4OC0zNDM2M2JjN2M0YzAiOnsiY3JlYXRlIjo2MDAwMDAwMDAwMDAsImRlbGV0ZSI6OTAwMDAwMDAwMDAwfSwic2NoZW1hX3ZlcnNpb24iOiIxIn0=",
          "dependencies": [
            "module.aft.data.aws_partition.current",
            "module.aft.module.aft_account_request_framework.aws_vpc.aft_vpc"
          ],
          "create_before_destroy": true
        }
      ]
    },
    {
      "module": "module.aft.module.aft_account_request_framework",
      "mode": "managed",
      "type": "aws_subnet",
      "name": "aft_vpc_private_subnet_01",
      "provider": "module.aft.provider[\"registry.terraform.io/hashicorp/aws\"].aft_management",
      "instances": [
        {
          "index_key": 0,
          "schema_version": 1,
          "attributes": {
            "arn": "arn:aws:ec2:us-east-1:211125486960:subnet/subnet-05ad16a5785eafe02",
            "assign_ipv6_address_on_creation": false,
            "availability_zone": "us-east-1a",
            "availability_zone_id": "use1-az1",
            "cidr_block": "192.168.0.0/24",
            "customer_owned_ipv4_pool": "",
            "enable_dns64": false,
            "enable_lni_at_device_index": 0,
            "enable_resource_name_dns_a_record_on_launch": false,
            "enable_resource_name_dns_aaaa_record_on_launch": false,
            "id": "subnet-05ad16a5785eafe02",
            "ipv6_cidr_block": "",
            "ipv6_cidr_block_association_id": "",
            "ipv6_native": false,
            "map_customer_owned_ip_on_launch": false,
            "map_public_ip_on_launch": false,
            "outpost_arn": "",
            "owner_id": "211125486960",
            "private_dns_hostname_type_on_launch": "ip-name",
            "tags": {
              "Name": "aft-vpc-private-subnet-01"
            },
            "tags_all": {
              "Name": "aft-vpc-private-subnet-01",
              "managed_by": "AFT"
            },
            "timeouts": null,
            "vpc_id": "vpc-0031b3a25c5d782f6"
          },
          "sensitive_attributes": [],
          "private": "eyJlMmJmYjczMC1lY2FhLTExZTYtOGY4OC0zNDM2M2JjN2M0YzAiOnsiY3JlYXRlIjo2MDAwMDAwMDAwMDAsImRlbGV0ZSI6MTIwMDAwMDAwMDAwMH0sInNjaGVtYV92ZXJzaW9uIjoiMSJ9",
          "dependencies": [
            "module.aft.data.aws_partition.current",
            "module.aft.module.aft_account_request_framework.aws_vpc.aft_vpc",
            "module.aft.module.aft_account_request_framework.data.aws_availability_zones.available"
          ],
          "create_before_destroy": true
        }
      ]
    },
    {
      "module": "module.aft.module.aft_account_request_framework",
      "mode": "managed",
      "type": "aws_subnet",
      "name": "aft_vpc_private_subnet_02",
      "provider": "module.aft.provider[\"registry.terraform.io/hashicorp/aws\"].aft_management",
      "instances": [
        {
          "index_key": 0,
          "schema_version": 1,
          "attributes": {
            "arn": "arn:aws:ec2:us-east-1:211125486960:subnet/subnet-0e5372e252fc21138",
            "assign_ipv6_address_on_creation": false,
            "availability_zone": "us-east-1b",
            "availability_zone_id": "use1-az2",
            "cidr_block": "192.168.1.0/24",
            "customer_owned_ipv4_pool": "",
            "enable_dns64": false,
            "enable_lni_at_device_index": 0,
            "enable_resource_name_dns_a_record_on_launch": false,
            "enable_resource_name_dns_aaaa_record_on_launch": false,
            "id": "subnet-0e5372e252fc21138",
            "ipv6_cidr_block": "",
            "ipv6_cidr_block_association_id": "",
            "ipv6_native": false,
            "map_customer_owned_ip_on_launch": false,
            "map_public_ip_on_launch": false,
            "outpost_arn": "",
            "owner_id": "211125486960",
            "private_dns_hostname_type_on_launch": "ip-name",
            "tags": {
              "Name": "aft-vpc-private-subnet-02"
            },
            "tags_all": {
              "Name": "aft-vpc-private-subnet-02",
              "managed_by": "AFT"
            },
            "timeouts": null,
            "vpc_id": "vpc-0031b3a25c5d782f6"
          },
          "sensitive_attributes": [],
          "private": "eyJlMmJmYjczMC1lY2FhLTExZTYtOGY4OC0zNDM2M2JjN2M0YzAiOnsiY3JlYXRlIjo2MDAwMDAwMDAwMDAsImRlbGV0ZSI6MTIwMDAwMDAwMDAwMH0sInNjaGVtYV92ZXJzaW9uIjoiMSJ9",
          "dependencies": [
            "module.aft.data.aws_partition.current",
            "module.aft.module.aft_account_request_framework.aws_vpc.aft_vpc",
            "module.aft.module.aft_account_request_framework.data.aws_availability_zones.available"
          ],
          "create_before_destroy": true
        }
      ]
    },
    {
      "module": "module.aft.module.aft_account_request_framework",
      "mode": "managed",
      "type": "aws_vpc",
      "name": "aft_vpc",
      "provider": "module.aft.provider[\"registry.terraform.io/hashicorp/aws\"].aft_management",
      "instances": [
        {
          "index_key": 0,
          "schema_version": 1,
          "attributes": {
            "arn": "arn:aws:ec2:us-east-1:211125486960:vpc/vpc-0031b3a25c5d782f6",
            "assign_generated_ipv6_cidr_block": false,
            "cidr_block": "192.168.0.0/22",
            "default_network_acl_id": "acl-020f83df62a25bd25",
            "default_route_table_id": "rtb-0568f625e2073755d",
            "default_security_group_id": "sg-066c393b892ece39b",
            "dhcp_options_id": "dopt-073670955ce005eb2",
            "enable_dns_hostnames": true,
            "enable_dns_support": true,
            "enable_network_address_usage_metrics": false,
            "id": "vpc-0031b3a25c5d782f6",
            "instance_tenancy": "default",
            "ipv4_ipam_pool_id": null,
            "ipv4_netmask_length": null,
            "ipv6_association_id": "",
            "ipv6_cidr_block": "",
            "ipv6_cidr_block_network_border_group": "",
            "ipv6_ipam_pool_id": "",
            "ipv6_netmask_length": 0,
            "main_route_table_id": "rtb-0568f625e2073755d",
            "owner_id": "211125486960",
            "tags": {
              "Name": "aft-management-vpc"
            },
            "tags_all": {
              "Name": "aft-management-vpc",
              "managed_by": "AFT"
            }
          },
          "sensitive_attributes": [],
          "private": "eyJzY2hlbWFfdmVyc2lvbiI6IjEifQ==",
          "dependencies": [
            "module.aft.data.aws_partition.current"
          ],
          "create_before_destroy": true
        }
      ]
    },
    {
      "module": "module.aft.module.aft_feature_options",
      "mode": "data",
      "type": "aws_region",
      "name": "current",
      "provider": "module.aft.provider[\"registry.terraform.io/hashicorp/aws\"].aft_management",
      "instances": [
        {
          "schema_version": 0,
          "attributes": {
            "description": "US East (N. Virginia)",
            "endpoint": "ec2.us-east-1.amazonaws.com",
            "id": "us-east-1",
            "name": "us-east-1"
          },
          "sensitive_attributes": []
        }
      ]
    },
    {
      "module": "module.aft.module.aft_feature_options",
      "mode": "managed",
      "type": "aws_s3_bucket",
      "name": "aft_access_logs",
      "provider": "module.aft.provider[\"registry.terraform.io/hashicorp/aws\"].log_archive",
      "instances": [
        {
          "schema_version": 0,
          "attributes": {
            "acceleration_status": "",
            "acl": null,
            "arn": "arn:aws:s3:::aws-aft-s3-access-logs-975050247636-us-east-1",
            "bucket": "aws-aft-s3-access-logs-975050247636-us-east-1",
            "bucket_domain_name": "aws-aft-s3-access-logs-975050247636-us-east-1.s3.amazonaws.com",
            "bucket_prefix": "",
            "bucket_regional_domain_name": "aws-aft-s3-access-logs-975050247636-us-east-1.s3.us-east-1.amazonaws.com",
            "cors_rule": [],
            "force_destroy": false,
            "grant": [
              {
                "id": "e4c87f73b934950e4d5afec691cc46290cdf7978152f8d7d0aea318a20a32e55",
                "permissions": [
                  "FULL_CONTROL"
                ],
                "type": "CanonicalUser",
                "uri": ""
              }
            ],
            "hosted_zone_id": "Z3AQBSTGFYJSTF",
            "id": "aws-aft-s3-access-logs-975050247636-us-east-1",
            "lifecycle_rule": [],
            "logging": [],
            "object_lock_configuration": [],
            "object_lock_enabled": false,
            "policy": "",
            "region": "us-east-1",
            "replication_configuration": [],
            "request_payer": "BucketOwner",
            "server_side_encryption_configuration": [
              {
                "rule": [
                  {
                    "apply_server_side_encryption_by_default": [
                      {
                        "kms_master_key_id": "",
                        "sse_algorithm": "AES256"
                      }
                    ],
                    "bucket_key_enabled": false
                  }
                ]
              }
            ],
            "tags": {},
            "tags_all": {
              "managed_by": "AFT"
            },
            "timeouts": null,
            "versioning": [
              {
                "enabled": false,
                "mfa_delete": false
              }
            ],
            "website": [],
            "website_domain": null,
            "website_endpoint": null
          },
          "sensitive_attributes": [],
          "private": "eyJlMmJmYjczMC1lY2FhLTExZTYtOGY4OC0zNDM2M2JjN2M0YzAiOnsiY3JlYXRlIjoxMjAwMDAwMDAwMDAwLCJkZWxldGUiOjM2MDAwMDAwMDAwMDAsInJlYWQiOjEyMDAwMDAwMDAwMDAsInVwZGF0ZSI6MTIwMDAwMDAwMDAwMH19",
          "dependencies": [
            "module.aft.data.aws_partition.current",
            "module.aft.module.aft_feature_options.data.aws_region.current"
          ]
        }
      ]
    }
  ],
  "check_results": [
    {
      "object_kind": "var",
      "config_addr": "module.aft.var.global_codebuild_timeout",
      "status": "unknown",
      "objects": null
    },
    {
      "object_kind": "var",
      "config_addr": "module.aft.var.terraform_version",
      "status": "unknown",
      "objects": null
    },
    {
      "object_kind": "var",
      "config_addr": "module.aft.var.account_provisioning_customizations_repo_branch",
      "status": "unknown",
      "objects": null
    },
    {
      "object_kind": "var",
      "config_addr": "module.aft.var.tf_backend_secondary_region",
      "status": "unknown",
      "objects": null
    },
    {
      "object_kind": "var",
      "config_addr": "module.aft.var.log_archive_account_id",
      "status": "unknown",
      "objects": [
        {
          "object_addr": "module.aft.var.log_archive_account_id",
          "status": "unknown"
        }
      ]
    },
    {
      "object_kind": "var",
      "config_addr": "module.aft.var.global_customizations_repo_branch",
      "status": "unknown",
      "objects": null
    },
    {
      "object_kind": "var",
      "config_addr": "module.aft.var.terraform_api_endpoint",
      "status": "unknown",
      "objects": null
    },
    {
      "object_kind": "var",
      "config_addr": "module.aft.var.cloudwatch_log_group_retention",
      "status": "unknown",
      "objects": null
    },
    {
      "object_kind": "var",
      "config_addr": "module.aft.var.aft_vpc_public_subnet_01_cidr",
      "status": "unknown",
      "objects": null
    },
    {
      "object_kind": "var",
      "config_addr": "module.aft.var.aft_vpc_private_subnet_02_cidr",
      "status": "unknown",
      "objects": null
    },
    {
      "object_kind": "var",
      "config_addr": "module.aft.var.backup_recovery_point_retention",
      "status": "unknown",
      "objects": null
    },
    {
      "object_kind": "var",
      "config_addr": "module.aft.var.global_customizations_repo_name",
      "status": "unknown",
      "objects": null
    },
    {
      "object_kind": "var",
      "config_addr": "module.aft.var.account_customizations_repo_branch",
      "status": "unknown",
      "objects": null
    },
    {
      "object_kind": "var",
      "config_addr": "module.aft.var.terraform_token",
      "status": "unknown",
      "objects": null
    },
    {
      "object_kind": "var",
      "config_addr": "module.aft.var.account_request_repo_branch",
      "status": "unknown",
      "objects": null
    },
    {
      "object_kind": "var",
      "config_addr": "module.aft.var.terraform_distribution",
      "status": "unknown",
      "objects": null
    },
    {
      "object_kind": "var",
      "config_addr": "module.aft.var.account_request_repo_name",
      "status": "unknown",
      "objects": null
    },
    {
      "object_kind": "var",
      "config_addr": "module.aft.var.aft_management_account_id",
      "status": "unknown",
      "objects": [
        {
          "object_addr": "module.aft.var.aft_management_account_id",
          "status": "unknown"
        }
      ]
    },
    {
      "object_kind": "var",
      "config_addr": "module.aft.var.aft_feature_enterprise_support",
      "status": "unknown",
      "objects": null
    },
    {
      "object_kind": "var",
      "config_addr": "module.aft.var.account_customizations_repo_name",
      "status": "unknown",
      "objects": null
    },
    {
      "object_kind": "var",
      "config_addr": "module.aft.module.aft_lambda_layer.var.lambda_layer_name",
      "status": "unknown",
      "objects": null
    },
    {
      "object_kind": "var",
      "config_addr": "module.aft.var.aft_enable_vpc",
      "status": "unknown",
      "objects": null
    },
    {
      "object_kind": "var",
      "config_addr": "module.aft.var.maximum_concurrent_customizations",
      "status": "unknown",
      "objects": null
    },
    {
      "object_kind": "var",
      "config_addr": "module.aft.var.aft_framework_repo_url",
      "status": "unknown",
      "objects": null
    },
    {
      "object_kind": "var",
      "config_addr": "module.aft.var.aft_vpc_cidr",
      "status": "unknown",
      "objects": null
    },
    {
      "object_kind": "var",
      "config_addr": "module.aft.var.aft_feature_delete_default_vpcs_enabled",
      "status": "unknown",
      "objects": null
    },
    {
      "object_kind": "var",
      "config_addr": "module.aft.var.aft_vpc_endpoints",
      "status": "unknown",
      "objects": null
    },
    {
      "object_kind": "var",
      "config_addr": "module.aft.var.concurrent_account_factory_actions",
      "status": "unknown",
      "objects": null
    },
    {
      "object_kind": "var",
      "config_addr": "module.aft.var.terraform_org_name",
      "status": "unknown",
      "objects": null
    },
    {
      "object_kind": "var",
      "config_addr": "module.aft.var.ct_management_account_id",
      "status": "unknown",
      "objects": null
    },
    {
      "object_kind": "var",
      "config_addr": "module.aft.var.vcs_provider",
      "status": "unknown",
      "objects": null
    },
    {
      "object_kind": "var",
      "config_addr": "module.aft.var.aft_vpc_private_subnet_01_cidr",
      "status": "unknown",
      "objects": null
    },
    {
      "object_kind": "var",
      "config_addr": "module.aft.var.ct_home_region",
      "status": "unknown",
      "objects": [
        {
          "object_addr": "module.aft.var.ct_home_region",
          "status": "unknown"
        }
      ]
    },
    {
      "object_kind": "var",
      "config_addr": "module.aft.var.aft_vpc_public_subnet_02_cidr",
      "status": "unknown",
      "objects": null
    },
    {
      "object_kind": "var",
      "config_addr": "module.aft.var.account_provisioning_customizations_repo_name",
      "status": "unknown",
      "objects": null
    },
    {
      "object_kind": "var",
      "config_addr": "module.aft.var.audit_account_id",
      "status": "unknown",
      "objects": [
        {
          "object_addr": "module.aft.var.audit_account_id",
          "status": "unknown"
        }
      ]
    },
    {
      "object_kind": "var",
      "config_addr": "module.aft.var.aft_feature_cloudtrail_data_events",
      "status": "unknown",
      "objects": null
    },
    {
      "object_kind": "var",
      "config_addr": "module.aft.var.log_archive_bucket_object_expiration_days",
      "status": "unknown",
      "objects": null
    },
    {
      "object_kind": "var",
      "config_addr": "module.aft.var.aft_metrics_reporting",
      "status": "unknown",
      "objects": null
    }
  ]
}
