{
  "version": 4,
  "terraform_version": "1.7.3",
  "serial": 1627,
  "lineage": "9ab256ea-ea2c-63c2-3f56-3de230fc2ddf",
  "outputs": {
    "aft_management_account_id": {
      "value": "211125486960",
      "type": "string"
    },
    "audit_account_id": {
      "value": "381491881126",
      "type": "string"
    },
    "ct_management_account_id": {
      "value": "891377115604",
      "type": "string"
    },
    "log_archive_account_id": {
      "value": "975050247636",
      "type": "string"
    },
    "region": {
      "value": "us-east-1",
      "type": "string"
    }
  },
  "resources": [
    {
      "module": "module.aft",
      "mode": "data",
      "type": "aws_partition",
      "name": "current",
      "provider": "provider[\"registry.terraform.io/hashicorp/aws\"]",
      "instances": [
        {
          "schema_version": 0,
          "attributes": {
            "dns_suffix": "amazonaws.com",
            "id": "aws",
            "partition": "aws",
            "reverse_dns_prefix": "com.amazonaws"
          },
          "sensitive_attributes": []
        }
      ]
    },
    {
      "module": "module.aft",
      "mode": "data",
      "type": "local_file",
      "name": "python_version",
      "provider": "provider[\"registry.terraform.io/hashicorp/local\"]",
      "instances": [
        {
          "schema_version": 0,
          "attributes": {
            "content": "3.11\n",
            "content_base64": "My4xMQo=",
            "content_base64sha256": "SaUG3TIJawENdSBazzQwya5sQDUYiBKUmeWl5IcSbJM=",
            "content_base64sha512": "B2sJQC56yl/7XLl6mVaH8hBUSoO/g5yDOnCtAUN9zIfD3fuHv2qQ5BKwRi2HRPCIuoc6aIsr2ORwHLEm48bjGA==",
            "content_md5": "c0479ff484dacd51dc5ba0461b16b9bf",
            "content_sha1": "56d82d930855f2b801ddc5b7b28abae5a86ee034",
            "content_sha256": "49a506dd32096b010d75205acf3430c9ae6c40351888129499e5a5e487126c93",
            "content_sha512": "076b09402e7aca5ffb5cb97a995687f210544a83bf839c833a70ad01437dcc87c3ddfb87bf6a90e412b0462d8744f088ba873a688b2bd8e4701cb126e3c6e318",
            "filename": ".terraform/modules/aft/PYTHON_VERSION",
            "id": "56d82d930855f2b801ddc5b7b28abae5a86ee034"
          },
          "sensitive_attributes": []
        }
      ]
    },
    {
      "module": "module.aft",
      "mode": "data",
      "type": "local_file",
      "name": "version",
      "provider": "provider[\"registry.terraform.io/hashicorp/local\"]",
      "instances": [
        {
          "schema_version": 0,
          "attributes": {
            "content": "1.12.0\n",
            "content_base64": "MS4xMi4wCg==",
            "content_base64sha256": "yS32vd4zC+IZ1i9I7GSQsBiJQ28vWQJ6qyAOdN5hkWg=",
            "content_base64sha512": "hFYnjGgeQyx5JRDCINOv+hus77GjTrMxp7vqSWInR96lT5ogl+kCyTmbJOOfJUTT4g4+9tVOBJHbccyM2W5OBg==",
            "content_md5": "bac2df5bff521bdd5b43dae786e9918e",
            "content_sha1": "3dfa339f2ee4152736d93b8089247a1d14a8537c",
            "content_sha256": "c92df6bdde330be219d62f48ec6490b01889436f2f59027aab200e74de619168",
            "content_sha512": "8456278c681e432c792510c220d3affa1bacefb1a34eb331a7bbea49622747dea54f9a2097e902c9399b24e39f2544d3e20e3ef6d54e0491db71cc8cd96e4e06",
            "filename": ".terraform/modules/aft/VERSION",
            "id": "3dfa339f2ee4152736d93b8089247a1d14a8537c"
          },
          "sensitive_attributes": []
        }
      ]
    },
    {
      "module": "module.aft.module.aft_account_provisioning_framework",
      "mode": "data",
      "type": "aws_caller_identity",
      "name": "aft_management",
      "provider": "module.aft.provider[\"registry.terraform.io/hashicorp/aws\"].aft_management",
      "instances": [
        {
          "schema_version": 0,
          "attributes": {
            "account_id": "211125486960",
            "arn": "arn:aws:sts::211125486960:assumed-role/AWSControlTowerExecution/AWSAFT-Session",
            "id": "211125486960",
            "user_id": "AROATCKAPIVYLH436GB4W:AWSAFT-Session"
          },
          "sensitive_attributes": []
        }
      ]
    },
    {
      "module": "module.aft.module.aft_account_provisioning_framework",
      "mode": "data",
      "type": "aws_iam_policy",
      "name": "AWSLambdaBasicExecutionRole",
      "provider": "module.aft.provider[\"registry.terraform.io/hashicorp/aws\"].aft_management",
      "instances": [
        {
          "schema_version": 0,
          "attributes": {
            "arn": "arn:aws:iam::aws:policy/service-role/AWSLambdaBasicExecutionRole",
            "description": "Provides write permissions to CloudWatch Logs.",
            "id": "arn:aws:iam::aws:policy/service-role/AWSLambdaBasicExecutionRole",
            "name": "AWSLambdaBasicExecutionRole",
            "path": "/service-role/",
            "path_prefix": null,
            "policy": "{\n  \"Version\": \"2012-10-17\",\n  \"Statement\": [\n    {\n      \"Effect\": \"Allow\",\n      \"Action\": [\n        \"logs:CreateLogGroup\",\n        \"logs:CreateLogStream\",\n        \"logs:PutLogEvents\"\n      ],\n      \"Resource\": \"*\"\n    }\n  ]\n}",
            "policy_id": "ANPAJNCQGXC42545SKXIK",
            "tags": {}
          },
          "sensitive_attributes": []
        }
      ]
    },
    {
      "module": "module.aft.module.aft_account_provisioning_framework",
      "mode": "data",
      "type": "aws_iam_policy",
      "name": "AWSLambdaVPCAccessExecutionRole",
      "provider": "module.aft.provider[\"registry.terraform.io/hashicorp/aws\"].aft_management",
      "instances": [
        {
          "schema_version": 0,
          "attributes": {
            "arn": "arn:aws:iam::aws:policy/service-role/AWSLambdaVPCAccessExecutionRole",
            "description": "Provides minimum permissions for a Lambda function to execute while accessing a resource within a VPC - create, describe, delete network interfaces and write permissions to CloudWatch Logs. ",
            "id": "arn:aws:iam::aws:policy/service-role/AWSLambdaVPCAccessExecutionRole",
            "name": "AWSLambdaVPCAccessExecutionRole",
            "path": "/service-role/",
            "path_prefix": null,
            "policy": "{\n\t\"Version\": \"2012-10-17\",\n\t\"Statement\": [\n\t\t{\n\t\t\t\"Sid\": \"AWSLambdaVPCAccessExecutionPermissions\",\n\t\t\t\"Effect\": \"Allow\",\n\t\t\t\"Action\": [\n\t\t\t\t\"logs:CreateLogGroup\",\n\t\t\t\t\"logs:CreateLogStream\",\n\t\t\t\t\"logs:PutLogEvents\",\n\t\t\t\t\"ec2:CreateNetworkInterface\",\n\t\t\t\t\"ec2:DescribeNetworkInterfaces\",\n\t\t\t\t\"ec2:DescribeSubnets\",\n\t\t\t\t\"ec2:DeleteNetworkInterface\",\n\t\t\t\t\"ec2:AssignPrivateIpAddresses\",\n\t\t\t\t\"ec2:UnassignPrivateIpAddresses\"\n\t\t\t],\n\t\t\t\"Resource\": \"*\"\n\t\t}\n\t]\n}",
            "policy_id": "ANPAJVTME3YLVNL72YR2K",
            "tags": {}
          },
          "sensitive_attributes": []
        }
      ]
    },
    {
      "module": "module.aft.module.aft_account_provisioning_framework",
      "mode": "data",
      "type": "aws_partition",
      "name": "current",
      "provider": "module.aft.provider[\"registry.terraform.io/hashicorp/aws\"].aft_management",
      "instances": [
        {
          "schema_version": 0,
          "attributes": {
            "dns_suffix": "amazonaws.com",
            "id": "aws",
            "partition": "aws",
            "reverse_dns_prefix": "com.amazonaws"
          },
          "sensitive_attributes": []
        }
      ]
    },
    {
      "module": "module.aft.module.aft_account_provisioning_framework",
      "mode": "data",
      "type": "aws_region",
      "name": "aft_management",
      "provider": "module.aft.provider[\"registry.terraform.io/hashicorp/aws\"].aft_management",
      "instances": [
        {
          "schema_version": 0,
          "attributes": {
            "description": "US East (N. Virginia)",
            "endpoint": "ec2.us-east-1.amazonaws.com",
            "id": "us-east-1",
            "name": "us-east-1"
          },
          "sensitive_attributes": []
        }
      ]
    },
    {
      "module": "module.aft.module.aft_account_request_framework",
      "mode": "data",
      "type": "aws_availability_zones",
      "name": "available",
      "provider": "module.aft.provider[\"registry.terraform.io/hashicorp/aws\"].aft_management",
      "instances": [
        {
          "schema_version": 0,
          "attributes": {
            "all_availability_zones": null,
            "exclude_names": null,
            "exclude_zone_ids": null,
            "filter": null,
            "group_names": [
              "us-east-1"
            ],
            "id": "us-east-1",
            "names": [
              "us-east-1a",
              "us-east-1b",
              "us-east-1c",
              "us-east-1d",
              "us-east-1e",
              "us-east-1f"
            ],
            "state": "available",
            "timeouts": null,
            "zone_ids": [
              "use1-az1",
              "use1-az2",
              "use1-az4",
              "use1-az6",
              "use1-az3",
              "use1-az5"
            ]
          },
          "sensitive_attributes": []
        }
      ]
    },
    {
      "module": "module.aft.module.aft_account_request_framework",
      "mode": "data",
      "type": "aws_caller_identity",
      "name": "aft-management",
      "provider": "module.aft.provider[\"registry.terraform.io/hashicorp/aws\"].aft_management",
      "instances": [
        {
          "schema_version": 0,
          "attributes": {
            "account_id": "211125486960",
            "arn": "arn:aws:sts::211125486960:assumed-role/AWSControlTowerExecution/AWSAFT-Session",
            "id": "211125486960",
            "user_id": "AROATCKAPIVYLH436GB4W:AWSAFT-Session"
          },
          "sensitive_attributes": []
        }
      ]
    },
    {
      "module": "module.aft.module.aft_account_request_framework",
      "mode": "data",
      "type": "aws_caller_identity",
      "name": "ct-management",
      "provider": "module.aft.provider[\"registry.terraform.io/hashicorp/aws\"].ct_management",
      "instances": [
        {
          "schema_version": 0,
          "attributes": {
            "account_id": "891377115604",
            "arn": "arn:aws:iam::891377115604:user/Kavya",
            "id": "891377115604",
            "user_id": "AIDA47CRXMHKAWEBAXPHZ"
          },
          "sensitive_attributes": []
        }
      ]
    },
    {
      "module": "module.aft.module.aft_account_request_framework",
      "mode": "data",
      "type": "aws_iam_policy",
      "name": "AWSLambdaBasicExecutionRole",
      "provider": "module.aft.provider[\"registry.terraform.io/hashicorp/aws\"].aft_management",
      "instances": [
        {
          "schema_version": 0,
          "attributes": {
            "arn": "arn:aws:iam::aws:policy/service-role/AWSLambdaBasicExecutionRole",
            "description": "Provides write permissions to CloudWatch Logs.",
            "id": "arn:aws:iam::aws:policy/service-role/AWSLambdaBasicExecutionRole",
            "name": "AWSLambdaBasicExecutionRole",
            "path": "/service-role/",
            "path_prefix": null,
            "policy": "{\n  \"Version\": \"2012-10-17\",\n  \"Statement\": [\n    {\n      \"Effect\": \"Allow\",\n      \"Action\": [\n        \"logs:CreateLogGroup\",\n        \"logs:CreateLogStream\",\n        \"logs:PutLogEvents\"\n      ],\n      \"Resource\": \"*\"\n    }\n  ]\n}",
            "policy_id": "ANPAJNCQGXC42545SKXIK",
            "tags": {}
          },
          "sensitive_attributes": []
        }
      ]
    },
    {
      "module": "module.aft.module.aft_account_request_framework",
      "mode": "data",
      "type": "aws_iam_policy",
      "name": "AWSLambdaVPCAccessExecutionRole",
      "provider": "module.aft.provider[\"registry.terraform.io/hashicorp/aws\"].aft_management",
      "instances": [
        {
          "schema_version": 0,
          "attributes": {
            "arn": "arn:aws:iam::aws:policy/service-role/AWSLambdaVPCAccessExecutionRole",
            "description": "Provides minimum permissions for a Lambda function to execute while accessing a resource within a VPC - create, describe, delete network interfaces and write permissions to CloudWatch Logs. ",
            "id": "arn:aws:iam::aws:policy/service-role/AWSLambdaVPCAccessExecutionRole",
            "name": "AWSLambdaVPCAccessExecutionRole",
            "path": "/service-role/",
            "path_prefix": null,
            "policy": "{\n\t\"Version\": \"2012-10-17\",\n\t\"Statement\": [\n\t\t{\n\t\t\t\"Sid\": \"AWSLambdaVPCAccessExecutionPermissions\",\n\t\t\t\"Effect\": \"Allow\",\n\t\t\t\"Action\": [\n\t\t\t\t\"logs:CreateLogGroup\",\n\t\t\t\t\"logs:CreateLogStream\",\n\t\t\t\t\"logs:PutLogEvents\",\n\t\t\t\t\"ec2:CreateNetworkInterface\",\n\t\t\t\t\"ec2:DescribeNetworkInterfaces\",\n\t\t\t\t\"ec2:DescribeSubnets\",\n\t\t\t\t\"ec2:DeleteNetworkInterface\",\n\t\t\t\t\"ec2:AssignPrivateIpAddresses\",\n\t\t\t\t\"ec2:UnassignPrivateIpAddresses\"\n\t\t\t],\n\t\t\t\"Resource\": \"*\"\n\t\t}\n\t]\n}",
            "policy_id": "ANPAJVTME3YLVNL72YR2K",
            "tags": {}
          },
          "sensitive_attributes": []
        }
      ]
    },
    {
      "module": "module.aft.module.aft_account_request_framework",
      "mode": "data",
      "type": "aws_partition",
      "name": "current",
      "provider": "module.aft.provider[\"registry.terraform.io/hashicorp/aws\"].aft_management",
      "instances": [
        {
          "schema_version": 0,
          "attributes": {
            "dns_suffix": "amazonaws.com",
            "id": "aws",
            "partition": "aws",
            "reverse_dns_prefix": "com.amazonaws"
          },
          "sensitive_attributes": []
        }
      ]
    },
    {
      "module": "module.aft.module.aft_account_request_framework",
      "mode": "data",
      "type": "aws_region",
      "name": "aft-management",
      "provider": "module.aft.provider[\"registry.terraform.io/hashicorp/aws\"].aft_management",
      "instances": [
        {
          "schema_version": 0,
          "attributes": {
            "description": "US East (N. Virginia)",
            "endpoint": "ec2.us-east-1.amazonaws.com",
            "id": "us-east-1",
            "name": "us-east-1"
          },
          "sensitive_attributes": []
        }
      ]
    },
    {
      "module": "module.aft.module.aft_account_request_framework",
      "mode": "data",
      "type": "aws_subnets",
      "name": "codebuild",
      "provider": "module.aft.provider[\"registry.terraform.io/hashicorp/aws\"].aft_management",
      "instances": [
        {
          "index_key": 0,
          "schema_version": 0,
          "attributes": {
            "filter": [
              {
                "name": "availability-zone",
                "values": [
                  "us-east-1a",
                  "us-east-1b",
                  "us-east-1c",
                  "us-east-1d",
                  "us-east-1e",
                  "us-east-1f"
                ]
              },
              {
                "name": "subnet-id",
                "values": [
                  "subnet-03b24b0d60ef39271",
                  "subnet-0c23ad8b50e72359f"
                ]
              },
              {
                "name": "vpc-id",
                "values": [
                  "vpc-08fcfb12dc19a69d1"
                ]
              }
            ],
            "id": "us-east-1",
            "ids": [
              "subnet-0c23ad8b50e72359f",
              "subnet-03b24b0d60ef39271"
            ],
            "tags": null,
            "timeouts": null
          },
          "sensitive_attributes": []
        }
      ]
    },
    {
      "module": "module.aft.module.aft_account_request_framework",
      "mode": "data",
      "type": "aws_subnets",
      "name": "codecommit",
      "provider": "module.aft.provider[\"registry.terraform.io/hashicorp/aws\"].aft_management",
      "instances": [
        {
          "index_key": 0,
          "schema_version": 0,
          "attributes": {
            "filter": [
              {
                "name": "availability-zone",
                "values": [
                  "us-east-1a",
                  "us-east-1b",
                  "us-east-1c",
                  "us-east-1d",
                  "us-east-1e",
                  "us-east-1f"
                ]
              },
              {
                "name": "subnet-id",
                "values": [
                  "subnet-03b24b0d60ef39271",
                  "subnet-0c23ad8b50e72359f"
                ]
              },
              {
                "name": "vpc-id",
                "values": [
                  "vpc-08fcfb12dc19a69d1"
                ]
              }
            ],
            "id": "us-east-1",
            "ids": [
              "subnet-0c23ad8b50e72359f",
              "subnet-03b24b0d60ef39271"
            ],
            "tags": null,
            "timeouts": null
          },
          "sensitive_attributes": []
        }
      ]
    },
    {
      "module": "module.aft.module.aft_account_request_framework",
      "mode": "data",
      "type": "aws_subnets",
      "name": "codepipeline",
      "provider": "module.aft.provider[\"registry.terraform.io/hashicorp/aws\"].aft_management",
      "instances": [
        {
          "index_key": 0,
          "schema_version": 0,
          "attributes": {
            "filter": [
              {
                "name": "availability-zone",
                "values": [
                  "us-east-1a",
                  "us-east-1b",
                  "us-east-1c",
                  "us-east-1d",
                  "us-east-1e",
                  "us-east-1f"
                ]
              },
              {
                "name": "subnet-id",
                "values": [
                  "subnet-03b24b0d60ef39271",
                  "subnet-0c23ad8b50e72359f"
                ]
              },
              {
                "name": "vpc-id",
                "values": [
                  "vpc-08fcfb12dc19a69d1"
                ]
              }
            ],
            "id": "us-east-1",
            "ids": [
              "subnet-0c23ad8b50e72359f",
              "subnet-03b24b0d60ef39271"
            ],
            "tags": null,
            "timeouts": null
          },
          "sensitive_attributes": []
        }
      ]
    },
    {
      "module": "module.aft.module.aft_account_request_framework",
      "mode": "data",
      "type": "aws_subnets",
      "name": "events",
      "provider": "module.aft.provider[\"registry.terraform.io/hashicorp/aws\"].aft_management",
      "instances": [
        {
          "index_key": 0,
          "schema_version": 0,
          "attributes": {
            "filter": [
              {
                "name": "availability-zone",
                "values": [
                  "us-east-1a",
                  "us-east-1b",
                  "us-east-1c",
                  "us-east-1d",
                  "us-east-1e",
                  "us-east-1f"
                ]
              },
              {
                "name": "subnet-id",
                "values": [
                  "subnet-03b24b0d60ef39271",
                  "subnet-0c23ad8b50e72359f"
                ]
              },
              {
                "name": "vpc-id",
                "values": [
                  "vpc-08fcfb12dc19a69d1"
                ]
              }
            ],
            "id": "us-east-1",
            "ids": [
              "subnet-0c23ad8b50e72359f",
              "subnet-03b24b0d60ef39271"
            ],
            "tags": null,
            "timeouts": null
          },
          "sensitive_attributes": []
        }
      ]
    },
    {
      "module": "module.aft.module.aft_account_request_framework",
      "mode": "data",
      "type": "aws_subnets",
      "name": "git-codecommit",
      "provider": "module.aft.provider[\"registry.terraform.io/hashicorp/aws\"].aft_management",
      "instances": [
        {
          "index_key": 0,
          "schema_version": 0,
          "attributes": {
            "filter": [
              {
                "name": "availability-zone",
                "values": [
                  "us-east-1a",
                  "us-east-1b",
                  "us-east-1c",
                  "us-east-1d",
                  "us-east-1e",
                  "us-east-1f"
                ]
              },
              {
                "name": "subnet-id",
                "values": [
                  "subnet-03b24b0d60ef39271",
                  "subnet-0c23ad8b50e72359f"
                ]
              },
              {
                "name": "vpc-id",
                "values": [
                  "vpc-08fcfb12dc19a69d1"
                ]
              }
            ],
            "id": "us-east-1",
            "ids": [
              "subnet-0c23ad8b50e72359f",
              "subnet-03b24b0d60ef39271"
            ],
            "tags": null,
            "timeouts": null
          },
          "sensitive_attributes": []
        }
      ]
    },
    {
      "module": "module.aft.module.aft_account_request_framework",
      "mode": "data",
      "type": "aws_subnets",
      "name": "kms",
      "provider": "module.aft.provider[\"registry.terraform.io/hashicorp/aws\"].aft_management",
      "instances": [
        {
          "index_key": 0,
          "schema_version": 0,
          "attributes": {
            "filter": [
              {
                "name": "availability-zone",
                "values": [
                  "us-east-1a",
                  "us-east-1b",
                  "us-east-1c",
                  "us-east-1d",
                  "us-east-1e",
                  "us-east-1f"
                ]
              },
              {
                "name": "subnet-id",
                "values": [
                  "subnet-03b24b0d60ef39271",
                  "subnet-0c23ad8b50e72359f"
                ]
              },
              {
                "name": "vpc-id",
                "values": [
                  "vpc-08fcfb12dc19a69d1"
                ]
              }
            ],
            "id": "us-east-1",
            "ids": [
              "subnet-0c23ad8b50e72359f",
              "subnet-03b24b0d60ef39271"
            ],
            "tags": null,
            "timeouts": null
          },
          "sensitive_attributes": []
        }
      ]
    },
    {
      "module": "module.aft.module.aft_account_request_framework",
      "mode": "data",
      "type": "aws_subnets",
      "name": "lambda",
      "provider": "module.aft.provider[\"registry.terraform.io/hashicorp/aws\"].aft_management",
      "instances": [
        {
          "index_key": 0,
          "schema_version": 0,
          "attributes": {
            "filter": [
              {
                "name": "availability-zone",
                "values": [
                  "us-east-1a",
                  "us-east-1b",
                  "us-east-1c",
                  "us-east-1d",
                  "us-east-1e",
                  "us-east-1f"
                ]
              },
              {
                "name": "subnet-id",
                "values": [
                  "subnet-03b24b0d60ef39271",
                  "subnet-0c23ad8b50e72359f"
                ]
              },
              {
                "name": "vpc-id",
                "values": [
                  "vpc-08fcfb12dc19a69d1"
                ]
              }
            ],
            "id": "us-east-1",
            "ids": [
              "subnet-0c23ad8b50e72359f",
              "subnet-03b24b0d60ef39271"
            ],
            "tags": null,
            "timeouts": null
          },
          "sensitive_attributes": []
        }
      ]
    },
    {
      "module": "module.aft.module.aft_account_request_framework",
      "mode": "data",
      "type": "aws_subnets",
      "name": "logs",
      "provider": "module.aft.provider[\"registry.terraform.io/hashicorp/aws\"].aft_management",
      "instances": [
        {
          "index_key": 0,
          "schema_version": 0,
          "attributes": {
            "filter": [
              {
                "name": "availability-zone",
                "values": [
                  "us-east-1a",
                  "us-east-1b",
                  "us-east-1c",
                  "us-east-1d",
                  "us-east-1e",
                  "us-east-1f"
                ]
              },
              {
                "name": "subnet-id",
                "values": [
                  "subnet-03b24b0d60ef39271",
                  "subnet-0c23ad8b50e72359f"
                ]
              },
              {
                "name": "vpc-id",
                "values": [
                  "vpc-08fcfb12dc19a69d1"
                ]
              }
            ],
            "id": "us-east-1",
            "ids": [
              "subnet-0c23ad8b50e72359f",
              "subnet-03b24b0d60ef39271"
            ],
            "tags": null,
            "timeouts": null
          },
          "sensitive_attributes": []
        }
      ]
    },
    {
      "module": "module.aft.module.aft_account_request_framework",
      "mode": "data",
      "type": "aws_subnets",
      "name": "servicecatalog",
      "provider": "module.aft.provider[\"registry.terraform.io/hashicorp/aws\"].aft_management",
      "instances": [
        {
          "index_key": 0,
          "schema_version": 0,
          "attributes": {
            "filter": [
              {
                "name": "availability-zone",
                "values": [
                  "us-east-1a",
                  "us-east-1b",
                  "us-east-1c",
                  "us-east-1d",
                  "us-east-1e",
                  "us-east-1f"
                ]
              },
              {
                "name": "subnet-id",
                "values": [
                  "subnet-03b24b0d60ef39271",
                  "subnet-0c23ad8b50e72359f"
                ]
              },
              {
                "name": "vpc-id",
                "values": [
                  "vpc-08fcfb12dc19a69d1"
                ]
              }
            ],
            "id": "us-east-1",
            "ids": [
              "subnet-0c23ad8b50e72359f",
              "subnet-03b24b0d60ef39271"
            ],
            "tags": null,
            "timeouts": null
          },
          "sensitive_attributes": []
        }
      ]
    },
    {
      "module": "module.aft.module.aft_account_request_framework",
      "mode": "data",
      "type": "aws_subnets",
      "name": "sns",
      "provider": "module.aft.provider[\"registry.terraform.io/hashicorp/aws\"].aft_management",
      "instances": [
        {
          "index_key": 0,
          "schema_version": 0,
          "attributes": {
            "filter": [
              {
                "name": "availability-zone",
                "values": [
                  "us-east-1a",
                  "us-east-1b",
                  "us-east-1c",
                  "us-east-1d",
                  "us-east-1e",
                  "us-east-1f"
                ]
              },
              {
                "name": "subnet-id",
                "values": [
                  "subnet-03b24b0d60ef39271",
                  "subnet-0c23ad8b50e72359f"
                ]
              },
              {
                "name": "vpc-id",
                "values": [
                  "vpc-08fcfb12dc19a69d1"
                ]
              }
            ],
            "id": "us-east-1",
            "ids": [
              "subnet-0c23ad8b50e72359f",
              "subnet-03b24b0d60ef39271"
            ],
            "tags": null,
            "timeouts": null
          },
          "sensitive_attributes": []
        }
      ]
    },
    {
      "module": "module.aft.module.aft_account_request_framework",
      "mode": "data",
      "type": "aws_subnets",
      "name": "sqs",
      "provider": "module.aft.provider[\"registry.terraform.io/hashicorp/aws\"].aft_management",
      "instances": [
        {
          "index_key": 0,
          "schema_version": 0,
          "attributes": {
            "filter": [
              {
                "name": "availability-zone",
                "values": [
                  "us-east-1a",
                  "us-east-1b",
                  "us-east-1c",
                  "us-east-1d",
                  "us-east-1e",
                  "us-east-1f"
                ]
              },
              {
                "name": "subnet-id",
                "values": [
                  "subnet-03b24b0d60ef39271",
                  "subnet-0c23ad8b50e72359f"
                ]
              },
              {
                "name": "vpc-id",
                "values": [
                  "vpc-08fcfb12dc19a69d1"
                ]
              }
            ],
            "id": "us-east-1",
            "ids": [
              "subnet-0c23ad8b50e72359f",
              "subnet-03b24b0d60ef39271"
            ],
            "tags": null,
            "timeouts": null
          },
          "sensitive_attributes": []
        }
      ]
    },
    {
      "module": "module.aft.module.aft_account_request_framework",
      "mode": "data",
      "type": "aws_subnets",
      "name": "ssm",
      "provider": "module.aft.provider[\"registry.terraform.io/hashicorp/aws\"].aft_management",
      "instances": [
        {
          "index_key": 0,
          "schema_version": 0,
          "attributes": {
            "filter": [
              {
                "name": "availability-zone",
                "values": [
                  "us-east-1a",
                  "us-east-1b",
                  "us-east-1c",
                  "us-east-1d",
                  "us-east-1e",
                  "us-east-1f"
                ]
              },
              {
                "name": "subnet-id",
                "values": [
                  "subnet-03b24b0d60ef39271",
                  "subnet-0c23ad8b50e72359f"
                ]
              },
              {
                "name": "vpc-id",
                "values": [
                  "vpc-08fcfb12dc19a69d1"
                ]
              }
            ],
            "id": "us-east-1",
            "ids": [
              "subnet-0c23ad8b50e72359f",
              "subnet-03b24b0d60ef39271"
            ],
            "tags": null,
            "timeouts": null
          },
          "sensitive_attributes": []
        }
      ]
    },
    {
      "module": "module.aft.module.aft_account_request_framework",
      "mode": "data",
      "type": "aws_subnets",
      "name": "states",
      "provider": "module.aft.provider[\"registry.terraform.io/hashicorp/aws\"].aft_management",
      "instances": [
        {
          "index_key": 0,
          "schema_version": 0,
          "attributes": {
            "filter": [
              {
                "name": "availability-zone",
                "values": [
                  "us-east-1a",
                  "us-east-1b",
                  "us-east-1c",
                  "us-east-1d",
                  "us-east-1e",
                  "us-east-1f"
                ]
              },
              {
                "name": "subnet-id",
                "values": [
                  "subnet-03b24b0d60ef39271",
                  "subnet-0c23ad8b50e72359f"
                ]
              },
              {
                "name": "vpc-id",
                "values": [
                  "vpc-08fcfb12dc19a69d1"
                ]
              }
            ],
            "id": "us-east-1",
            "ids": [
              "subnet-0c23ad8b50e72359f",
              "subnet-03b24b0d60ef39271"
            ],
            "tags": null,
            "timeouts": null
          },
          "sensitive_attributes": []
        }
      ]
    },
    {
      "module": "module.aft.module.aft_account_request_framework",
      "mode": "data",
      "type": "aws_subnets",
      "name": "sts",
      "provider": "module.aft.provider[\"registry.terraform.io/hashicorp/aws\"].aft_management",
      "instances": [
        {
          "index_key": 0,
          "schema_version": 0,
          "attributes": {
            "filter": [
              {
                "name": "availability-zone",
                "values": [
                  "us-east-1a",
                  "us-east-1b",
                  "us-east-1c",
                  "us-east-1d",
                  "us-east-1e",
                  "us-east-1f"
                ]
              },
              {
                "name": "subnet-id",
                "values": [
                  "subnet-03b24b0d60ef39271",
                  "subnet-0c23ad8b50e72359f"
                ]
              },
              {
                "name": "vpc-id",
                "values": [
                  "vpc-08fcfb12dc19a69d1"
                ]
              }
            ],
            "id": "us-east-1",
            "ids": [
              "subnet-0c23ad8b50e72359f",
              "subnet-03b24b0d60ef39271"
            ],
            "tags": null,
            "timeouts": null
          },
          "sensitive_attributes": []
        }
      ]
    },
    {
      "module": "module.aft.module.aft_account_request_framework",
      "mode": "data",
      "type": "aws_vpc_endpoint_service",
      "name": "codebuild",
      "provider": "module.aft.provider[\"registry.terraform.io/hashicorp/aws\"].aft_management",
      "instances": [
        {
          "index_key": 0,
          "schema_version": 0,
          "attributes": {
            "acceptance_required": false,
            "arn": "arn:aws:ec2:us-east-1:211125486960:vpc-endpoint-service/vpce-svc-0c010ea6f4a2da52d",
            "availability_zones": [
              "us-east-1a",
              "us-east-1b",
              "us-east-1c",
              "us-east-1d",
              "us-east-1e",
              "us-east-1f"
            ],
            "base_endpoint_dns_names": [
              "codebuild.us-east-1.vpce.amazonaws.com"
            ],
            "filter": null,
            "id": "3342732707",
            "manages_vpc_endpoints": false,
            "owner": "amazon",
            "private_dns_name": "codebuild.us-east-1.amazonaws.com",
            "service": "codebuild",
            "service_id": "vpce-svc-0c010ea6f4a2da52d",
            "service_name": "com.amazonaws.us-east-1.codebuild",
            "service_type": "Interface",
            "supported_ip_address_types": [
              "ipv4"
            ],
            "tags": {},
            "timeouts": null,
            "vpc_endpoint_policy_supported": true
          },
          "sensitive_attributes": []
        }
      ]
    },
    {
      "module": "module.aft.module.aft_account_request_framework",
      "mode": "data",
      "type": "aws_vpc_endpoint_service",
      "name": "codecommit",
      "provider": "module.aft.provider[\"registry.terraform.io/hashicorp/aws\"].aft_management",
      "instances": [
        {
          "index_key": 0,
          "schema_version": 0,
          "attributes": {
            "acceptance_required": false,
            "arn": "arn:aws:ec2:us-east-1:211125486960:vpc-endpoint-service/vpce-svc-0a9c5028aa0a54ade",
            "availability_zones": [
              "us-east-1a",
              "us-east-1b",
              "us-east-1c",
              "us-east-1d",
              "us-east-1e",
              "us-east-1f"
            ],
            "base_endpoint_dns_names": [
              "codecommit.us-east-1.vpce.amazonaws.com"
            ],
            "filter": null,
            "id": "275794268",
            "manages_vpc_endpoints": false,
            "owner": "amazon",
            "private_dns_name": "codecommit.us-east-1.amazonaws.com",
            "service": "codecommit",
            "service_id": "vpce-svc-0a9c5028aa0a54ade",
            "service_name": "com.amazonaws.us-east-1.codecommit",
            "service_type": "Interface",
            "supported_ip_address_types": [
              "ipv4"
            ],
            "tags": {},
            "timeouts": null,
            "vpc_endpoint_policy_supported": true
          },
          "sensitive_attributes": []
        }
      ]
    },
    {
      "module": "module.aft.module.aft_account_request_framework",
      "mode": "data",
      "type": "aws_vpc_endpoint_service",
      "name": "codepipeline",
      "provider": "module.aft.provider[\"registry.terraform.io/hashicorp/aws\"].aft_management",
      "instances": [
        {
          "index_key": 0,
          "schema_version": 0,
          "attributes": {
            "acceptance_required": false,
            "arn": "arn:aws:ec2:us-east-1:211125486960:vpc-endpoint-service/vpce-svc-04aa8dd5ca62d3cec",
            "availability_zones": [
              "us-east-1a",
              "us-east-1b",
              "us-east-1c",
              "us-east-1d",
              "us-east-1e",
              "us-east-1f"
            ],
            "base_endpoint_dns_names": [
              "codepipeline.us-east-1.vpce.amazonaws.com"
            ],
            "filter": null,
            "id": "2743968634",
            "manages_vpc_endpoints": false,
            "owner": "amazon",
            "private_dns_name": "codepipeline.us-east-1.amazonaws.com",
            "service": "codepipeline",
            "service_id": "vpce-svc-04aa8dd5ca62d3cec",
            "service_name": "com.amazonaws.us-east-1.codepipeline",
            "service_type": "Interface",
            "supported_ip_address_types": [
              "ipv4"
            ],
            "tags": {},
            "timeouts": null,
            "vpc_endpoint_policy_supported": false
          },
          "sensitive_attributes": []
        }
      ]
    },
    {
      "module": "module.aft.module.aft_account_request_framework",
      "mode": "data",
      "type": "aws_vpc_endpoint_service",
      "name": "events",
      "provider": "module.aft.provider[\"registry.terraform.io/hashicorp/aws\"].aft_management",
      "instances": [
        {
          "index_key": 0,
          "schema_version": 0,
          "attributes": {
            "acceptance_required": false,
            "arn": "arn:aws:ec2:us-east-1:211125486960:vpc-endpoint-service/vpce-svc-0091001f6a6fb58d2",
            "availability_zones": [
              "us-east-1a",
              "us-east-1b",
              "us-east-1c",
              "us-east-1d",
              "us-east-1e",
              "us-east-1f"
            ],
            "base_endpoint_dns_names": [
              "events.us-east-1.vpce.amazonaws.com"
            ],
            "filter": null,
            "id": "412716965",
            "manages_vpc_endpoints": false,
            "owner": "amazon",
            "private_dns_name": "events.us-east-1.amazonaws.com",
            "service": "events",
            "service_id": "vpce-svc-0091001f6a6fb58d2",
            "service_name": "com.amazonaws.us-east-1.events",
            "service_type": "Interface",
            "supported_ip_address_types": [
              "ipv4"
            ],
            "tags": {},
            "timeouts": null,
            "vpc_endpoint_policy_supported": true
          },
          "sensitive_attributes": []
        }
      ]
    },
    {
      "module": "module.aft.module.aft_account_request_framework",
      "mode": "data",
      "type": "aws_vpc_endpoint_service",
      "name": "git-codecommit",
      "provider": "module.aft.provider[\"registry.terraform.io/hashicorp/aws\"].aft_management",
      "instances": [
        {
          "index_key": 0,
          "schema_version": 0,
          "attributes": {
            "acceptance_required": false,
            "arn": "arn:aws:ec2:us-east-1:211125486960:vpc-endpoint-service/vpce-svc-09bd365a6e7143038",
            "availability_zones": [
              "us-east-1a",
              "us-east-1b",
              "us-east-1c",
              "us-east-1d",
              "us-east-1e",
              "us-east-1f"
            ],
            "base_endpoint_dns_names": [
              "git-codecommit.us-east-1.vpce.amazonaws.com"
            ],
            "filter": null,
            "id": "3298375572",
            "manages_vpc_endpoints": false,
            "owner": "amazon",
            "private_dns_name": "git-codecommit.us-east-1.amazonaws.com",
            "service": "git-codecommit",
            "service_id": "vpce-svc-09bd365a6e7143038",
            "service_name": "com.amazonaws.us-east-1.git-codecommit",
            "service_type": "Interface",
            "supported_ip_address_types": [
              "ipv4"
            ],
            "tags": {},
            "timeouts": null,
            "vpc_endpoint_policy_supported": true
          },
          "sensitive_attributes": []
        }
      ]
    },
    {
      "module": "module.aft.module.aft_account_request_framework",
      "mode": "data",
      "type": "aws_vpc_endpoint_service",
      "name": "kms",
      "provider": "module.aft.provider[\"registry.terraform.io/hashicorp/aws\"].aft_management",
      "instances": [
        {
          "index_key": 0,
          "schema_version": 0,
          "attributes": {
            "acceptance_required": false,
            "arn": "arn:aws:ec2:us-east-1:211125486960:vpc-endpoint-service/vpce-svc-06e89c5fa1e953a07",
            "availability_zones": [
              "us-east-1a",
              "us-east-1b",
              "us-east-1c",
              "us-east-1d",
              "us-east-1e",
              "us-east-1f"
            ],
            "base_endpoint_dns_names": [
              "kms.us-east-1.vpce.amazonaws.com"
            ],
            "filter": null,
            "id": "140981279",
            "manages_vpc_endpoints": false,
            "owner": "amazon",
            "private_dns_name": "kms.us-east-1.amazonaws.com",
            "service": "kms",
            "service_id": "vpce-svc-06e89c5fa1e953a07",
            "service_name": "com.amazonaws.us-east-1.kms",
            "service_type": "Interface",
            "supported_ip_address_types": [
              "ipv4"
            ],
            "tags": {},
            "timeouts": null,
            "vpc_endpoint_policy_supported": true
          },
          "sensitive_attributes": []
        }
      ]
    },
    {
      "module": "module.aft.module.aft_account_request_framework",
      "mode": "data",
      "type": "aws_vpc_endpoint_service",
      "name": "lambda",
      "provider": "module.aft.provider[\"registry.terraform.io/hashicorp/aws\"].aft_management",
      "instances": [
        {
          "index_key": 0,
          "schema_version": 0,
          "attributes": {
            "acceptance_required": false,
            "arn": "arn:aws:ec2:us-east-1:211125486960:vpc-endpoint-service/vpce-svc-007affa8f59bca6a2",
            "availability_zones": [
              "us-east-1a",
              "us-east-1b",
              "us-east-1c",
              "us-east-1d",
              "us-east-1e",
              "us-east-1f"
            ],
            "base_endpoint_dns_names": [
              "lambda.us-east-1.vpce.amazonaws.com"
            ],
            "filter": null,
            "id": "2558732141",
            "manages_vpc_endpoints": false,
            "owner": "amazon",
            "private_dns_name": "lambda.us-east-1.amazonaws.com",
            "service": "lambda",
            "service_id": "vpce-svc-007affa8f59bca6a2",
            "service_name": "com.amazonaws.us-east-1.lambda",
            "service_type": "Interface",
            "supported_ip_address_types": [
              "ipv4"
            ],
            "tags": {},
            "timeouts": null,
            "vpc_endpoint_policy_supported": true
          },
          "sensitive_attributes": []
        }
      ]
    },
    {
      "module": "module.aft.module.aft_account_request_framework",
      "mode": "data",
      "type": "aws_vpc_endpoint_service",
      "name": "logs",
      "provider": "module.aft.provider[\"registry.terraform.io/hashicorp/aws\"].aft_management",
      "instances": [
        {
          "index_key": 0,
          "schema_version": 0,
          "attributes": {
            "acceptance_required": false,
            "arn": "arn:aws:ec2:us-east-1:211125486960:vpc-endpoint-service/vpce-svc-01b9c19d13faf4f62",
            "availability_zones": [
              "us-east-1a",
              "us-east-1b",
              "us-east-1c",
              "us-east-1d",
              "us-east-1e",
              "us-east-1f"
            ],
            "base_endpoint_dns_names": [
              "logs.us-east-1.vpce.amazonaws.com"
            ],
            "filter": null,
            "id": "653499976",
            "manages_vpc_endpoints": false,
            "owner": "amazon",
            "private_dns_name": "logs.us-east-1.amazonaws.com",
            "service": "logs",
            "service_id": "vpce-svc-01b9c19d13faf4f62",
            "service_name": "com.amazonaws.us-east-1.logs",
            "service_type": "Interface",
            "supported_ip_address_types": [
              "ipv4"
            ],
            "tags": {},
            "timeouts": null,
            "vpc_endpoint_policy_supported": true
          },
          "sensitive_attributes": []
        }
      ]
    },
    {
      "module": "module.aft.module.aft_account_request_framework",
      "mode": "data",
      "type": "aws_vpc_endpoint_service",
      "name": "servicecatalog",
      "provider": "module.aft.provider[\"registry.terraform.io/hashicorp/aws\"].aft_management",
      "instances": [
        {
          "index_key": 0,
          "schema_version": 0,
          "attributes": {
            "acceptance_required": false,
            "arn": "arn:aws:ec2:us-east-1:211125486960:vpc-endpoint-service/vpce-svc-03eb0a5a402ac19a7",
            "availability_zones": [
              "us-east-1a",
              "us-east-1b",
              "us-east-1c",
              "us-east-1d",
              "us-east-1e",
              "us-east-1f"
            ],
            "base_endpoint_dns_names": [
              "servicecatalog.us-east-1.vpce.amazonaws.com"
            ],
            "filter": null,
            "id": "150708398",
            "manages_vpc_endpoints": false,
            "owner": "amazon",
            "private_dns_name": "servicecatalog.us-east-1.amazonaws.com",
            "service": "servicecatalog",
            "service_id": "vpce-svc-03eb0a5a402ac19a7",
            "service_name": "com.amazonaws.us-east-1.servicecatalog",
            "service_type": "Interface",
            "supported_ip_address_types": [
              "ipv4"
            ],
            "tags": {},
            "timeouts": null,
            "vpc_endpoint_policy_supported": true
          },
          "sensitive_attributes": []
        }
      ]
    },
    {
      "module": "module.aft.module.aft_account_request_framework",
      "mode": "data",
      "type": "aws_vpc_endpoint_service",
      "name": "sns",
      "provider": "module.aft.provider[\"registry.terraform.io/hashicorp/aws\"].aft_management",
      "instances": [
        {
          "index_key": 0,
          "schema_version": 0,
          "attributes": {
            "acceptance_required": false,
            "arn": "arn:aws:ec2:us-east-1:211125486960:vpc-endpoint-service/vpce-svc-028a2c04717c9c5b1",
            "availability_zones": [
              "us-east-1a",
              "us-east-1b",
              "us-east-1c",
              "us-east-1d",
              "us-east-1e",
              "us-east-1f"
            ],
            "base_endpoint_dns_names": [
              "sns.us-east-1.vpce.amazonaws.com"
            ],
            "filter": null,
            "id": "830444820",
            "manages_vpc_endpoints": false,
            "owner": "amazon",
            "private_dns_name": "sns.us-east-1.amazonaws.com",
            "service": "sns",
            "service_id": "vpce-svc-028a2c04717c9c5b1",
            "service_name": "com.amazonaws.us-east-1.sns",
            "service_type": "Interface",
            "supported_ip_address_types": [
              "ipv4"
            ],
            "tags": {},
            "timeouts": null,
            "vpc_endpoint_policy_supported": true
          },
          "sensitive_attributes": []
        }
      ]
    },
    {
      "module": "module.aft.module.aft_account_request_framework",
      "mode": "data",
      "type": "aws_vpc_endpoint_service",
      "name": "sqs",
      "provider": "module.aft.provider[\"registry.terraform.io/hashicorp/aws\"].aft_management",
      "instances": [
        {
          "index_key": 0,
          "schema_version": 0,
          "attributes": {
            "acceptance_required": false,
            "arn": "arn:aws:ec2:us-east-1:211125486960:vpc-endpoint-service/vpce-svc-021f0798aee080d82",
            "availability_zones": [
              "us-east-1a",
              "us-east-1b",
              "us-east-1c",
              "us-east-1d",
              "us-east-1e",
              "us-east-1f"
            ],
            "base_endpoint_dns_names": [
              "sqs.us-east-1.vpce.amazonaws.com"
            ],
            "filter": null,
            "id": "4230323082",
            "manages_vpc_endpoints": false,
            "owner": "amazon",
            "private_dns_name": "sqs.us-east-1.amazonaws.com",
            "service": "sqs",
            "service_id": "vpce-svc-021f0798aee080d82",
            "service_name": "com.amazonaws.us-east-1.sqs",
            "service_type": "Interface",
            "supported_ip_address_types": [
              "ipv4"
            ],
            "tags": {},
            "timeouts": null,
            "vpc_endpoint_policy_supported": true
          },
          "sensitive_attributes": []
        }
      ]
    },
    {
      "module": "module.aft.module.aft_account_request_framework",
      "mode": "data",
      "type": "aws_vpc_endpoint_service",
      "name": "ssm",
      "provider": "module.aft.provider[\"registry.terraform.io/hashicorp/aws\"].aft_management",
      "instances": [
        {
          "index_key": 0,
          "schema_version": 0,
          "attributes": {
            "acceptance_required": false,
            "arn": "arn:aws:ec2:us-east-1:211125486960:vpc-endpoint-service/vpce-svc-0830e78121d7f5a46",
            "availability_zones": [
              "us-east-1a",
              "us-east-1b",
              "us-east-1c",
              "us-east-1d",
              "us-east-1e",
              "us-east-1f"
            ],
            "base_endpoint_dns_names": [
              "ssm.us-east-1.vpce.amazonaws.com"
            ],
            "filter": null,
            "id": "874300523",
            "manages_vpc_endpoints": false,
            "owner": "amazon",
            "private_dns_name": "ssm.us-east-1.amazonaws.com",
            "service": "ssm",
            "service_id": "vpce-svc-0830e78121d7f5a46",
            "service_name": "com.amazonaws.us-east-1.ssm",
            "service_type": "Interface",
            "supported_ip_address_types": [
              "ipv4"
            ],
            "tags": {},
            "timeouts": null,
            "vpc_endpoint_policy_supported": true
          },
          "sensitive_attributes": []
        }
      ]
    },
    {
      "module": "module.aft.module.aft_account_request_framework",
      "mode": "data",
      "type": "aws_vpc_endpoint_service",
      "name": "states",
      "provider": "module.aft.provider[\"registry.terraform.io/hashicorp/aws\"].aft_management",
      "instances": [
        {
          "index_key": 0,
          "schema_version": 0,
          "attributes": {
            "acceptance_required": false,
            "arn": "arn:aws:ec2:us-east-1:211125486960:vpc-endpoint-service/vpce-svc-0a9e455f2fc8c61a6",
            "availability_zones": [
              "us-east-1a",
              "us-east-1b",
              "us-east-1c",
              "us-east-1d",
              "us-east-1e",
              "us-east-1f"
            ],
            "base_endpoint_dns_names": [
              "states.us-east-1.vpce.amazonaws.com"
            ],
            "filter": null,
            "id": "2061283234",
            "manages_vpc_endpoints": false,
            "owner": "amazon",
            "private_dns_name": "states.us-east-1.amazonaws.com",
            "service": "states",
            "service_id": "vpce-svc-0a9e455f2fc8c61a6",
            "service_name": "com.amazonaws.us-east-1.states",
            "service_type": "Interface",
            "supported_ip_address_types": [
              "ipv4"
            ],
            "tags": {},
            "timeouts": null,
            "vpc_endpoint_policy_supported": true
          },
          "sensitive_attributes": []
        }
      ]
    },
    {
      "module": "module.aft.module.aft_account_request_framework",
      "mode": "data",
      "type": "aws_vpc_endpoint_service",
      "name": "sts",
      "provider": "module.aft.provider[\"registry.terraform.io/hashicorp/aws\"].aft_management",
      "instances": [
        {
          "index_key": 0,
          "schema_version": 0,
          "attributes": {
            "acceptance_required": false,
            "arn": "arn:aws:ec2:us-east-1:211125486960:vpc-endpoint-service/vpce-svc-0fea2b65f0eeb838b",
            "availability_zones": [
              "us-east-1a",
              "us-east-1b",
              "us-east-1c",
              "us-east-1d",
              "us-east-1e",
              "us-east-1f"
            ],
            "base_endpoint_dns_names": [
              "sts.us-east-1.vpce.amazonaws.com"
            ],
            "filter": null,
            "id": "2169663439",
            "manages_vpc_endpoints": false,
            "owner": "amazon",
            "private_dns_name": "sts.us-east-1.amazonaws.com",
            "service": "sts",
            "service_id": "vpce-svc-0fea2b65f0eeb838b",
            "service_name": "com.amazonaws.us-east-1.sts",
            "service_type": "Interface",
            "supported_ip_address_types": [
              "ipv4"
            ],
            "tags": {},
            "timeouts": null,
            "vpc_endpoint_policy_supported": true
          },
          "sensitive_attributes": []
        }
      ]
    },
    {
      "module": "module.aft.module.aft_account_request_framework",
      "mode": "managed",
      "type": "aws_cloudwatch_event_rule",
      "name": "aft_account_request_processor",
      "provider": "module.aft.provider[\"registry.terraform.io/hashicorp/aws\"].aft_management",
      "instances": [
        {
          "schema_version": 1,
          "attributes": {
            "arn": "arn:aws:events:us-east-1:211125486960:rule/aft-lambda-account-request-processor",
            "description": "Trigger Lambda",
            "event_bus_name": "default",
            "event_pattern": null,
            "id": "aft-lambda-account-request-processor",
            "is_enabled": true,
            "name": "aft-lambda-account-request-processor",
            "name_prefix": "",
            "role_arn": "",
            "schedule_expression": "rate(5 minutes)",
            "state": "ENABLED",
            "tags": null,
            "tags_all": {
              "managed_by": "AFT"
            }
          },
          "sensitive_attributes": [],
          "private": "eyJzY2hlbWFfdmVyc2lvbiI6IjEifQ==",
          "dependencies": [
            "module.aft.data.aws_partition.current"
          ]
        }
      ]
    },
    {
      "module": "module.aft.module.aft_account_request_framework",
      "mode": "managed",
      "type": "aws_cloudwatch_event_rule",
      "name": "aft_control_tower_events",
      "provider": "module.aft.provider[\"registry.terraform.io/hashicorp/aws\"].ct_management",
      "instances": [
        {
          "schema_version": 1,
          "attributes": {
            "arn": "arn:aws:events:us-east-1:891377115604:rule/aft-capture-ct-events",
            "description": "Capture ControlTower events",
            "event_bus_name": "default",
            "event_pattern": "{\"detail\":{\"eventName\":[\"CreateManagedAccount\",\"UpdateManagedAccount\"]},\"detail-type\":[\"AWS Service Event via CloudTrail\"],\"source\":[\"aws.controltower\"]}",
            "id": "aft-capture-ct-events",
            "is_enabled": true,
            "name": "aft-capture-ct-events",
            "name_prefix": "",
            "role_arn": "",
            "schedule_expression": "",
            "state": "ENABLED",
            "tags": null,
            "tags_all": {
              "managed_by": "AFT"
            }
          },
          "sensitive_attributes": [],
          "private": "eyJzY2hlbWFfdmVyc2lvbiI6IjEifQ=="
        }
      ]
    },
    {
      "module": "module.aft.module.aft_account_request_framework",
      "mode": "managed",
      "type": "aws_default_security_group",
      "name": "aft_vpc_default_sg",
      "provider": "module.aft.provider[\"registry.terraform.io/hashicorp/aws\"].aft_management",
      "instances": [
        {
          "index_key": 0,
          "schema_version": 1,
          "attributes": {
            "arn": "arn:aws:ec2:us-east-1:211125486960:security-group/sg-021f718514bd4bb92",
            "description": "default VPC security group",
            "egress": [],
            "id": "sg-021f718514bd4bb92",
            "ingress": [],
            "name": "default",
            "name_prefix": "",
            "owner_id": "211125486960",
            "revoke_rules_on_delete": false,
            "tags": {
              "Name": "aft-vpc-default-sg"
            },
            "tags_all": {
              "Name": "aft-vpc-default-sg",
              "managed_by": "AFT"
            },
            "vpc_id": "vpc-08fcfb12dc19a69d1"
          },
          "sensitive_attributes": [],
          "private": "eyJzY2hlbWFfdmVyc2lvbiI6IjEifQ==",
          "dependencies": [
            "module.aft.data.aws_partition.current",
            "module.aft.module.aft_account_request_framework.aws_vpc.aft_vpc"
          ]
        }
      ]
    },
    {
      "module": "module.aft.module.aft_account_request_framework",
      "mode": "managed",
      "type": "aws_eip",
      "name": "aft-vpc-natgw-01",
      "provider": "module.aft.provider[\"registry.terraform.io/hashicorp/aws\"].aft_management",
      "instances": [
        {
          "index_key": 0,
          "schema_version": 0,
          "attributes": {
            "address": null,
            "allocation_id": "eipalloc-0630da4322c6f567b",
            "associate_with_private_ip": null,
            "association_id": "",
            "carrier_ip": "",
            "customer_owned_ip": "",
            "customer_owned_ipv4_pool": "",
            "domain": "vpc",
            "id": "eipalloc-0630da4322c6f567b",
            "instance": "",
            "network_border_group": "us-east-1",
            "network_interface": "",
            "private_dns": null,
            "private_ip": "",
            "public_dns": "ec2-52-1-205-151.compute-1.amazonaws.com",
            "public_ip": "52.1.205.151",
            "public_ipv4_pool": "amazon",
            "tags": null,
            "tags_all": {
              "managed_by": "AFT"
            },
            "timeouts": null,
            "vpc": true
          },
          "sensitive_attributes": [],
          "private": "eyJlMmJmYjczMC1lY2FhLTExZTYtOGY4OC0zNDM2M2JjN2M0YzAiOnsiZGVsZXRlIjoxODAwMDAwMDAwMDAsInJlYWQiOjkwMDAwMDAwMDAwMCwidXBkYXRlIjozMDAwMDAwMDAwMDB9fQ==",
          "dependencies": [
            "module.aft.data.aws_partition.current"
          ]
        }
      ]
    },
    {
      "module": "module.aft.module.aft_account_request_framework",
      "mode": "managed",
      "type": "aws_eip",
      "name": "aft-vpc-natgw-02",
      "provider": "module.aft.provider[\"registry.terraform.io/hashicorp/aws\"].aft_management",
      "instances": [
        {
          "index_key": 0,
          "schema_version": 0,
          "attributes": {
            "address": null,
            "allocation_id": "eipalloc-0379b92e21a260fe1",
            "associate_with_private_ip": null,
            "association_id": "",
            "carrier_ip": "",
            "customer_owned_ip": "",
            "customer_owned_ipv4_pool": "",
            "domain": "vpc",
            "id": "eipalloc-0379b92e21a260fe1",
            "instance": "",
            "network_border_group": "us-east-1",
            "network_interface": "",
            "private_dns": null,
            "private_ip": "",
            "public_dns": "ec2-52-204-183-97.compute-1.amazonaws.com",
            "public_ip": "52.204.183.97",
            "public_ipv4_pool": "amazon",
            "tags": null,
            "tags_all": {
              "managed_by": "AFT"
            },
            "timeouts": null,
            "vpc": true
          },
          "sensitive_attributes": [],
          "private": "eyJlMmJmYjczMC1lY2FhLTExZTYtOGY4OC0zNDM2M2JjN2M0YzAiOnsiZGVsZXRlIjoxODAwMDAwMDAwMDAsInJlYWQiOjkwMDAwMDAwMDAwMCwidXBkYXRlIjozMDAwMDAwMDAwMDB9fQ==",
          "dependencies": [
            "module.aft.data.aws_partition.current"
          ]
        }
      ]
    },
    {
      "module": "module.aft.module.aft_account_request_framework",
      "mode": "managed",
      "type": "aws_internet_gateway",
      "name": "aft-vpc-igw",
      "provider": "module.aft.provider[\"registry.terraform.io/hashicorp/aws\"].aft_management",
      "instances": [
        {
          "index_key": 0,
          "schema_version": 0,
          "attributes": {
            "arn": "arn:aws:ec2:us-east-1:211125486960:internet-gateway/igw-0c8c42ad87c7fd7f1",
            "id": "igw-0c8c42ad87c7fd7f1",
            "owner_id": "211125486960",
            "tags": {
              "Name": "aft-vpc-igw"
            },
            "tags_all": {
              "Name": "aft-vpc-igw",
              "managed_by": "AFT"
            },
            "timeouts": null,
            "vpc_id": "vpc-08fcfb12dc19a69d1"
          },
          "sensitive_attributes": [],
          "private": "eyJlMmJmYjczMC1lY2FhLTExZTYtOGY4OC0zNDM2M2JjN2M0YzAiOnsiY3JlYXRlIjoxMjAwMDAwMDAwMDAwLCJkZWxldGUiOjEyMDAwMDAwMDAwMDAsInVwZGF0ZSI6MTIwMDAwMDAwMDAwMH19",
          "dependencies": [
            "module.aft.data.aws_partition.current",
            "module.aft.module.aft_account_request_framework.aws_vpc.aft_vpc"
          ]
        }
      ]
    },
    {
      "module": "module.aft.module.aft_account_request_framework",
      "mode": "managed",
      "type": "aws_kms_key",
      "name": "aft",
      "provider": "module.aft.provider[\"registry.terraform.io/hashicorp/aws\"].aft_management",
      "instances": [
        {
          "schema_version": 0,
          "attributes": {
            "arn": "arn:aws:kms:us-east-1:211125486960:key/f2738a9e-87e4-4d50-8d7e-c30623d4b16a",
            "bypass_policy_lockout_safety_check": false,
            "custom_key_store_id": "",
            "customer_master_key_spec": "SYMMETRIC_DEFAULT",
            "deletion_window_in_days": null,
            "description": "AFT KMS key",
            "enable_key_rotation": true,
            "id": "f2738a9e-87e4-4d50-8d7e-c30623d4b16a",
            "is_enabled": true,
            "key_id": "f2738a9e-87e4-4d50-8d7e-c30623d4b16a",
            "key_usage": "ENCRYPT_DECRYPT",
            "multi_region": false,
            "policy": "{\"Id\":\"key-default-1\",\"Statement\":[{\"Action\":\"kms:*\",\"Effect\":\"Allow\",\"Principal\":{\"AWS\":\"arn:aws:iam::211125486960:root\"},\"Resource\":\"*\",\"Sid\":\"Enable IAM User Permissions\"}],\"Version\":\"2012-10-17\"}",
            "tags": null,
            "tags_all": {
              "managed_by": "AFT"
            },
            "timeouts": null,
            "xks_key_id": ""
          },
          "sensitive_attributes": [],
          "private": "eyJlMmJmYjczMC1lY2FhLTExZTYtOGY4OC0zNDM2M2JjN2M0YzAiOnsiY3JlYXRlIjoxMjAwMDAwMDAwMDB9fQ==",
          "dependencies": [
            "module.aft.data.aws_partition.current"
          ],
          "create_before_destroy": true
        }
      ]
    },
    {
      "module": "module.aft.module.aft_account_request_framework",
      "mode": "managed",
      "type": "aws_nat_gateway",
      "name": "aft-vpc-natgw-01",
      "provider": "module.aft.provider[\"registry.terraform.io/hashicorp/aws\"].aft_management",
      "instances": [
        {
          "index_key": 0,
          "schema_version": 0,
          "attributes": {
            "allocation_id": "eipalloc-0630da4322c6f567b",
            "association_id": "eipassoc-05f22177cfd626667",
            "connectivity_type": "public",
            "id": "nat-032e0c97b4ff74d0a",
            "network_interface_id": "eni-0cd6da5a7e4223fb3",
            "private_ip": "192.168.2.45",
            "public_ip": "52.1.205.151",
            "secondary_allocation_ids": null,
            "secondary_private_ip_address_count": 0,
            "secondary_private_ip_addresses": [],
            "subnet_id": "subnet-0de9a3fbcbcb67f32",
            "tags": {
              "Name": "aft-vpc-natgw-01"
            },
            "tags_all": {
              "Name": "aft-vpc-natgw-01",
              "managed_by": "AFT"
            },
            "timeouts": null
          },
          "sensitive_attributes": [],
          "private": "eyJlMmJmYjczMC1lY2FhLTExZTYtOGY4OC0zNDM2M2JjN2M0YzAiOnsiY3JlYXRlIjo2MDAwMDAwMDAwMDAsImRlbGV0ZSI6MTgwMDAwMDAwMDAwMCwidXBkYXRlIjo2MDAwMDAwMDAwMDB9fQ==",
          "dependencies": [
            "module.aft.data.aws_partition.current",
            "module.aft.module.aft_account_request_framework.aws_eip.aft-vpc-natgw-01",
            "module.aft.module.aft_account_request_framework.aws_internet_gateway.aft-vpc-igw",
            "module.aft.module.aft_account_request_framework.aws_subnet.aft_vpc_public_subnet_01",
            "module.aft.module.aft_account_request_framework.aws_vpc.aft_vpc",
            "module.aft.module.aft_account_request_framework.data.aws_availability_zones.available"
          ]
        }
      ]
    },
    {
      "module": "module.aft.module.aft_account_request_framework",
      "mode": "managed",
      "type": "aws_nat_gateway",
      "name": "aft-vpc-natgw-02",
      "provider": "module.aft.provider[\"registry.terraform.io/hashicorp/aws\"].aft_management",
      "instances": [
        {
          "index_key": 0,
          "schema_version": 0,
          "attributes": {
            "allocation_id": "eipalloc-0379b92e21a260fe1",
            "association_id": "eipassoc-09c7782ec3d0f0813",
            "connectivity_type": "public",
            "id": "nat-034d5d679b766ffd9",
            "network_interface_id": "eni-0eeaa32e6a98d0ded",
            "private_ip": "192.168.2.159",
            "public_ip": "52.204.183.97",
            "secondary_allocation_ids": null,
            "secondary_private_ip_address_count": 0,
            "secondary_private_ip_addresses": [],
            "subnet_id": "subnet-0a253610ce09ba43e",
            "tags": {
              "Name": "aft-vpc-natgw-02"
            },
            "tags_all": {
              "Name": "aft-vpc-natgw-02",
              "managed_by": "AFT"
            },
            "timeouts": null
          },
          "sensitive_attributes": [],
          "private": "eyJlMmJmYjczMC1lY2FhLTExZTYtOGY4OC0zNDM2M2JjN2M0YzAiOnsiY3JlYXRlIjo2MDAwMDAwMDAwMDAsImRlbGV0ZSI6MTgwMDAwMDAwMDAwMCwidXBkYXRlIjo2MDAwMDAwMDAwMDB9fQ==",
          "dependencies": [
            "module.aft.data.aws_partition.current",
            "module.aft.module.aft_account_request_framework.aws_eip.aft-vpc-natgw-02",
            "module.aft.module.aft_account_request_framework.aws_internet_gateway.aft-vpc-igw",
            "module.aft.module.aft_account_request_framework.aws_subnet.aft_vpc_public_subnet_02",
            "module.aft.module.aft_account_request_framework.aws_vpc.aft_vpc",
            "module.aft.module.aft_account_request_framework.data.aws_availability_zones.available"
          ]
        }
      ]
    },
    {
      "module": "module.aft.module.aft_account_request_framework",
      "mode": "managed",
      "type": "aws_route_table",
      "name": "aft_vpc_private_subnet_01",
      "provider": "module.aft.provider[\"registry.terraform.io/hashicorp/aws\"].aft_management",
      "instances": [
        {
          "index_key": 0,
          "schema_version": 0,
          "attributes": {
            "arn": "arn:aws:ec2:us-east-1:211125486960:route-table/rtb-056daa9294c0ea540",
            "id": "rtb-056daa9294c0ea540",
            "owner_id": "211125486960",
            "propagating_vgws": [],
            "route": [
              {
                "carrier_gateway_id": "",
                "cidr_block": "0.0.0.0/0",
                "core_network_arn": "",
                "destination_prefix_list_id": "",
                "egress_only_gateway_id": "",
                "gateway_id": "",
                "ipv6_cidr_block": "",
                "local_gateway_id": "",
                "nat_gateway_id": "nat-032e0c97b4ff74d0a",
                "network_interface_id": "",
                "transit_gateway_id": "",
                "vpc_endpoint_id": "",
                "vpc_peering_connection_id": ""
              }
            ],
            "tags": {
              "Name": "aft-vpc-private-subnet-01"
            },
            "tags_all": {
              "Name": "aft-vpc-private-subnet-01",
              "managed_by": "AFT"
            },
            "timeouts": null,
            "vpc_id": "vpc-08fcfb12dc19a69d1"
          },
          "sensitive_attributes": [],
          "private": "eyJlMmJmYjczMC1lY2FhLTExZTYtOGY4OC0zNDM2M2JjN2M0YzAiOnsiY3JlYXRlIjozMDAwMDAwMDAwMDAsImRlbGV0ZSI6MzAwMDAwMDAwMDAwLCJ1cGRhdGUiOjEyMDAwMDAwMDAwMH19",
          "dependencies": [
            "module.aft.data.aws_partition.current",
            "module.aft.module.aft_account_request_framework.aws_eip.aft-vpc-natgw-01",
            "module.aft.module.aft_account_request_framework.aws_internet_gateway.aft-vpc-igw",
            "module.aft.module.aft_account_request_framework.aws_nat_gateway.aft-vpc-natgw-01",
            "module.aft.module.aft_account_request_framework.aws_subnet.aft_vpc_public_subnet_01",
            "module.aft.module.aft_account_request_framework.aws_vpc.aft_vpc",
            "module.aft.module.aft_account_request_framework.data.aws_availability_zones.available"
          ]
        }
      ]
    },
    {
      "module": "module.aft.module.aft_account_request_framework",
      "mode": "managed",
      "type": "aws_route_table",
      "name": "aft_vpc_private_subnet_02",
      "provider": "module.aft.provider[\"registry.terraform.io/hashicorp/aws\"].aft_management",
      "instances": [
        {
          "index_key": 0,
          "schema_version": 0,
          "attributes": {
            "arn": "arn:aws:ec2:us-east-1:211125486960:route-table/rtb-08f9619b459d3e519",
            "id": "rtb-08f9619b459d3e519",
            "owner_id": "211125486960",
            "propagating_vgws": [],
            "route": [
              {
                "carrier_gateway_id": "",
                "cidr_block": "0.0.0.0/0",
                "core_network_arn": "",
                "destination_prefix_list_id": "",
                "egress_only_gateway_id": "",
                "gateway_id": "",
                "ipv6_cidr_block": "",
                "local_gateway_id": "",
                "nat_gateway_id": "nat-034d5d679b766ffd9",
                "network_interface_id": "",
                "transit_gateway_id": "",
                "vpc_endpoint_id": "",
                "vpc_peering_connection_id": ""
              }
            ],
            "tags": {
              "Name": "aft-vpc-private-subnet-02"
            },
            "tags_all": {
              "Name": "aft-vpc-private-subnet-02",
              "managed_by": "AFT"
            },
            "timeouts": null,
            "vpc_id": "vpc-08fcfb12dc19a69d1"
          },
          "sensitive_attributes": [],
          "private": "eyJlMmJmYjczMC1lY2FhLTExZTYtOGY4OC0zNDM2M2JjN2M0YzAiOnsiY3JlYXRlIjozMDAwMDAwMDAwMDAsImRlbGV0ZSI6MzAwMDAwMDAwMDAwLCJ1cGRhdGUiOjEyMDAwMDAwMDAwMH19",
          "dependencies": [
            "module.aft.data.aws_partition.current",
            "module.aft.module.aft_account_request_framework.aws_eip.aft-vpc-natgw-02",
            "module.aft.module.aft_account_request_framework.aws_internet_gateway.aft-vpc-igw",
            "module.aft.module.aft_account_request_framework.aws_nat_gateway.aft-vpc-natgw-02",
            "module.aft.module.aft_account_request_framework.aws_subnet.aft_vpc_public_subnet_02",
            "module.aft.module.aft_account_request_framework.aws_vpc.aft_vpc",
            "module.aft.module.aft_account_request_framework.data.aws_availability_zones.available"
          ]
        }
      ]
    },
    {
      "module": "module.aft.module.aft_account_request_framework",
      "mode": "managed",
      "type": "aws_route_table",
      "name": "aft_vpc_public_subnet_01",
      "provider": "module.aft.provider[\"registry.terraform.io/hashicorp/aws\"].aft_management",
      "instances": [
        {
          "index_key": 0,
          "schema_version": 0,
          "attributes": {
            "arn": "arn:aws:ec2:us-east-1:211125486960:route-table/rtb-04b8cf07c8c240795",
            "id": "rtb-04b8cf07c8c240795",
            "owner_id": "211125486960",
            "propagating_vgws": [],
            "route": [
              {
                "carrier_gateway_id": "",
                "cidr_block": "0.0.0.0/0",
                "core_network_arn": "",
                "destination_prefix_list_id": "",
                "egress_only_gateway_id": "",
                "gateway_id": "igw-0c8c42ad87c7fd7f1",
                "ipv6_cidr_block": "",
                "local_gateway_id": "",
                "nat_gateway_id": "",
                "network_interface_id": "",
                "transit_gateway_id": "",
                "vpc_endpoint_id": "",
                "vpc_peering_connection_id": ""
              }
            ],
            "tags": {
              "Name": "aft-vpc-public-subnet-01"
            },
            "tags_all": {
              "Name": "aft-vpc-public-subnet-01",
              "managed_by": "AFT"
            },
            "timeouts": null,
            "vpc_id": "vpc-08fcfb12dc19a69d1"
          },
          "sensitive_attributes": [],
          "private": "eyJlMmJmYjczMC1lY2FhLTExZTYtOGY4OC0zNDM2M2JjN2M0YzAiOnsiY3JlYXRlIjozMDAwMDAwMDAwMDAsImRlbGV0ZSI6MzAwMDAwMDAwMDAwLCJ1cGRhdGUiOjEyMDAwMDAwMDAwMH19",
          "dependencies": [
            "module.aft.data.aws_partition.current",
            "module.aft.module.aft_account_request_framework.aws_internet_gateway.aft-vpc-igw",
            "module.aft.module.aft_account_request_framework.aws_vpc.aft_vpc"
          ]
        }
      ]
    },
    {
      "module": "module.aft.module.aft_account_request_framework",
      "mode": "managed",
      "type": "aws_route_table_association",
      "name": "aft_vpc_private_subnet_01",
      "provider": "module.aft.provider[\"registry.terraform.io/hashicorp/aws\"].aft_management",
      "instances": [
        {
          "index_key": 0,
          "schema_version": 0,
          "attributes": {
            "gateway_id": "",
            "id": "rtbassoc-0fc01265feaf66dbf",
            "route_table_id": "rtb-056daa9294c0ea540",
            "subnet_id": "subnet-03b24b0d60ef39271",
            "timeouts": null
          },
          "sensitive_attributes": [],
          "private": "eyJlMmJmYjczMC1lY2FhLTExZTYtOGY4OC0zNDM2M2JjN2M0YzAiOnsiY3JlYXRlIjozMDAwMDAwMDAwMDAsImRlbGV0ZSI6MzAwMDAwMDAwMDAwLCJ1cGRhdGUiOjEyMDAwMDAwMDAwMH19",
          "dependencies": [
            "module.aft.data.aws_partition.current",
            "module.aft.module.aft_account_request_framework.aws_eip.aft-vpc-natgw-01",
            "module.aft.module.aft_account_request_framework.aws_internet_gateway.aft-vpc-igw",
            "module.aft.module.aft_account_request_framework.aws_nat_gateway.aft-vpc-natgw-01",
            "module.aft.module.aft_account_request_framework.aws_route_table.aft_vpc_private_subnet_01",
            "module.aft.module.aft_account_request_framework.aws_subnet.aft_vpc_private_subnet_01",
            "module.aft.module.aft_account_request_framework.aws_subnet.aft_vpc_public_subnet_01",
            "module.aft.module.aft_account_request_framework.aws_vpc.aft_vpc",
            "module.aft.module.aft_account_request_framework.data.aws_availability_zones.available"
          ]
        }
      ]
    },
    {
      "module": "module.aft.module.aft_account_request_framework",
      "mode": "managed",
      "type": "aws_route_table_association",
      "name": "aft_vpc_private_subnet_02",
      "provider": "module.aft.provider[\"registry.terraform.io/hashicorp/aws\"].aft_management",
      "instances": [
        {
          "index_key": 0,
          "schema_version": 0,
          "attributes": {
            "gateway_id": "",
            "id": "rtbassoc-0c9c8fa9a0ce2b7d5",
            "route_table_id": "rtb-08f9619b459d3e519",
            "subnet_id": "subnet-0c23ad8b50e72359f",
            "timeouts": null
          },
          "sensitive_attributes": [],
          "private": "eyJlMmJmYjczMC1lY2FhLTExZTYtOGY4OC0zNDM2M2JjN2M0YzAiOnsiY3JlYXRlIjozMDAwMDAwMDAwMDAsImRlbGV0ZSI6MzAwMDAwMDAwMDAwLCJ1cGRhdGUiOjEyMDAwMDAwMDAwMH19",
          "dependencies": [
            "module.aft.data.aws_partition.current",
            "module.aft.module.aft_account_request_framework.aws_eip.aft-vpc-natgw-02",
            "module.aft.module.aft_account_request_framework.aws_internet_gateway.aft-vpc-igw",
            "module.aft.module.aft_account_request_framework.aws_nat_gateway.aft-vpc-natgw-02",
            "module.aft.module.aft_account_request_framework.aws_route_table.aft_vpc_private_subnet_02",
            "module.aft.module.aft_account_request_framework.aws_subnet.aft_vpc_private_subnet_02",
            "module.aft.module.aft_account_request_framework.aws_subnet.aft_vpc_public_subnet_02",
            "module.aft.module.aft_account_request_framework.aws_vpc.aft_vpc",
            "module.aft.module.aft_account_request_framework.data.aws_availability_zones.available"
          ]
        }
      ]
    },
    {
      "module": "module.aft.module.aft_account_request_framework",
      "mode": "managed",
      "type": "aws_route_table_association",
      "name": "aft_vpc_public_subnet_01",
      "provider": "module.aft.provider[\"registry.terraform.io/hashicorp/aws\"].aft_management",
      "instances": [
        {
          "index_key": 0,
          "schema_version": 0,
          "attributes": {
            "gateway_id": "",
            "id": "rtbassoc-038e3ba853b4708e3",
            "route_table_id": "rtb-04b8cf07c8c240795",
            "subnet_id": "subnet-0de9a3fbcbcb67f32",
            "timeouts": null
          },
          "sensitive_attributes": [],
          "private": "eyJlMmJmYjczMC1lY2FhLTExZTYtOGY4OC0zNDM2M2JjN2M0YzAiOnsiY3JlYXRlIjozMDAwMDAwMDAwMDAsImRlbGV0ZSI6MzAwMDAwMDAwMDAwLCJ1cGRhdGUiOjEyMDAwMDAwMDAwMH19",
          "dependencies": [
            "module.aft.data.aws_partition.current",
            "module.aft.module.aft_account_request_framework.aws_internet_gateway.aft-vpc-igw",
            "module.aft.module.aft_account_request_framework.aws_route_table.aft_vpc_public_subnet_01",
            "module.aft.module.aft_account_request_framework.aws_subnet.aft_vpc_public_subnet_01",
            "module.aft.module.aft_account_request_framework.aws_vpc.aft_vpc",
            "module.aft.module.aft_account_request_framework.data.aws_availability_zones.available"
          ]
        }
      ]
    },
    {
      "module": "module.aft.module.aft_account_request_framework",
      "mode": "managed",
      "type": "aws_route_table_association",
      "name": "aft_vpc_public_subnet_02",
      "provider": "module.aft.provider[\"registry.terraform.io/hashicorp/aws\"].aft_management",
      "instances": [
        {
          "index_key": 0,
          "schema_version": 0,
          "attributes": {
            "gateway_id": "",
            "id": "rtbassoc-08c0c94702aa14281",
            "route_table_id": "rtb-04b8cf07c8c240795",
            "subnet_id": "subnet-0a253610ce09ba43e",
            "timeouts": null
          },
          "sensitive_attributes": [],
          "private": "eyJlMmJmYjczMC1lY2FhLTExZTYtOGY4OC0zNDM2M2JjN2M0YzAiOnsiY3JlYXRlIjozMDAwMDAwMDAwMDAsImRlbGV0ZSI6MzAwMDAwMDAwMDAwLCJ1cGRhdGUiOjEyMDAwMDAwMDAwMH19",
          "dependencies": [
            "module.aft.data.aws_partition.current",
            "module.aft.module.aft_account_request_framework.aws_internet_gateway.aft-vpc-igw",
            "module.aft.module.aft_account_request_framework.aws_route_table.aft_vpc_public_subnet_01",
            "module.aft.module.aft_account_request_framework.aws_subnet.aft_vpc_public_subnet_02",
            "module.aft.module.aft_account_request_framework.aws_vpc.aft_vpc",
            "module.aft.module.aft_account_request_framework.data.aws_availability_zones.available"
          ]
        }
      ]
    },
    {
      "module": "module.aft.module.aft_account_request_framework",
      "mode": "managed",
      "type": "aws_security_group",
      "name": "aft_vpc_default_sg",
      "provider": "module.aft.provider[\"registry.terraform.io/hashicorp/aws\"].aft_management",
      "instances": [
        {
          "index_key": 0,
          "schema_version": 1,
          "attributes": {
            "arn": "arn:aws:ec2:us-east-1:211125486960:security-group/sg-08c81bf579bd27777",
            "description": "Allow outbound traffic",
            "egress": [
              {
                "cidr_blocks": [
                  "0.0.0.0/0"
                ],
                "description": "Allow outbound traffic to internet",
                "from_port": 0,
                "ipv6_cidr_blocks": [
                  "::/0"
                ],
                "prefix_list_ids": [],
                "protocol": "-1",
                "security_groups": [],
                "self": false,
                "to_port": 0
              }
            ],
            "id": "sg-08c81bf579bd27777",
            "ingress": [],
            "name": "aft-default-sg",
            "name_prefix": "",
            "owner_id": "211125486960",
            "revoke_rules_on_delete": false,
            "tags": null,
            "tags_all": {
              "managed_by": "AFT"
            },
            "timeouts": null,
            "vpc_id": "vpc-08fcfb12dc19a69d1"
          },
          "sensitive_attributes": [],
          "private": "eyJlMmJmYjczMC1lY2FhLTExZTYtOGY4OC0zNDM2M2JjN2M0YzAiOnsiY3JlYXRlIjo2MDAwMDAwMDAwMDAsImRlbGV0ZSI6OTAwMDAwMDAwMDAwfSwic2NoZW1hX3ZlcnNpb24iOiIxIn0=",
          "dependencies": [
            "module.aft.data.aws_partition.current",
            "module.aft.module.aft_account_request_framework.aws_vpc.aft_vpc"
          ],
          "create_before_destroy": true
        }
      ]
    },
    {
      "module": "module.aft.module.aft_account_request_framework",
      "mode": "managed",
      "type": "aws_security_group",
      "name": "aft_vpc_endpoint_sg",
      "provider": "module.aft.provider[\"registry.terraform.io/hashicorp/aws\"].aft_management",
      "instances": [
        {
          "index_key": 0,
          "schema_version": 1,
          "attributes": {
            "arn": "arn:aws:ec2:us-east-1:211125486960:security-group/sg-0f426954b4c81ae65",
            "description": "Allow inbound HTTPS traffic and all Outbound",
            "egress": [
              {
                "cidr_blocks": [
                  "0.0.0.0/0"
                ],
                "description": "Allow outbound traffic to internet",
                "from_port": 0,
                "ipv6_cidr_blocks": [
                  "::/0"
                ],
                "prefix_list_ids": [],
                "protocol": "-1",
                "security_groups": [],
                "self": false,
                "to_port": 0
              }
            ],
            "id": "sg-0f426954b4c81ae65",
            "ingress": [
              {
                "cidr_blocks": [
                  "192.168.0.0/22"
                ],
                "description": "Allow inbound SSH",
                "from_port": 22,
                "ipv6_cidr_blocks": [],
                "prefix_list_ids": [],
                "protocol": "tcp",
                "security_groups": [],
                "self": false,
                "to_port": 22
              },
              {
                "cidr_blocks": [
                  "192.168.0.0/22"
                ],
                "description": "Allow inbound TLS",
                "from_port": 443,
                "ipv6_cidr_blocks": [],
                "prefix_list_ids": [],
                "protocol": "tcp",
                "security_groups": [],
                "self": false,
                "to_port": 443
              }
            ],
            "name": "aft-endpoint-sg",
            "name_prefix": "",
            "owner_id": "211125486960",
            "revoke_rules_on_delete": false,
            "tags": null,
            "tags_all": {
              "managed_by": "AFT"
            },
            "timeouts": null,
            "vpc_id": "vpc-08fcfb12dc19a69d1"
          },
          "sensitive_attributes": [],
          "private": "eyJlMmJmYjczMC1lY2FhLTExZTYtOGY4OC0zNDM2M2JjN2M0YzAiOnsiY3JlYXRlIjo2MDAwMDAwMDAwMDAsImRlbGV0ZSI6OTAwMDAwMDAwMDAwfSwic2NoZW1hX3ZlcnNpb24iOiIxIn0=",
          "dependencies": [
            "module.aft.data.aws_partition.current",
            "module.aft.module.aft_account_request_framework.aws_vpc.aft_vpc"
          ]
        }
      ]
    },
    {
      "module": "module.aft.module.aft_account_request_framework",
      "mode": "managed",
      "type": "aws_sns_topic",
      "name": "aft_failure_notifications",
      "provider": "module.aft.provider[\"registry.terraform.io/hashicorp/aws\"].aft_management",
      "instances": [
        {
          "schema_version": 0,
          "attributes": {
            "application_failure_feedback_role_arn": "",
            "application_success_feedback_role_arn": "",
            "application_success_feedback_sample_rate": 0,
            "archive_policy": "",
            "arn": "arn:aws:sns:us-east-1:211125486960:aft-failure-notifications",
            "beginning_archive_time": "",
            "content_based_deduplication": false,
            "delivery_policy": "",
            "display_name": "",
            "fifo_topic": false,
            "firehose_failure_feedback_role_arn": "",
            "firehose_success_feedback_role_arn": "",
            "firehose_success_feedback_sample_rate": 0,
            "http_failure_feedback_role_arn": "",
            "http_success_feedback_role_arn": "",
            "http_success_feedback_sample_rate": 0,
            "id": "arn:aws:sns:us-east-1:211125486960:aft-failure-notifications",
            "kms_master_key_id": "alias/aws/sns",
            "lambda_failure_feedback_role_arn": "",
            "lambda_success_feedback_role_arn": "",
            "lambda_success_feedback_sample_rate": 0,
            "name": "aft-failure-notifications",
            "name_prefix": "",
            "owner": "211125486960",
            "policy": "{\"Id\":\"__default_policy_ID\",\"Statement\":[{\"Action\":[\"SNS:GetTopicAttributes\",\"SNS:SetTopicAttributes\",\"SNS:AddPermission\",\"SNS:RemovePermission\",\"SNS:DeleteTopic\",\"SNS:Subscribe\",\"SNS:ListSubscriptionsByTopic\",\"SNS:Publish\"],\"Condition\":{\"StringEquals\":{\"AWS:SourceOwner\":\"211125486960\"}},\"Effect\":\"Allow\",\"Principal\":{\"AWS\":\"*\"},\"Resource\":\"arn:aws:sns:us-east-1:211125486960:aft-failure-notifications\",\"Sid\":\"__default_statement_ID\"}],\"Version\":\"2008-10-17\"}",
            "signature_version": 0,
            "sqs_failure_feedback_role_arn": "",
            "sqs_success_feedback_role_arn": "",
            "sqs_success_feedback_sample_rate": 0,
            "tags": null,
            "tags_all": {
              "managed_by": "AFT"
            },
            "tracing_config": ""
          },
          "sensitive_attributes": [],
          "private": "bnVsbA==",
          "dependencies": [
            "module.aft.data.aws_partition.current"
          ]
        }
      ]
    },
    {
      "module": "module.aft.module.aft_account_request_framework",
      "mode": "managed",
      "type": "aws_sns_topic",
      "name": "aft_notifications",
      "provider": "module.aft.provider[\"registry.terraform.io/hashicorp/aws\"].aft_management",
      "instances": [
        {
          "schema_version": 0,
          "attributes": {
            "application_failure_feedback_role_arn": "",
            "application_success_feedback_role_arn": "",
            "application_success_feedback_sample_rate": 0,
            "archive_policy": "",
            "arn": "arn:aws:sns:us-east-1:211125486960:aft-notifications",
            "beginning_archive_time": "",
            "content_based_deduplication": false,
            "delivery_policy": "",
            "display_name": "",
            "fifo_topic": false,
            "firehose_failure_feedback_role_arn": "",
            "firehose_success_feedback_role_arn": "",
            "firehose_success_feedback_sample_rate": 0,
            "http_failure_feedback_role_arn": "",
            "http_success_feedback_role_arn": "",
            "http_success_feedback_sample_rate": 0,
            "id": "arn:aws:sns:us-east-1:211125486960:aft-notifications",
            "kms_master_key_id": "alias/aws/sns",
            "lambda_failure_feedback_role_arn": "",
            "lambda_success_feedback_role_arn": "",
            "lambda_success_feedback_sample_rate": 0,
            "name": "aft-notifications",
            "name_prefix": "",
            "owner": "211125486960",
            "policy": "{\"Id\":\"__default_policy_ID\",\"Statement\":[{\"Action\":[\"SNS:GetTopicAttributes\",\"SNS:SetTopicAttributes\",\"SNS:AddPermission\",\"SNS:RemovePermission\",\"SNS:DeleteTopic\",\"SNS:Subscribe\",\"SNS:ListSubscriptionsByTopic\",\"SNS:Publish\"],\"Condition\":{\"StringEquals\":{\"AWS:SourceOwner\":\"211125486960\"}},\"Effect\":\"Allow\",\"Principal\":{\"AWS\":\"*\"},\"Resource\":\"arn:aws:sns:us-east-1:211125486960:aft-notifications\",\"Sid\":\"__default_statement_ID\"}],\"Version\":\"2008-10-17\"}",
            "signature_version": 0,
            "sqs_failure_feedback_role_arn": "",
            "sqs_success_feedback_role_arn": "",
            "sqs_success_feedback_sample_rate": 0,
            "tags": null,
            "tags_all": {
              "managed_by": "AFT"
            },
            "tracing_config": ""
          },
          "sensitive_attributes": [],
          "private": "bnVsbA==",
          "dependencies": [
            "module.aft.data.aws_partition.current"
          ]
        }
      ]
    },
    {
      "module": "module.aft.module.aft_account_request_framework",
      "mode": "managed",
      "type": "aws_subnet",
      "name": "aft_vpc_private_subnet_01",
      "provider": "module.aft.provider[\"registry.terraform.io/hashicorp/aws\"].aft_management",
      "instances": [
        {
          "index_key": 0,
          "schema_version": 1,
          "attributes": {
            "arn": "arn:aws:ec2:us-east-1:211125486960:subnet/subnet-03b24b0d60ef39271",
            "assign_ipv6_address_on_creation": false,
            "availability_zone": "us-east-1a",
            "availability_zone_id": "use1-az1",
            "cidr_block": "192.168.0.0/24",
            "customer_owned_ipv4_pool": "",
            "enable_dns64": false,
            "enable_lni_at_device_index": 0,
            "enable_resource_name_dns_a_record_on_launch": false,
            "enable_resource_name_dns_aaaa_record_on_launch": false,
            "id": "subnet-03b24b0d60ef39271",
            "ipv6_cidr_block": "",
            "ipv6_cidr_block_association_id": "",
            "ipv6_native": false,
            "map_customer_owned_ip_on_launch": false,
            "map_public_ip_on_launch": false,
            "outpost_arn": "",
            "owner_id": "211125486960",
            "private_dns_hostname_type_on_launch": "ip-name",
            "tags": {
              "Name": "aft-vpc-private-subnet-01"
            },
            "tags_all": {
              "Name": "aft-vpc-private-subnet-01",
              "managed_by": "AFT"
            },
            "timeouts": null,
            "vpc_id": "vpc-08fcfb12dc19a69d1"
          },
          "sensitive_attributes": [],
          "private": "eyJlMmJmYjczMC1lY2FhLTExZTYtOGY4OC0zNDM2M2JjN2M0YzAiOnsiY3JlYXRlIjo2MDAwMDAwMDAwMDAsImRlbGV0ZSI6MTIwMDAwMDAwMDAwMH0sInNjaGVtYV92ZXJzaW9uIjoiMSJ9",
          "dependencies": [
            "module.aft.data.aws_partition.current",
            "module.aft.module.aft_account_request_framework.aws_vpc.aft_vpc",
            "module.aft.module.aft_account_request_framework.data.aws_availability_zones.available"
          ],
          "create_before_destroy": true
        }
      ]
    },
    {
      "module": "module.aft.module.aft_account_request_framework",
      "mode": "managed",
      "type": "aws_subnet",
      "name": "aft_vpc_private_subnet_02",
      "provider": "module.aft.provider[\"registry.terraform.io/hashicorp/aws\"].aft_management",
      "instances": [
        {
          "index_key": 0,
          "schema_version": 1,
          "attributes": {
            "arn": "arn:aws:ec2:us-east-1:211125486960:subnet/subnet-0c23ad8b50e72359f",
            "assign_ipv6_address_on_creation": false,
            "availability_zone": "us-east-1b",
            "availability_zone_id": "use1-az2",
            "cidr_block": "192.168.1.0/24",
            "customer_owned_ipv4_pool": "",
            "enable_dns64": false,
            "enable_lni_at_device_index": 0,
            "enable_resource_name_dns_a_record_on_launch": false,
            "enable_resource_name_dns_aaaa_record_on_launch": false,
            "id": "subnet-0c23ad8b50e72359f",
            "ipv6_cidr_block": "",
            "ipv6_cidr_block_association_id": "",
            "ipv6_native": false,
            "map_customer_owned_ip_on_launch": false,
            "map_public_ip_on_launch": false,
            "outpost_arn": "",
            "owner_id": "211125486960",
            "private_dns_hostname_type_on_launch": "ip-name",
            "tags": {
              "Name": "aft-vpc-private-subnet-02"
            },
            "tags_all": {
              "Name": "aft-vpc-private-subnet-02",
              "managed_by": "AFT"
            },
            "timeouts": null,
            "vpc_id": "vpc-08fcfb12dc19a69d1"
          },
          "sensitive_attributes": [],
          "private": "eyJlMmJmYjczMC1lY2FhLTExZTYtOGY4OC0zNDM2M2JjN2M0YzAiOnsiY3JlYXRlIjo2MDAwMDAwMDAwMDAsImRlbGV0ZSI6MTIwMDAwMDAwMDAwMH0sInNjaGVtYV92ZXJzaW9uIjoiMSJ9",
          "dependencies": [
            "module.aft.data.aws_partition.current",
            "module.aft.module.aft_account_request_framework.aws_vpc.aft_vpc",
            "module.aft.module.aft_account_request_framework.data.aws_availability_zones.available"
          ],
          "create_before_destroy": true
        }
      ]
    },
    {
      "module": "module.aft.module.aft_account_request_framework",
      "mode": "managed",
      "type": "aws_subnet",
      "name": "aft_vpc_public_subnet_01",
      "provider": "module.aft.provider[\"registry.terraform.io/hashicorp/aws\"].aft_management",
      "instances": [
        {
          "index_key": 0,
          "schema_version": 1,
          "attributes": {
            "arn": "arn:aws:ec2:us-east-1:211125486960:subnet/subnet-0de9a3fbcbcb67f32",
            "assign_ipv6_address_on_creation": false,
            "availability_zone": "us-east-1a",
            "availability_zone_id": "use1-az1",
            "cidr_block": "192.168.2.0/25",
            "customer_owned_ipv4_pool": "",
            "enable_dns64": false,
            "enable_lni_at_device_index": 0,
            "enable_resource_name_dns_a_record_on_launch": false,
            "enable_resource_name_dns_aaaa_record_on_launch": false,
            "id": "subnet-0de9a3fbcbcb67f32",
            "ipv6_cidr_block": "",
            "ipv6_cidr_block_association_id": "",
            "ipv6_native": false,
            "map_customer_owned_ip_on_launch": false,
            "map_public_ip_on_launch": false,
            "outpost_arn": "",
            "owner_id": "211125486960",
            "private_dns_hostname_type_on_launch": "ip-name",
            "tags": {
              "Name": "aft-vpc-public-subnet-01"
            },
            "tags_all": {
              "Name": "aft-vpc-public-subnet-01",
              "managed_by": "AFT"
            },
            "timeouts": null,
            "vpc_id": "vpc-08fcfb12dc19a69d1"
          },
          "sensitive_attributes": [],
          "private": "eyJlMmJmYjczMC1lY2FhLTExZTYtOGY4OC0zNDM2M2JjN2M0YzAiOnsiY3JlYXRlIjo2MDAwMDAwMDAwMDAsImRlbGV0ZSI6MTIwMDAwMDAwMDAwMH0sInNjaGVtYV92ZXJzaW9uIjoiMSJ9",
          "dependencies": [
            "module.aft.data.aws_partition.current",
            "module.aft.module.aft_account_request_framework.aws_vpc.aft_vpc",
            "module.aft.module.aft_account_request_framework.data.aws_availability_zones.available"
          ]
        }
      ]
    },
    {
      "module": "module.aft.module.aft_account_request_framework",
      "mode": "managed",
      "type": "aws_subnet",
      "name": "aft_vpc_public_subnet_02",
      "provider": "module.aft.provider[\"registry.terraform.io/hashicorp/aws\"].aft_management",
      "instances": [
        {
          "index_key": 0,
          "schema_version": 1,
          "attributes": {
            "arn": "arn:aws:ec2:us-east-1:211125486960:subnet/subnet-0a253610ce09ba43e",
            "assign_ipv6_address_on_creation": false,
            "availability_zone": "us-east-1b",
            "availability_zone_id": "use1-az2",
            "cidr_block": "192.168.2.128/25",
            "customer_owned_ipv4_pool": "",
            "enable_dns64": false,
            "enable_lni_at_device_index": 0,
            "enable_resource_name_dns_a_record_on_launch": false,
            "enable_resource_name_dns_aaaa_record_on_launch": false,
            "id": "subnet-0a253610ce09ba43e",
            "ipv6_cidr_block": "",
            "ipv6_cidr_block_association_id": "",
            "ipv6_native": false,
            "map_customer_owned_ip_on_launch": false,
            "map_public_ip_on_launch": false,
            "outpost_arn": "",
            "owner_id": "211125486960",
            "private_dns_hostname_type_on_launch": "ip-name",
            "tags": {
              "Name": "aft-vpc-public-subnet-02"
            },
            "tags_all": {
              "Name": "aft-vpc-public-subnet-02",
              "managed_by": "AFT"
            },
            "timeouts": null,
            "vpc_id": "vpc-08fcfb12dc19a69d1"
          },
          "sensitive_attributes": [],
          "private": "eyJlMmJmYjczMC1lY2FhLTExZTYtOGY4OC0zNDM2M2JjN2M0YzAiOnsiY3JlYXRlIjo2MDAwMDAwMDAwMDAsImRlbGV0ZSI6MTIwMDAwMDAwMDAwMH0sInNjaGVtYV92ZXJzaW9uIjoiMSJ9",
          "dependencies": [
            "module.aft.data.aws_partition.current",
            "module.aft.module.aft_account_request_framework.aws_vpc.aft_vpc",
            "module.aft.module.aft_account_request_framework.data.aws_availability_zones.available"
          ]
        }
      ]
    },
    {
      "module": "module.aft.module.aft_account_request_framework",
      "mode": "managed",
      "type": "aws_vpc",
      "name": "aft_vpc",
      "provider": "module.aft.provider[\"registry.terraform.io/hashicorp/aws\"].aft_management",
      "instances": [
        {
          "index_key": 0,
          "schema_version": 1,
          "attributes": {
            "arn": "arn:aws:ec2:us-east-1:211125486960:vpc/vpc-08fcfb12dc19a69d1",
            "assign_generated_ipv6_cidr_block": false,
            "cidr_block": "192.168.0.0/22",
            "default_network_acl_id": "acl-05e23e15c1ee71568",
            "default_route_table_id": "rtb-0b07c6af17f461aac",
            "default_security_group_id": "sg-021f718514bd4bb92",
            "dhcp_options_id": "dopt-073670955ce005eb2",
            "enable_dns_hostnames": true,
            "enable_dns_support": true,
            "enable_network_address_usage_metrics": false,
            "id": "vpc-08fcfb12dc19a69d1",
            "instance_tenancy": "default",
            "ipv4_ipam_pool_id": null,
            "ipv4_netmask_length": null,
            "ipv6_association_id": "",
            "ipv6_cidr_block": "",
            "ipv6_cidr_block_network_border_group": "",
            "ipv6_ipam_pool_id": "",
            "ipv6_netmask_length": 0,
            "main_route_table_id": "rtb-0b07c6af17f461aac",
            "owner_id": "211125486960",
            "tags": {
              "Name": "aft-management-vpc"
            },
            "tags_all": {
              "Name": "aft-management-vpc",
              "managed_by": "AFT"
            }
          },
          "sensitive_attributes": [],
          "private": "eyJzY2hlbWFfdmVyc2lvbiI6IjEifQ==",
          "dependencies": [
            "module.aft.data.aws_partition.current"
          ],
          "create_before_destroy": true
        }
      ]
    },
    {
      "module": "module.aft.module.aft_account_request_framework",
      "mode": "managed",
      "type": "aws_vpc_endpoint",
      "name": "codebuild",
      "provider": "module.aft.provider[\"registry.terraform.io/hashicorp/aws\"].aft_management",
      "instances": [
        {
          "index_key": 0,
          "schema_version": 0,
          "attributes": {
            "arn": "arn:aws:ec2:us-east-1:211125486960:vpc-endpoint/vpce-0d4d88696393da0ba",
            "auto_accept": null,
            "cidr_blocks": [],
            "dns_entry": [
              {
                "dns_name": "vpce-0d4d88696393da0ba-pjdda04a.codebuild.us-east-1.vpce.amazonaws.com",
                "hosted_zone_id": "Z7HUB22UULQXV"
              },
              {
                "dns_name": "vpce-0d4d88696393da0ba-pjdda04a-us-east-1b.codebuild.us-east-1.vpce.amazonaws.com",
                "hosted_zone_id": "Z7HUB22UULQXV"
              },
              {
                "dns_name": "vpce-0d4d88696393da0ba-pjdda04a-us-east-1a.codebuild.us-east-1.vpce.amazonaws.com",
                "hosted_zone_id": "Z7HUB22UULQXV"
              },
              {
                "dns_name": "codebuild.us-east-1.amazonaws.com",
                "hosted_zone_id": "Z07884692Y9GY700DUUNX"
              }
            ],
            "dns_options": [
              {
                "dns_record_ip_type": "ipv4",
                "private_dns_only_for_inbound_resolver_endpoint": false
              }
            ],
            "id": "vpce-0d4d88696393da0ba",
            "ip_address_type": "ipv4",
            "network_interface_ids": [
              "eni-076e7dcabddba6dcc",
              "eni-09aaef9ad14681542"
            ],
            "owner_id": "211125486960",
            "policy": "{\"Statement\":[{\"Action\":\"*\",\"Effect\":\"Allow\",\"Principal\":\"*\",\"Resource\":\"*\"}]}",
            "prefix_list_id": null,
            "private_dns_enabled": true,
            "requester_managed": false,
            "route_table_ids": [],
            "security_group_ids": [
              "sg-0f426954b4c81ae65"
            ],
            "service_name": "com.amazonaws.us-east-1.codebuild",
            "state": "available",
            "subnet_ids": [
              "subnet-03b24b0d60ef39271",
              "subnet-0c23ad8b50e72359f"
            ],
            "tags": null,
            "tags_all": {
              "managed_by": "AFT"
            },
            "timeouts": null,
            "vpc_endpoint_type": "Interface",
            "vpc_id": "vpc-08fcfb12dc19a69d1"
          },
          "sensitive_attributes": [],
          "private": "eyJlMmJmYjczMC1lY2FhLTExZTYtOGY4OC0zNDM2M2JjN2M0YzAiOnsiY3JlYXRlIjo2MDAwMDAwMDAwMDAsImRlbGV0ZSI6NjAwMDAwMDAwMDAwLCJ1cGRhdGUiOjYwMDAwMDAwMDAwMH19",
          "dependencies": [
            "module.aft.data.aws_partition.current",
            "module.aft.module.aft_account_request_framework.aws_security_group.aft_vpc_endpoint_sg",
            "module.aft.module.aft_account_request_framework.aws_subnet.aft_vpc_private_subnet_01",
            "module.aft.module.aft_account_request_framework.aws_subnet.aft_vpc_private_subnet_02",
            "module.aft.module.aft_account_request_framework.aws_vpc.aft_vpc",
            "module.aft.module.aft_account_request_framework.data.aws_availability_zones.available",
            "module.aft.module.aft_account_request_framework.data.aws_subnets.codebuild",
            "module.aft.module.aft_account_request_framework.data.aws_vpc_endpoint_service.codebuild"
          ]
        }
      ]
    },
    {
      "module": "module.aft.module.aft_account_request_framework",
      "mode": "managed",
      "type": "aws_vpc_endpoint",
      "name": "codecommit",
      "provider": "module.aft.provider[\"registry.terraform.io/hashicorp/aws\"].aft_management",
      "instances": [
        {
          "index_key": 0,
          "schema_version": 0,
          "attributes": {
            "arn": "arn:aws:ec2:us-east-1:211125486960:vpc-endpoint/vpce-07066ebaf3f459923",
            "auto_accept": null,
            "cidr_blocks": [],
            "dns_entry": [
              {
                "dns_name": "vpce-07066ebaf3f459923-xv8z2jx8.codecommit.us-east-1.vpce.amazonaws.com",
                "hosted_zone_id": "Z7HUB22UULQXV"
              },
              {
                "dns_name": "vpce-07066ebaf3f459923-xv8z2jx8-us-east-1a.codecommit.us-east-1.vpce.amazonaws.com",
                "hosted_zone_id": "Z7HUB22UULQXV"
              },
              {
                "dns_name": "vpce-07066ebaf3f459923-xv8z2jx8-us-east-1b.codecommit.us-east-1.vpce.amazonaws.com",
                "hosted_zone_id": "Z7HUB22UULQXV"
              },
              {
                "dns_name": "codecommit.us-east-1.amazonaws.com",
                "hosted_zone_id": "Z07875693LORNFVVCGONS"
              }
            ],
            "dns_options": [
              {
                "dns_record_ip_type": "ipv4",
                "private_dns_only_for_inbound_resolver_endpoint": false
              }
            ],
            "id": "vpce-07066ebaf3f459923",
            "ip_address_type": "ipv4",
            "network_interface_ids": [
              "eni-00a4da2678eb7209c",
              "eni-01733dd0b091d4750"
            ],
            "owner_id": "211125486960",
            "policy": "{\"Statement\":[{\"Action\":\"*\",\"Effect\":\"Allow\",\"Principal\":\"*\",\"Resource\":\"*\"}]}",
            "prefix_list_id": null,
            "private_dns_enabled": true,
            "requester_managed": false,
            "route_table_ids": [],
            "security_group_ids": [
              "sg-0f426954b4c81ae65"
            ],
            "service_name": "com.amazonaws.us-east-1.codecommit",
            "state": "available",
            "subnet_ids": [
              "subnet-03b24b0d60ef39271",
              "subnet-0c23ad8b50e72359f"
            ],
            "tags": null,
            "tags_all": {
              "managed_by": "AFT"
            },
            "timeouts": null,
            "vpc_endpoint_type": "Interface",
            "vpc_id": "vpc-08fcfb12dc19a69d1"
          },
          "sensitive_attributes": [],
          "private": "eyJlMmJmYjczMC1lY2FhLTExZTYtOGY4OC0zNDM2M2JjN2M0YzAiOnsiY3JlYXRlIjo2MDAwMDAwMDAwMDAsImRlbGV0ZSI6NjAwMDAwMDAwMDAwLCJ1cGRhdGUiOjYwMDAwMDAwMDAwMH19",
          "dependencies": [
            "module.aft.data.aws_partition.current",
            "module.aft.module.aft_account_request_framework.aws_security_group.aft_vpc_endpoint_sg",
            "module.aft.module.aft_account_request_framework.aws_subnet.aft_vpc_private_subnet_01",
            "module.aft.module.aft_account_request_framework.aws_subnet.aft_vpc_private_subnet_02",
            "module.aft.module.aft_account_request_framework.aws_vpc.aft_vpc",
            "module.aft.module.aft_account_request_framework.data.aws_availability_zones.available",
            "module.aft.module.aft_account_request_framework.data.aws_subnets.codecommit",
            "module.aft.module.aft_account_request_framework.data.aws_vpc_endpoint_service.codecommit"
          ]
        }
      ]
    },
    {
      "module": "module.aft.module.aft_account_request_framework",
      "mode": "managed",
      "type": "aws_vpc_endpoint",
      "name": "codepipeline",
      "provider": "module.aft.provider[\"registry.terraform.io/hashicorp/aws\"].aft_management",
      "instances": [
        {
          "index_key": 0,
          "schema_version": 0,
          "attributes": {
            "arn": "arn:aws:ec2:us-east-1:211125486960:vpc-endpoint/vpce-0c7bf5f322feab71e",
            "auto_accept": null,
            "cidr_blocks": [],
            "dns_entry": [
              {
                "dns_name": "vpce-0c7bf5f322feab71e-8s5ccmy2.codepipeline.us-east-1.vpce.amazonaws.com",
                "hosted_zone_id": "Z7HUB22UULQXV"
              },
              {
                "dns_name": "vpce-0c7bf5f322feab71e-8s5ccmy2-us-east-1b.codepipeline.us-east-1.vpce.amazonaws.com",
                "hosted_zone_id": "Z7HUB22UULQXV"
              },
              {
                "dns_name": "vpce-0c7bf5f322feab71e-8s5ccmy2-us-east-1a.codepipeline.us-east-1.vpce.amazonaws.com",
                "hosted_zone_id": "Z7HUB22UULQXV"
              },
              {
                "dns_name": "codepipeline.us-east-1.amazonaws.com",
                "hosted_zone_id": "Z07890032PSLXPZ5PZ5B7"
              }
            ],
            "dns_options": [
              {
                "dns_record_ip_type": "ipv4",
                "private_dns_only_for_inbound_resolver_endpoint": false
              }
            ],
            "id": "vpce-0c7bf5f322feab71e",
            "ip_address_type": "ipv4",
            "network_interface_ids": [
              "eni-0d5f8df4816d191a5",
              "eni-0f58bf9dd5e2f5f86"
            ],
            "owner_id": "211125486960",
            "policy": "{\"Statement\":[{\"Action\":\"*\",\"Effect\":\"Allow\",\"Principal\":\"*\",\"Resource\":\"*\"}]}",
            "prefix_list_id": null,
            "private_dns_enabled": true,
            "requester_managed": false,
            "route_table_ids": [],
            "security_group_ids": [
              "sg-0f426954b4c81ae65"
            ],
            "service_name": "com.amazonaws.us-east-1.codepipeline",
            "state": "available",
            "subnet_ids": [
              "subnet-03b24b0d60ef39271",
              "subnet-0c23ad8b50e72359f"
            ],
            "tags": null,
            "tags_all": {
              "managed_by": "AFT"
            },
            "timeouts": null,
            "vpc_endpoint_type": "Interface",
            "vpc_id": "vpc-08fcfb12dc19a69d1"
          },
          "sensitive_attributes": [],
          "private": "eyJlMmJmYjczMC1lY2FhLTExZTYtOGY4OC0zNDM2M2JjN2M0YzAiOnsiY3JlYXRlIjo2MDAwMDAwMDAwMDAsImRlbGV0ZSI6NjAwMDAwMDAwMDAwLCJ1cGRhdGUiOjYwMDAwMDAwMDAwMH19",
          "dependencies": [
            "module.aft.data.aws_partition.current",
            "module.aft.module.aft_account_request_framework.aws_security_group.aft_vpc_endpoint_sg",
            "module.aft.module.aft_account_request_framework.aws_subnet.aft_vpc_private_subnet_01",
            "module.aft.module.aft_account_request_framework.aws_subnet.aft_vpc_private_subnet_02",
            "module.aft.module.aft_account_request_framework.aws_vpc.aft_vpc",
            "module.aft.module.aft_account_request_framework.data.aws_availability_zones.available",
            "module.aft.module.aft_account_request_framework.data.aws_subnets.codepipeline",
            "module.aft.module.aft_account_request_framework.data.aws_vpc_endpoint_service.codepipeline"
          ]
        }
      ]
    },
    {
      "module": "module.aft.module.aft_account_request_framework",
      "mode": "managed",
      "type": "aws_vpc_endpoint",
      "name": "dynamodb",
      "provider": "module.aft.provider[\"registry.terraform.io/hashicorp/aws\"].aft_management",
      "instances": [
        {
          "index_key": 0,
          "schema_version": 0,
          "attributes": {
            "arn": "arn:aws:ec2:us-east-1:211125486960:vpc-endpoint/vpce-0d84335d10a65917f",
            "auto_accept": null,
            "cidr_blocks": [
              "35.71.70.0/24",
              "3.218.182.0/24",
              "3.218.180.0/23",
              "35.71.68.0/23",
              "52.94.0.0/22",
              "52.119.224.0/20"
            ],
            "dns_entry": [],
            "dns_options": [],
            "id": "vpce-0d84335d10a65917f",
            "ip_address_type": "",
            "network_interface_ids": [],
            "owner_id": "211125486960",
            "policy": "{\"Statement\":[{\"Action\":\"*\",\"Effect\":\"Allow\",\"Principal\":\"*\",\"Resource\":\"*\"}],\"Version\":\"2008-10-17\"}",
            "prefix_list_id": "pl-02cd2c6b",
            "private_dns_enabled": false,
            "requester_managed": false,
            "route_table_ids": [
              "rtb-04b8cf07c8c240795",
              "rtb-056daa9294c0ea540",
              "rtb-08f9619b459d3e519"
            ],
            "security_group_ids": [],
            "service_name": "com.amazonaws.us-east-1.dynamodb",
            "state": "available",
            "subnet_ids": [],
            "tags": null,
            "tags_all": {
              "managed_by": "AFT"
            },
            "timeouts": null,
            "vpc_endpoint_type": "Gateway",
            "vpc_id": "vpc-08fcfb12dc19a69d1"
          },
          "sensitive_attributes": [],
          "private": "eyJlMmJmYjczMC1lY2FhLTExZTYtOGY4OC0zNDM2M2JjN2M0YzAiOnsiY3JlYXRlIjo2MDAwMDAwMDAwMDAsImRlbGV0ZSI6NjAwMDAwMDAwMDAwLCJ1cGRhdGUiOjYwMDAwMDAwMDAwMH19",
          "dependencies": [
            "module.aft.data.aws_partition.current",
            "module.aft.module.aft_account_request_framework.aws_eip.aft-vpc-natgw-01",
            "module.aft.module.aft_account_request_framework.aws_eip.aft-vpc-natgw-02",
            "module.aft.module.aft_account_request_framework.aws_internet_gateway.aft-vpc-igw",
            "module.aft.module.aft_account_request_framework.aws_nat_gateway.aft-vpc-natgw-01",
            "module.aft.module.aft_account_request_framework.aws_nat_gateway.aft-vpc-natgw-02",
            "module.aft.module.aft_account_request_framework.aws_route_table.aft_vpc_private_subnet_01",
            "module.aft.module.aft_account_request_framework.aws_route_table.aft_vpc_private_subnet_02",
            "module.aft.module.aft_account_request_framework.aws_route_table.aft_vpc_public_subnet_01",
            "module.aft.module.aft_account_request_framework.aws_subnet.aft_vpc_public_subnet_01",
            "module.aft.module.aft_account_request_framework.aws_subnet.aft_vpc_public_subnet_02",
            "module.aft.module.aft_account_request_framework.aws_vpc.aft_vpc",
            "module.aft.module.aft_account_request_framework.data.aws_availability_zones.available",
            "module.aft.module.aft_account_request_framework.data.aws_region.aft-management"
          ]
        }
      ]
    },
    {
      "module": "module.aft.module.aft_account_request_framework",
      "mode": "managed",
      "type": "aws_vpc_endpoint",
      "name": "events",
      "provider": "module.aft.provider[\"registry.terraform.io/hashicorp/aws\"].aft_management",
      "instances": [
        {
          "index_key": 0,
          "schema_version": 0,
          "attributes": {
            "arn": "arn:aws:ec2:us-east-1:211125486960:vpc-endpoint/vpce-03cdceb8f791cad64",
            "auto_accept": null,
            "cidr_blocks": [],
            "dns_entry": [
              {
                "dns_name": "vpce-03cdceb8f791cad64-he6rnn40.events.us-east-1.vpce.amazonaws.com",
                "hosted_zone_id": "Z7HUB22UULQXV"
              },
              {
                "dns_name": "vpce-03cdceb8f791cad64-he6rnn40-us-east-1a.events.us-east-1.vpce.amazonaws.com",
                "hosted_zone_id": "Z7HUB22UULQXV"
              },
              {
                "dns_name": "vpce-03cdceb8f791cad64-he6rnn40-us-east-1b.events.us-east-1.vpce.amazonaws.com",
                "hosted_zone_id": "Z7HUB22UULQXV"
              },
              {
                "dns_name": "events.us-east-1.amazonaws.com",
                "hosted_zone_id": "Z06641731HBE9DOR3F2GP"
              }
            ],
            "dns_options": [
              {
                "dns_record_ip_type": "ipv4",
                "private_dns_only_for_inbound_resolver_endpoint": false
              }
            ],
            "id": "vpce-03cdceb8f791cad64",
            "ip_address_type": "ipv4",
            "network_interface_ids": [
              "eni-004e7acf9b45daf21",
              "eni-0e442906648c14367"
            ],
            "owner_id": "211125486960",
            "policy": "{\"Statement\":[{\"Action\":\"*\",\"Effect\":\"Allow\",\"Principal\":\"*\",\"Resource\":\"*\"}]}",
            "prefix_list_id": null,
            "private_dns_enabled": true,
            "requester_managed": false,
            "route_table_ids": [],
            "security_group_ids": [
              "sg-0f426954b4c81ae65"
            ],
            "service_name": "com.amazonaws.us-east-1.events",
            "state": "available",
            "subnet_ids": [
              "subnet-03b24b0d60ef39271",
              "subnet-0c23ad8b50e72359f"
            ],
            "tags": null,
            "tags_all": {
              "managed_by": "AFT"
            },
            "timeouts": null,
            "vpc_endpoint_type": "Interface",
            "vpc_id": "vpc-08fcfb12dc19a69d1"
          },
          "sensitive_attributes": [],
          "private": "eyJlMmJmYjczMC1lY2FhLTExZTYtOGY4OC0zNDM2M2JjN2M0YzAiOnsiY3JlYXRlIjo2MDAwMDAwMDAwMDAsImRlbGV0ZSI6NjAwMDAwMDAwMDAwLCJ1cGRhdGUiOjYwMDAwMDAwMDAwMH19",
          "dependencies": [
            "module.aft.data.aws_partition.current",
            "module.aft.module.aft_account_request_framework.aws_security_group.aft_vpc_endpoint_sg",
            "module.aft.module.aft_account_request_framework.aws_subnet.aft_vpc_private_subnet_01",
            "module.aft.module.aft_account_request_framework.aws_subnet.aft_vpc_private_subnet_02",
            "module.aft.module.aft_account_request_framework.aws_vpc.aft_vpc",
            "module.aft.module.aft_account_request_framework.data.aws_availability_zones.available",
            "module.aft.module.aft_account_request_framework.data.aws_subnets.events",
            "module.aft.module.aft_account_request_framework.data.aws_vpc_endpoint_service.events"
          ]
        }
      ]
    },
    {
      "module": "module.aft.module.aft_account_request_framework",
      "mode": "managed",
      "type": "aws_vpc_endpoint",
      "name": "git-codecommit",
      "provider": "module.aft.provider[\"registry.terraform.io/hashicorp/aws\"].aft_management",
      "instances": [
        {
          "index_key": 0,
          "schema_version": 0,
          "attributes": {
            "arn": "arn:aws:ec2:us-east-1:211125486960:vpc-endpoint/vpce-09bfb00ce7ac16c58",
            "auto_accept": null,
            "cidr_blocks": [],
            "dns_entry": [
              {
                "dns_name": "vpce-09bfb00ce7ac16c58-ewgmbth6.git-codecommit.us-east-1.vpce.amazonaws.com",
                "hosted_zone_id": "Z7HUB22UULQXV"
              },
              {
                "dns_name": "vpce-09bfb00ce7ac16c58-ewgmbth6-us-east-1b.git-codecommit.us-east-1.vpce.amazonaws.com",
                "hosted_zone_id": "Z7HUB22UULQXV"
              },
              {
                "dns_name": "vpce-09bfb00ce7ac16c58-ewgmbth6-us-east-1a.git-codecommit.us-east-1.vpce.amazonaws.com",
                "hosted_zone_id": "Z7HUB22UULQXV"
              },
              {
                "dns_name": "git-codecommit.us-east-1.amazonaws.com",
                "hosted_zone_id": "Z06706841HEZCKL0I9Q03"
              }
            ],
            "dns_options": [
              {
                "dns_record_ip_type": "ipv4",
                "private_dns_only_for_inbound_resolver_endpoint": false
              }
            ],
            "id": "vpce-09bfb00ce7ac16c58",
            "ip_address_type": "ipv4",
            "network_interface_ids": [
              "eni-02457d41d9c05465e",
              "eni-0301923376e894ef5"
            ],
            "owner_id": "211125486960",
            "policy": "{\"Statement\":[{\"Action\":\"*\",\"Effect\":\"Allow\",\"Principal\":\"*\",\"Resource\":\"*\"}]}",
            "prefix_list_id": null,
            "private_dns_enabled": true,
            "requester_managed": false,
            "route_table_ids": [],
            "security_group_ids": [
              "sg-0f426954b4c81ae65"
            ],
            "service_name": "com.amazonaws.us-east-1.git-codecommit",
            "state": "available",
            "subnet_ids": [
              "subnet-03b24b0d60ef39271",
              "subnet-0c23ad8b50e72359f"
            ],
            "tags": null,
            "tags_all": {
              "managed_by": "AFT"
            },
            "timeouts": null,
            "vpc_endpoint_type": "Interface",
            "vpc_id": "vpc-08fcfb12dc19a69d1"
          },
          "sensitive_attributes": [],
          "private": "eyJlMmJmYjczMC1lY2FhLTExZTYtOGY4OC0zNDM2M2JjN2M0YzAiOnsiY3JlYXRlIjo2MDAwMDAwMDAwMDAsImRlbGV0ZSI6NjAwMDAwMDAwMDAwLCJ1cGRhdGUiOjYwMDAwMDAwMDAwMH19",
          "dependencies": [
            "module.aft.data.aws_partition.current",
            "module.aft.module.aft_account_request_framework.aws_security_group.aft_vpc_endpoint_sg",
            "module.aft.module.aft_account_request_framework.aws_subnet.aft_vpc_private_subnet_01",
            "module.aft.module.aft_account_request_framework.aws_subnet.aft_vpc_private_subnet_02",
            "module.aft.module.aft_account_request_framework.aws_vpc.aft_vpc",
            "module.aft.module.aft_account_request_framework.data.aws_availability_zones.available",
            "module.aft.module.aft_account_request_framework.data.aws_subnets.git-codecommit",
            "module.aft.module.aft_account_request_framework.data.aws_vpc_endpoint_service.git-codecommit"
          ]
        }
      ]
    },
    {
      "module": "module.aft.module.aft_account_request_framework",
      "mode": "managed",
      "type": "aws_vpc_endpoint",
      "name": "kms",
      "provider": "module.aft.provider[\"registry.terraform.io/hashicorp/aws\"].aft_management",
      "instances": [
        {
          "index_key": 0,
          "schema_version": 0,
          "attributes": {
            "arn": "arn:aws:ec2:us-east-1:211125486960:vpc-endpoint/vpce-03d7b98e608940124",
            "auto_accept": null,
            "cidr_blocks": [],
            "dns_entry": [
              {
                "dns_name": "vpce-03d7b98e608940124-rl83140p.kms.us-east-1.vpce.amazonaws.com",
                "hosted_zone_id": "Z7HUB22UULQXV"
              },
              {
                "dns_name": "vpce-03d7b98e608940124-rl83140p-us-east-1b.kms.us-east-1.vpce.amazonaws.com",
                "hosted_zone_id": "Z7HUB22UULQXV"
              },
              {
                "dns_name": "vpce-03d7b98e608940124-rl83140p-us-east-1a.kms.us-east-1.vpce.amazonaws.com",
                "hosted_zone_id": "Z7HUB22UULQXV"
              },
              {
                "dns_name": "kms.us-east-1.amazonaws.com",
                "hosted_zone_id": "Z02881533MC9R3P0U9XER"
              }
            ],
            "dns_options": [
              {
                "dns_record_ip_type": "ipv4",
                "private_dns_only_for_inbound_resolver_endpoint": false
              }
            ],
            "id": "vpce-03d7b98e608940124",
            "ip_address_type": "ipv4",
            "network_interface_ids": [
              "eni-0948ca6cc5ac9d67b",
              "eni-0d0e478a14aba8865"
            ],
            "owner_id": "211125486960",
            "policy": "{\"Statement\":[{\"Action\":\"*\",\"Effect\":\"Allow\",\"Principal\":\"*\",\"Resource\":\"*\"}]}",
            "prefix_list_id": null,
            "private_dns_enabled": true,
            "requester_managed": false,
            "route_table_ids": [],
            "security_group_ids": [
              "sg-0f426954b4c81ae65"
            ],
            "service_name": "com.amazonaws.us-east-1.kms",
            "state": "available",
            "subnet_ids": [
              "subnet-03b24b0d60ef39271",
              "subnet-0c23ad8b50e72359f"
            ],
            "tags": null,
            "tags_all": {
              "managed_by": "AFT"
            },
            "timeouts": null,
            "vpc_endpoint_type": "Interface",
            "vpc_id": "vpc-08fcfb12dc19a69d1"
          },
          "sensitive_attributes": [],
          "private": "eyJlMmJmYjczMC1lY2FhLTExZTYtOGY4OC0zNDM2M2JjN2M0YzAiOnsiY3JlYXRlIjo2MDAwMDAwMDAwMDAsImRlbGV0ZSI6NjAwMDAwMDAwMDAwLCJ1cGRhdGUiOjYwMDAwMDAwMDAwMH19",
          "dependencies": [
            "module.aft.data.aws_partition.current",
            "module.aft.module.aft_account_request_framework.aws_security_group.aft_vpc_endpoint_sg",
            "module.aft.module.aft_account_request_framework.aws_subnet.aft_vpc_private_subnet_01",
            "module.aft.module.aft_account_request_framework.aws_subnet.aft_vpc_private_subnet_02",
            "module.aft.module.aft_account_request_framework.aws_vpc.aft_vpc",
            "module.aft.module.aft_account_request_framework.data.aws_availability_zones.available",
            "module.aft.module.aft_account_request_framework.data.aws_subnets.kms",
            "module.aft.module.aft_account_request_framework.data.aws_vpc_endpoint_service.kms"
          ]
        }
      ]
    },
    {
      "module": "module.aft.module.aft_account_request_framework",
      "mode": "managed",
      "type": "aws_vpc_endpoint",
      "name": "lambda",
      "provider": "module.aft.provider[\"registry.terraform.io/hashicorp/aws\"].aft_management",
      "instances": [
        {
          "index_key": 0,
          "schema_version": 0,
          "attributes": {
            "arn": "arn:aws:ec2:us-east-1:211125486960:vpc-endpoint/vpce-001b533603dcb5d03",
            "auto_accept": null,
            "cidr_blocks": [],
            "dns_entry": [
              {
                "dns_name": "vpce-001b533603dcb5d03-tv27i4px.lambda.us-east-1.vpce.amazonaws.com",
                "hosted_zone_id": "Z7HUB22UULQXV"
              },
              {
                "dns_name": "vpce-001b533603dcb5d03-tv27i4px-us-east-1a.lambda.us-east-1.vpce.amazonaws.com",
                "hosted_zone_id": "Z7HUB22UULQXV"
              },
              {
                "dns_name": "vpce-001b533603dcb5d03-tv27i4px-us-east-1b.lambda.us-east-1.vpce.amazonaws.com",
                "hosted_zone_id": "Z7HUB22UULQXV"
              },
              {
                "dns_name": "lambda.us-east-1.amazonaws.com",
                "hosted_zone_id": "Z079031433WDJGFV8TG3L"
              },
              {
                "dns_name": "lambda.us-east-1.api.aws",
                "hosted_zone_id": "Z07883013EHCAHS6G4UGF"
              }
            ],
            "dns_options": [
              {
                "dns_record_ip_type": "ipv4",
                "private_dns_only_for_inbound_resolver_endpoint": false
              }
            ],
            "id": "vpce-001b533603dcb5d03",
            "ip_address_type": "ipv4",
            "network_interface_ids": [
              "eni-0b2652c157c6d5e23",
              "eni-0efdf60be8b7a8c01"
            ],
            "owner_id": "211125486960",
            "policy": "{\"Statement\":[{\"Action\":\"*\",\"Effect\":\"Allow\",\"Principal\":\"*\",\"Resource\":\"*\"}]}",
            "prefix_list_id": null,
            "private_dns_enabled": true,
            "requester_managed": false,
            "route_table_ids": [],
            "security_group_ids": [
              "sg-0f426954b4c81ae65"
            ],
            "service_name": "com.amazonaws.us-east-1.lambda",
            "state": "available",
            "subnet_ids": [
              "subnet-03b24b0d60ef39271",
              "subnet-0c23ad8b50e72359f"
            ],
            "tags": null,
            "tags_all": {
              "managed_by": "AFT"
            },
            "timeouts": null,
            "vpc_endpoint_type": "Interface",
            "vpc_id": "vpc-08fcfb12dc19a69d1"
          },
          "sensitive_attributes": [],
          "private": "eyJlMmJmYjczMC1lY2FhLTExZTYtOGY4OC0zNDM2M2JjN2M0YzAiOnsiY3JlYXRlIjo2MDAwMDAwMDAwMDAsImRlbGV0ZSI6NjAwMDAwMDAwMDAwLCJ1cGRhdGUiOjYwMDAwMDAwMDAwMH19",
          "dependencies": [
            "module.aft.data.aws_partition.current",
            "module.aft.module.aft_account_request_framework.aws_security_group.aft_vpc_endpoint_sg",
            "module.aft.module.aft_account_request_framework.aws_subnet.aft_vpc_private_subnet_01",
            "module.aft.module.aft_account_request_framework.aws_subnet.aft_vpc_private_subnet_02",
            "module.aft.module.aft_account_request_framework.aws_vpc.aft_vpc",
            "module.aft.module.aft_account_request_framework.data.aws_availability_zones.available",
            "module.aft.module.aft_account_request_framework.data.aws_subnets.lambda",
            "module.aft.module.aft_account_request_framework.data.aws_vpc_endpoint_service.lambda"
          ]
        }
      ]
    },
    {
      "module": "module.aft.module.aft_account_request_framework",
      "mode": "managed",
      "type": "aws_vpc_endpoint",
      "name": "logs",
      "provider": "module.aft.provider[\"registry.terraform.io/hashicorp/aws\"].aft_management",
      "instances": [
        {
          "index_key": 0,
          "schema_version": 0,
          "attributes": {
            "arn": "arn:aws:ec2:us-east-1:211125486960:vpc-endpoint/vpce-0bbaae719a764c792",
            "auto_accept": null,
            "cidr_blocks": [],
            "dns_entry": [
              {
                "dns_name": "vpce-0bbaae719a764c792-hi8tmkyb.logs.us-east-1.vpce.amazonaws.com",
                "hosted_zone_id": "Z7HUB22UULQXV"
              },
              {
                "dns_name": "vpce-0bbaae719a764c792-hi8tmkyb-us-east-1a.logs.us-east-1.vpce.amazonaws.com",
                "hosted_zone_id": "Z7HUB22UULQXV"
              },
              {
                "dns_name": "vpce-0bbaae719a764c792-hi8tmkyb-us-east-1b.logs.us-east-1.vpce.amazonaws.com",
                "hosted_zone_id": "Z7HUB22UULQXV"
              },
              {
                "dns_name": "logs.us-east-1.amazonaws.com",
                "hosted_zone_id": "Z06643873CERP01SGFRK"
              },
              {
                "dns_name": "logs.us-east-1.api.aws",
                "hosted_zone_id": "Z06639551156T761K8SK0"
              }
            ],
            "dns_options": [
              {
                "dns_record_ip_type": "ipv4",
                "private_dns_only_for_inbound_resolver_endpoint": false
              }
            ],
            "id": "vpce-0bbaae719a764c792",
            "ip_address_type": "ipv4",
            "network_interface_ids": [
              "eni-07bd853d0c59c0e69",
              "eni-08033d945d951e542"
            ],
            "owner_id": "211125486960",
            "policy": "{\"Statement\":[{\"Action\":\"*\",\"Effect\":\"Allow\",\"Principal\":\"*\",\"Resource\":\"*\"}]}",
            "prefix_list_id": null,
            "private_dns_enabled": true,
            "requester_managed": false,
            "route_table_ids": [],
            "security_group_ids": [
              "sg-0f426954b4c81ae65"
            ],
            "service_name": "com.amazonaws.us-east-1.logs",
            "state": "available",
            "subnet_ids": [
              "subnet-03b24b0d60ef39271",
              "subnet-0c23ad8b50e72359f"
            ],
            "tags": null,
            "tags_all": {
              "managed_by": "AFT"
            },
            "timeouts": null,
            "vpc_endpoint_type": "Interface",
            "vpc_id": "vpc-08fcfb12dc19a69d1"
          },
          "sensitive_attributes": [],
          "private": "eyJlMmJmYjczMC1lY2FhLTExZTYtOGY4OC0zNDM2M2JjN2M0YzAiOnsiY3JlYXRlIjo2MDAwMDAwMDAwMDAsImRlbGV0ZSI6NjAwMDAwMDAwMDAwLCJ1cGRhdGUiOjYwMDAwMDAwMDAwMH19",
          "dependencies": [
            "module.aft.data.aws_partition.current",
            "module.aft.module.aft_account_request_framework.aws_security_group.aft_vpc_endpoint_sg",
            "module.aft.module.aft_account_request_framework.aws_subnet.aft_vpc_private_subnet_01",
            "module.aft.module.aft_account_request_framework.aws_subnet.aft_vpc_private_subnet_02",
            "module.aft.module.aft_account_request_framework.aws_vpc.aft_vpc",
            "module.aft.module.aft_account_request_framework.data.aws_availability_zones.available",
            "module.aft.module.aft_account_request_framework.data.aws_subnets.logs",
            "module.aft.module.aft_account_request_framework.data.aws_vpc_endpoint_service.logs"
          ]
        }
      ]
    },
    {
      "module": "module.aft.module.aft_account_request_framework",
      "mode": "managed",
      "type": "aws_vpc_endpoint",
      "name": "s3",
      "provider": "module.aft.provider[\"registry.terraform.io/hashicorp/aws\"].aft_management",
      "instances": [
        {
          "index_key": 0,
          "schema_version": 0,
          "attributes": {
            "arn": "arn:aws:ec2:us-east-1:211125486960:vpc-endpoint/vpce-0a0ad477613522006",
            "auto_accept": null,
            "cidr_blocks": [
              "16.182.0.0/16",
              "18.34.0.0/19",
              "52.216.0.0/15",
              "54.231.0.0/16",
              "3.5.0.0/19",
              "18.34.232.0/21"
            ],
            "dns_entry": [],
            "dns_options": [],
            "id": "vpce-0a0ad477613522006",
            "ip_address_type": "",
            "network_interface_ids": [],
            "owner_id": "211125486960",
            "policy": "{\"Statement\":[{\"Action\":\"*\",\"Effect\":\"Allow\",\"Principal\":\"*\",\"Resource\":\"*\"}],\"Version\":\"2008-10-17\"}",
            "prefix_list_id": "pl-63a5400a",
            "private_dns_enabled": false,
            "requester_managed": false,
            "route_table_ids": [
              "rtb-04b8cf07c8c240795",
              "rtb-056daa9294c0ea540",
              "rtb-08f9619b459d3e519"
            ],
            "security_group_ids": [],
            "service_name": "com.amazonaws.us-east-1.s3",
            "state": "available",
            "subnet_ids": [],
            "tags": null,
            "tags_all": {
              "managed_by": "AFT"
            },
            "timeouts": null,
            "vpc_endpoint_type": "Gateway",
            "vpc_id": "vpc-08fcfb12dc19a69d1"
          },
          "sensitive_attributes": [],
          "private": "eyJlMmJmYjczMC1lY2FhLTExZTYtOGY4OC0zNDM2M2JjN2M0YzAiOnsiY3JlYXRlIjo2MDAwMDAwMDAwMDAsImRlbGV0ZSI6NjAwMDAwMDAwMDAwLCJ1cGRhdGUiOjYwMDAwMDAwMDAwMH19",
          "dependencies": [
            "module.aft.data.aws_partition.current",
            "module.aft.module.aft_account_request_framework.aws_eip.aft-vpc-natgw-01",
            "module.aft.module.aft_account_request_framework.aws_eip.aft-vpc-natgw-02",
            "module.aft.module.aft_account_request_framework.aws_internet_gateway.aft-vpc-igw",
            "module.aft.module.aft_account_request_framework.aws_nat_gateway.aft-vpc-natgw-01",
            "module.aft.module.aft_account_request_framework.aws_nat_gateway.aft-vpc-natgw-02",
            "module.aft.module.aft_account_request_framework.aws_route_table.aft_vpc_private_subnet_01",
            "module.aft.module.aft_account_request_framework.aws_route_table.aft_vpc_private_subnet_02",
            "module.aft.module.aft_account_request_framework.aws_route_table.aft_vpc_public_subnet_01",
            "module.aft.module.aft_account_request_framework.aws_subnet.aft_vpc_public_subnet_01",
            "module.aft.module.aft_account_request_framework.aws_subnet.aft_vpc_public_subnet_02",
            "module.aft.module.aft_account_request_framework.aws_vpc.aft_vpc",
            "module.aft.module.aft_account_request_framework.data.aws_availability_zones.available",
            "module.aft.module.aft_account_request_framework.data.aws_region.aft-management"
          ]
        }
      ]
    },
    {
      "module": "module.aft.module.aft_account_request_framework",
      "mode": "managed",
      "type": "aws_vpc_endpoint",
      "name": "servicecatalog",
      "provider": "module.aft.provider[\"registry.terraform.io/hashicorp/aws\"].aft_management",
      "instances": [
        {
          "index_key": 0,
          "schema_version": 0,
          "attributes": {
            "arn": "arn:aws:ec2:us-east-1:211125486960:vpc-endpoint/vpce-08375d96552461a85",
            "auto_accept": null,
            "cidr_blocks": [],
            "dns_entry": [
              {
                "dns_name": "vpce-08375d96552461a85-ahsj8qak.servicecatalog.us-east-1.vpce.amazonaws.com",
                "hosted_zone_id": "Z7HUB22UULQXV"
              },
              {
                "dns_name": "vpce-08375d96552461a85-ahsj8qak-us-east-1b.servicecatalog.us-east-1.vpce.amazonaws.com",
                "hosted_zone_id": "Z7HUB22UULQXV"
              },
              {
                "dns_name": "vpce-08375d96552461a85-ahsj8qak-us-east-1a.servicecatalog.us-east-1.vpce.amazonaws.com",
                "hosted_zone_id": "Z7HUB22UULQXV"
              },
              {
                "dns_name": "servicecatalog.us-east-1.amazonaws.com",
                "hosted_zone_id": "Z07873562L3FPP81Z03Q7"
              }
            ],
            "dns_options": [
              {
                "dns_record_ip_type": "ipv4",
                "private_dns_only_for_inbound_resolver_endpoint": false
              }
            ],
            "id": "vpce-08375d96552461a85",
            "ip_address_type": "ipv4",
            "network_interface_ids": [
              "eni-016e1b00dca752a74",
              "eni-0acdfa2534c6f03ee"
            ],
            "owner_id": "211125486960",
            "policy": "{\"Statement\":[{\"Action\":\"*\",\"Effect\":\"Allow\",\"Principal\":\"*\",\"Resource\":\"*\"}]}",
            "prefix_list_id": null,
            "private_dns_enabled": true,
            "requester_managed": false,
            "route_table_ids": [],
            "security_group_ids": [
              "sg-0f426954b4c81ae65"
            ],
            "service_name": "com.amazonaws.us-east-1.servicecatalog",
            "state": "available",
            "subnet_ids": [
              "subnet-03b24b0d60ef39271",
              "subnet-0c23ad8b50e72359f"
            ],
            "tags": null,
            "tags_all": {
              "managed_by": "AFT"
            },
            "timeouts": null,
            "vpc_endpoint_type": "Interface",
            "vpc_id": "vpc-08fcfb12dc19a69d1"
          },
          "sensitive_attributes": [],
          "private": "eyJlMmJmYjczMC1lY2FhLTExZTYtOGY4OC0zNDM2M2JjN2M0YzAiOnsiY3JlYXRlIjo2MDAwMDAwMDAwMDAsImRlbGV0ZSI6NjAwMDAwMDAwMDAwLCJ1cGRhdGUiOjYwMDAwMDAwMDAwMH19",
          "dependencies": [
            "module.aft.data.aws_partition.current",
            "module.aft.module.aft_account_request_framework.aws_security_group.aft_vpc_endpoint_sg",
            "module.aft.module.aft_account_request_framework.aws_subnet.aft_vpc_private_subnet_01",
            "module.aft.module.aft_account_request_framework.aws_subnet.aft_vpc_private_subnet_02",
            "module.aft.module.aft_account_request_framework.aws_vpc.aft_vpc",
            "module.aft.module.aft_account_request_framework.data.aws_availability_zones.available",
            "module.aft.module.aft_account_request_framework.data.aws_subnets.servicecatalog",
            "module.aft.module.aft_account_request_framework.data.aws_vpc_endpoint_service.servicecatalog"
          ]
        }
      ]
    },
    {
      "module": "module.aft.module.aft_account_request_framework",
      "mode": "managed",
      "type": "aws_vpc_endpoint",
      "name": "sns",
      "provider": "module.aft.provider[\"registry.terraform.io/hashicorp/aws\"].aft_management",
      "instances": [
        {
          "index_key": 0,
          "schema_version": 0,
          "attributes": {
            "arn": "arn:aws:ec2:us-east-1:211125486960:vpc-endpoint/vpce-0ef612321d2697c79",
            "auto_accept": null,
            "cidr_blocks": [],
            "dns_entry": [
              {
                "dns_name": "vpce-0ef612321d2697c79-5ne9wh7e.sns.us-east-1.vpce.amazonaws.com",
                "hosted_zone_id": "Z7HUB22UULQXV"
              },
              {
                "dns_name": "vpce-0ef612321d2697c79-5ne9wh7e-us-east-1a.sns.us-east-1.vpce.amazonaws.com",
                "hosted_zone_id": "Z7HUB22UULQXV"
              },
              {
                "dns_name": "vpce-0ef612321d2697c79-5ne9wh7e-us-east-1b.sns.us-east-1.vpce.amazonaws.com",
                "hosted_zone_id": "Z7HUB22UULQXV"
              },
              {
                "dns_name": "sns.us-east-1.amazonaws.com",
                "hosted_zone_id": "Z0288360LYCNG60QSVND"
              }
            ],
            "dns_options": [
              {
                "dns_record_ip_type": "ipv4",
                "private_dns_only_for_inbound_resolver_endpoint": false
              }
            ],
            "id": "vpce-0ef612321d2697c79",
            "ip_address_type": "ipv4",
            "network_interface_ids": [
              "eni-04e334df0b7550e7b",
              "eni-073f668c23fa0e7fe"
            ],
            "owner_id": "211125486960",
            "policy": "{\"Statement\":[{\"Action\":\"*\",\"Effect\":\"Allow\",\"Principal\":\"*\",\"Resource\":\"*\"}]}",
            "prefix_list_id": null,
            "private_dns_enabled": true,
            "requester_managed": false,
            "route_table_ids": [],
            "security_group_ids": [
              "sg-0f426954b4c81ae65"
            ],
            "service_name": "com.amazonaws.us-east-1.sns",
            "state": "available",
            "subnet_ids": [
              "subnet-03b24b0d60ef39271",
              "subnet-0c23ad8b50e72359f"
            ],
            "tags": null,
            "tags_all": {
              "managed_by": "AFT"
            },
            "timeouts": null,
            "vpc_endpoint_type": "Interface",
            "vpc_id": "vpc-08fcfb12dc19a69d1"
          },
          "sensitive_attributes": [],
          "private": "eyJlMmJmYjczMC1lY2FhLTExZTYtOGY4OC0zNDM2M2JjN2M0YzAiOnsiY3JlYXRlIjo2MDAwMDAwMDAwMDAsImRlbGV0ZSI6NjAwMDAwMDAwMDAwLCJ1cGRhdGUiOjYwMDAwMDAwMDAwMH19",
          "dependencies": [
            "module.aft.data.aws_partition.current",
            "module.aft.module.aft_account_request_framework.aws_security_group.aft_vpc_endpoint_sg",
            "module.aft.module.aft_account_request_framework.aws_subnet.aft_vpc_private_subnet_01",
            "module.aft.module.aft_account_request_framework.aws_subnet.aft_vpc_private_subnet_02",
            "module.aft.module.aft_account_request_framework.aws_vpc.aft_vpc",
            "module.aft.module.aft_account_request_framework.data.aws_availability_zones.available",
            "module.aft.module.aft_account_request_framework.data.aws_subnets.sns",
            "module.aft.module.aft_account_request_framework.data.aws_vpc_endpoint_service.sns"
          ]
        }
      ]
    },
    {
      "module": "module.aft.module.aft_account_request_framework",
      "mode": "managed",
      "type": "aws_vpc_endpoint",
      "name": "sqs",
      "provider": "module.aft.provider[\"registry.terraform.io/hashicorp/aws\"].aft_management",
      "instances": [
        {
          "index_key": 0,
          "schema_version": 0,
          "attributes": {
            "arn": "arn:aws:ec2:us-east-1:211125486960:vpc-endpoint/vpce-0dd644c86b45e857d",
            "auto_accept": null,
            "cidr_blocks": [],
            "dns_entry": [
              {
                "dns_name": "vpce-0dd644c86b45e857d-vbbl8o7k.sqs.us-east-1.vpce.amazonaws.com",
                "hosted_zone_id": "Z7HUB22UULQXV"
              },
              {
                "dns_name": "vpce-0dd644c86b45e857d-vbbl8o7k-us-east-1a.sqs.us-east-1.vpce.amazonaws.com",
                "hosted_zone_id": "Z7HUB22UULQXV"
              },
              {
                "dns_name": "vpce-0dd644c86b45e857d-vbbl8o7k-us-east-1b.sqs.us-east-1.vpce.amazonaws.com",
                "hosted_zone_id": "Z7HUB22UULQXV"
              },
              {
                "dns_name": "sqs.us-east-1.amazonaws.com",
                "hosted_zone_id": "Z0664026100NF81115JC"
              }
            ],
            "dns_options": [
              {
                "dns_record_ip_type": "ipv4",
                "private_dns_only_for_inbound_resolver_endpoint": false
              }
            ],
            "id": "vpce-0dd644c86b45e857d",
            "ip_address_type": "ipv4",
            "network_interface_ids": [
              "eni-03799493a0c117516",
              "eni-0b5d99b951664e124"
            ],
            "owner_id": "211125486960",
            "policy": "{\"Statement\":[{\"Action\":\"*\",\"Effect\":\"Allow\",\"Principal\":\"*\",\"Resource\":\"*\"}]}",
            "prefix_list_id": null,
            "private_dns_enabled": true,
            "requester_managed": false,
            "route_table_ids": [],
            "security_group_ids": [
              "sg-0f426954b4c81ae65"
            ],
            "service_name": "com.amazonaws.us-east-1.sqs",
            "state": "available",
            "subnet_ids": [
              "subnet-03b24b0d60ef39271",
              "subnet-0c23ad8b50e72359f"
            ],
            "tags": null,
            "tags_all": {
              "managed_by": "AFT"
            },
            "timeouts": null,
            "vpc_endpoint_type": "Interface",
            "vpc_id": "vpc-08fcfb12dc19a69d1"
          },
          "sensitive_attributes": [],
          "private": "eyJlMmJmYjczMC1lY2FhLTExZTYtOGY4OC0zNDM2M2JjN2M0YzAiOnsiY3JlYXRlIjo2MDAwMDAwMDAwMDAsImRlbGV0ZSI6NjAwMDAwMDAwMDAwLCJ1cGRhdGUiOjYwMDAwMDAwMDAwMH19",
          "dependencies": [
            "module.aft.data.aws_partition.current",
            "module.aft.module.aft_account_request_framework.aws_security_group.aft_vpc_endpoint_sg",
            "module.aft.module.aft_account_request_framework.aws_subnet.aft_vpc_private_subnet_01",
            "module.aft.module.aft_account_request_framework.aws_subnet.aft_vpc_private_subnet_02",
            "module.aft.module.aft_account_request_framework.aws_vpc.aft_vpc",
            "module.aft.module.aft_account_request_framework.data.aws_availability_zones.available",
            "module.aft.module.aft_account_request_framework.data.aws_subnets.sqs",
            "module.aft.module.aft_account_request_framework.data.aws_vpc_endpoint_service.sqs"
          ]
        }
      ]
    },
    {
      "module": "module.aft.module.aft_account_request_framework",
      "mode": "managed",
      "type": "aws_vpc_endpoint",
      "name": "ssm",
      "provider": "module.aft.provider[\"registry.terraform.io/hashicorp/aws\"].aft_management",
      "instances": [
        {
          "index_key": 0,
          "schema_version": 0,
          "attributes": {
            "arn": "arn:aws:ec2:us-east-1:211125486960:vpc-endpoint/vpce-0ea1b28108b56f177",
            "auto_accept": null,
            "cidr_blocks": [],
            "dns_entry": [
              {
                "dns_name": "vpce-0ea1b28108b56f177-y0567xi4.ssm.us-east-1.vpce.amazonaws.com",
                "hosted_zone_id": "Z7HUB22UULQXV"
              },
              {
                "dns_name": "vpce-0ea1b28108b56f177-y0567xi4-us-east-1a.ssm.us-east-1.vpce.amazonaws.com",
                "hosted_zone_id": "Z7HUB22UULQXV"
              },
              {
                "dns_name": "vpce-0ea1b28108b56f177-y0567xi4-us-east-1b.ssm.us-east-1.vpce.amazonaws.com",
                "hosted_zone_id": "Z7HUB22UULQXV"
              },
              {
                "dns_name": "ssm.us-east-1.amazonaws.com",
                "hosted_zone_id": "Z07877993KOP7WYN884VW"
              }
            ],
            "dns_options": [
              {
                "dns_record_ip_type": "ipv4",
                "private_dns_only_for_inbound_resolver_endpoint": false
              }
            ],
            "id": "vpce-0ea1b28108b56f177",
            "ip_address_type": "ipv4",
            "network_interface_ids": [
              "eni-0813224c2b083f6b3",
              "eni-0a6373ab533039ec9"
            ],
            "owner_id": "211125486960",
            "policy": "{\"Statement\":[{\"Action\":\"*\",\"Effect\":\"Allow\",\"Principal\":\"*\",\"Resource\":\"*\"}]}",
            "prefix_list_id": null,
            "private_dns_enabled": true,
            "requester_managed": false,
            "route_table_ids": [],
            "security_group_ids": [
              "sg-0f426954b4c81ae65"
            ],
            "service_name": "com.amazonaws.us-east-1.ssm",
            "state": "available",
            "subnet_ids": [
              "subnet-03b24b0d60ef39271",
              "subnet-0c23ad8b50e72359f"
            ],
            "tags": null,
            "tags_all": {
              "managed_by": "AFT"
            },
            "timeouts": null,
            "vpc_endpoint_type": "Interface",
            "vpc_id": "vpc-08fcfb12dc19a69d1"
          },
          "sensitive_attributes": [],
          "private": "eyJlMmJmYjczMC1lY2FhLTExZTYtOGY4OC0zNDM2M2JjN2M0YzAiOnsiY3JlYXRlIjo2MDAwMDAwMDAwMDAsImRlbGV0ZSI6NjAwMDAwMDAwMDAwLCJ1cGRhdGUiOjYwMDAwMDAwMDAwMH19",
          "dependencies": [
            "module.aft.data.aws_partition.current",
            "module.aft.module.aft_account_request_framework.aws_security_group.aft_vpc_endpoint_sg",
            "module.aft.module.aft_account_request_framework.aws_subnet.aft_vpc_private_subnet_01",
            "module.aft.module.aft_account_request_framework.aws_subnet.aft_vpc_private_subnet_02",
            "module.aft.module.aft_account_request_framework.aws_vpc.aft_vpc",
            "module.aft.module.aft_account_request_framework.data.aws_availability_zones.available",
            "module.aft.module.aft_account_request_framework.data.aws_subnets.ssm",
            "module.aft.module.aft_account_request_framework.data.aws_vpc_endpoint_service.ssm"
          ]
        }
      ]
    },
    {
      "module": "module.aft.module.aft_account_request_framework",
      "mode": "managed",
      "type": "aws_vpc_endpoint",
      "name": "states",
      "provider": "module.aft.provider[\"registry.terraform.io/hashicorp/aws\"].aft_management",
      "instances": [
        {
          "index_key": 0,
          "schema_version": 0,
          "attributes": {
            "arn": "arn:aws:ec2:us-east-1:211125486960:vpc-endpoint/vpce-0adc9003b122ee28f",
            "auto_accept": null,
            "cidr_blocks": [],
            "dns_entry": [
              {
                "dns_name": "vpce-0adc9003b122ee28f-dgfghobr.states.us-east-1.vpce.amazonaws.com",
                "hosted_zone_id": "Z7HUB22UULQXV"
              },
              {
                "dns_name": "vpce-0adc9003b122ee28f-dgfghobr-us-east-1a.states.us-east-1.vpce.amazonaws.com",
                "hosted_zone_id": "Z7HUB22UULQXV"
              },
              {
                "dns_name": "vpce-0adc9003b122ee28f-dgfghobr-us-east-1b.states.us-east-1.vpce.amazonaws.com",
                "hosted_zone_id": "Z7HUB22UULQXV"
              },
              {
                "dns_name": "states.us-east-1.amazonaws.com",
                "hosted_zone_id": "Z06697073SJA8ELWE8A2M"
              }
            ],
            "dns_options": [
              {
                "dns_record_ip_type": "ipv4",
                "private_dns_only_for_inbound_resolver_endpoint": false
              }
            ],
            "id": "vpce-0adc9003b122ee28f",
            "ip_address_type": "ipv4",
            "network_interface_ids": [
              "eni-04fd9b9290e62d58a",
              "eni-0a803a7a8cc5f9994"
            ],
            "owner_id": "211125486960",
            "policy": "{\"Statement\":[{\"Action\":\"*\",\"Effect\":\"Allow\",\"Principal\":\"*\",\"Resource\":\"*\"}]}",
            "prefix_list_id": null,
            "private_dns_enabled": true,
            "requester_managed": false,
            "route_table_ids": [],
            "security_group_ids": [
              "sg-0f426954b4c81ae65"
            ],
            "service_name": "com.amazonaws.us-east-1.states",
            "state": "available",
            "subnet_ids": [
              "subnet-03b24b0d60ef39271",
              "subnet-0c23ad8b50e72359f"
            ],
            "tags": null,
            "tags_all": {
              "managed_by": "AFT"
            },
            "timeouts": null,
            "vpc_endpoint_type": "Interface",
            "vpc_id": "vpc-08fcfb12dc19a69d1"
          },
          "sensitive_attributes": [],
          "private": "eyJlMmJmYjczMC1lY2FhLTExZTYtOGY4OC0zNDM2M2JjN2M0YzAiOnsiY3JlYXRlIjo2MDAwMDAwMDAwMDAsImRlbGV0ZSI6NjAwMDAwMDAwMDAwLCJ1cGRhdGUiOjYwMDAwMDAwMDAwMH19",
          "dependencies": [
            "module.aft.data.aws_partition.current",
            "module.aft.module.aft_account_request_framework.aws_security_group.aft_vpc_endpoint_sg",
            "module.aft.module.aft_account_request_framework.aws_subnet.aft_vpc_private_subnet_01",
            "module.aft.module.aft_account_request_framework.aws_subnet.aft_vpc_private_subnet_02",
            "module.aft.module.aft_account_request_framework.aws_vpc.aft_vpc",
            "module.aft.module.aft_account_request_framework.data.aws_availability_zones.available",
            "module.aft.module.aft_account_request_framework.data.aws_subnets.states",
            "module.aft.module.aft_account_request_framework.data.aws_vpc_endpoint_service.states"
          ]
        }
      ]
    },
    {
      "module": "module.aft.module.aft_account_request_framework",
      "mode": "managed",
      "type": "aws_vpc_endpoint",
      "name": "sts",
      "provider": "module.aft.provider[\"registry.terraform.io/hashicorp/aws\"].aft_management",
      "instances": [
        {
          "index_key": 0,
          "schema_version": 0,
          "attributes": {
            "arn": "arn:aws:ec2:us-east-1:211125486960:vpc-endpoint/vpce-0ef2f47a7450fe5b9",
            "auto_accept": null,
            "cidr_blocks": [],
            "dns_entry": [
              {
                "dns_name": "vpce-0ef2f47a7450fe5b9-u4oqd39b.sts.us-east-1.vpce.amazonaws.com",
                "hosted_zone_id": "Z7HUB22UULQXV"
              },
              {
                "dns_name": "vpce-0ef2f47a7450fe5b9-u4oqd39b-us-east-1a.sts.us-east-1.vpce.amazonaws.com",
                "hosted_zone_id": "Z7HUB22UULQXV"
              },
              {
                "dns_name": "vpce-0ef2f47a7450fe5b9-u4oqd39b-us-east-1b.sts.us-east-1.vpce.amazonaws.com",
                "hosted_zone_id": "Z7HUB22UULQXV"
              },
              {
                "dns_name": "sts.us-east-1.amazonaws.com",
                "hosted_zone_id": "Z07885681363FBEXCRDMY"
              }
            ],
            "dns_options": [
              {
                "dns_record_ip_type": "ipv4",
                "private_dns_only_for_inbound_resolver_endpoint": false
              }
            ],
            "id": "vpce-0ef2f47a7450fe5b9",
            "ip_address_type": "ipv4",
            "network_interface_ids": [
              "eni-0083c79d46f2f76b3",
              "eni-0d8052cc4704e6e1b"
            ],
            "owner_id": "211125486960",
            "policy": "{\"Statement\":[{\"Action\":\"*\",\"Effect\":\"Allow\",\"Principal\":\"*\",\"Resource\":\"*\"}]}",
            "prefix_list_id": null,
            "private_dns_enabled": true,
            "requester_managed": false,
            "route_table_ids": [],
            "security_group_ids": [
              "sg-0f426954b4c81ae65"
            ],
            "service_name": "com.amazonaws.us-east-1.sts",
            "state": "available",
            "subnet_ids": [
              "subnet-03b24b0d60ef39271",
              "subnet-0c23ad8b50e72359f"
            ],
            "tags": null,
            "tags_all": {
              "managed_by": "AFT"
            },
            "timeouts": null,
            "vpc_endpoint_type": "Interface",
            "vpc_id": "vpc-08fcfb12dc19a69d1"
          },
          "sensitive_attributes": [],
          "private": "eyJlMmJmYjczMC1lY2FhLTExZTYtOGY4OC0zNDM2M2JjN2M0YzAiOnsiY3JlYXRlIjo2MDAwMDAwMDAwMDAsImRlbGV0ZSI6NjAwMDAwMDAwMDAwLCJ1cGRhdGUiOjYwMDAwMDAwMDAwMH19",
          "dependencies": [
            "module.aft.data.aws_partition.current",
            "module.aft.module.aft_account_request_framework.aws_security_group.aft_vpc_endpoint_sg",
            "module.aft.module.aft_account_request_framework.aws_subnet.aft_vpc_private_subnet_01",
            "module.aft.module.aft_account_request_framework.aws_subnet.aft_vpc_private_subnet_02",
            "module.aft.module.aft_account_request_framework.aws_vpc.aft_vpc",
            "module.aft.module.aft_account_request_framework.data.aws_availability_zones.available",
            "module.aft.module.aft_account_request_framework.data.aws_subnets.sts",
            "module.aft.module.aft_account_request_framework.data.aws_vpc_endpoint_service.sts"
          ]
        }
      ]
    },
    {
      "module": "module.aft.module.aft_backend",
      "mode": "data",
      "type": "aws_caller_identity",
      "name": "current",
      "provider": "module.aft.provider[\"registry.terraform.io/hashicorp/aws\"].aft_management",
      "instances": [
        {
          "schema_version": 0,
          "attributes": {
            "account_id": "211125486960",
            "arn": "arn:aws:sts::211125486960:assumed-role/AWSControlTowerExecution/AWSAFT-Session",
            "id": "211125486960",
            "user_id": "AROATCKAPIVYLH436GB4W:AWSAFT-Session"
          },
          "sensitive_attributes": []
        }
      ]
    },
    {
      "module": "module.aft.module.aft_backend",
      "mode": "managed",
      "type": "aws_kms_key",
      "name": "encrypt-primary-region",
      "provider": "module.aft.provider[\"registry.terraform.io/hashicorp/aws\"].aft_management",
      "instances": [
        {
          "schema_version": 0,
          "attributes": {
            "arn": "arn:aws:kms:us-east-1:211125486960:key/a76f417c-46a6-4d0f-98f1-1877a3bf4bed",
            "bypass_policy_lockout_safety_check": false,
            "custom_key_store_id": "",
            "customer_master_key_spec": "SYMMETRIC_DEFAULT",
            "deletion_window_in_days": 30,
            "description": "Terraform backend KMS key.",
            "enable_key_rotation": true,
            "id": "a76f417c-46a6-4d0f-98f1-1877a3bf4bed",
            "is_enabled": true,
            "key_id": "a76f417c-46a6-4d0f-98f1-1877a3bf4bed",
            "key_usage": "ENCRYPT_DECRYPT",
            "multi_region": false,
            "policy": "{\"Id\":\"key-default-1\",\"Statement\":[{\"Action\":\"kms:*\",\"Effect\":\"Allow\",\"Principal\":{\"AWS\":\"arn:aws:iam::211125486960:root\"},\"Resource\":\"*\",\"Sid\":\"Enable IAM User Permissions\"}],\"Version\":\"2012-10-17\"}",
            "tags": {
              "Name": "aft-backend-211125486960-primary-region-kms-key"
            },
            "tags_all": {
              "Name": "aft-backend-211125486960-primary-region-kms-key",
              "managed_by": "AFT"
            },
            "timeouts": null,
            "xks_key_id": ""
          },
          "sensitive_attributes": [],
          "private": "eyJlMmJmYjczMC1lY2FhLTExZTYtOGY4OC0zNDM2M2JjN2M0YzAiOnsiY3JlYXRlIjoxMjAwMDAwMDAwMDB9fQ==",
          "dependencies": [
            "module.aft.data.aws_partition.current",
            "module.aft.module.aft_backend.data.aws_caller_identity.current"
          ]
        }
      ]
    },
    {
      "module": "module.aft.module.aft_backend",
      "mode": "managed",
      "type": "aws_kms_key",
      "name": "encrypt-secondary-region",
      "provider": "module.aft.provider[\"registry.terraform.io/hashicorp/aws\"].tf_backend_secondary_region",
      "instances": [
        {
          "index_key": 0,
          "schema_version": 0,
          "attributes": {
            "arn": "arn:aws:kms:us-east-2:211125486960:key/d67f4315-d986-4cfb-95ea-e4a20e38636e",
            "bypass_policy_lockout_safety_check": false,
            "custom_key_store_id": "",
            "customer_master_key_spec": "SYMMETRIC_DEFAULT",
            "deletion_window_in_days": 30,
            "description": "Terraform backend KMS key.",
            "enable_key_rotation": true,
            "id": "d67f4315-d986-4cfb-95ea-e4a20e38636e",
            "is_enabled": true,
            "key_id": "d67f4315-d986-4cfb-95ea-e4a20e38636e",
            "key_usage": "ENCRYPT_DECRYPT",
            "multi_region": false,
            "policy": "{\"Id\":\"key-default-1\",\"Statement\":[{\"Action\":\"kms:*\",\"Effect\":\"Allow\",\"Principal\":{\"AWS\":\"arn:aws:iam::211125486960:root\"},\"Resource\":\"*\",\"Sid\":\"Enable IAM User Permissions\"}],\"Version\":\"2012-10-17\"}",
            "tags": {
              "Name": "aft-backend-211125486960-secondary-region-kms-key"
            },
            "tags_all": {
              "Name": "aft-backend-211125486960-secondary-region-kms-key",
              "managed_by": "AFT"
            },
            "timeouts": null,
            "xks_key_id": ""
          },
          "sensitive_attributes": [],
          "private": "eyJlMmJmYjczMC1lY2FhLTExZTYtOGY4OC0zNDM2M2JjN2M0YzAiOnsiY3JlYXRlIjoxMjAwMDAwMDAwMDB9fQ==",
          "dependencies": [
            "module.aft.data.aws_partition.current",
            "module.aft.module.aft_backend.data.aws_caller_identity.current"
          ]
        }
      ]
    },
    {
      "module": "module.aft.module.aft_code_repositories",
      "mode": "data",
      "type": "aws_caller_identity",
      "name": "current",
      "provider": "module.aft.provider[\"registry.terraform.io/hashicorp/aws\"].aft_management",
      "instances": [
        {
          "schema_version": 0,
          "attributes": {
            "account_id": "211125486960",
            "arn": "arn:aws:sts::211125486960:assumed-role/AWSControlTowerExecution/AWSAFT-Session",
            "id": "211125486960",
            "user_id": "AROATCKAPIVYLH436GB4W:AWSAFT-Session"
          },
          "sensitive_attributes": []
        }
      ]
    },
    {
      "module": "module.aft.module.aft_code_repositories",
      "mode": "data",
      "type": "aws_partition",
      "name": "current",
      "provider": "module.aft.provider[\"registry.terraform.io/hashicorp/aws\"].aft_management",
      "instances": [
        {
          "schema_version": 0,
          "attributes": {
            "dns_suffix": "amazonaws.com",
            "id": "aws",
            "partition": "aws",
            "reverse_dns_prefix": "com.amazonaws"
          },
          "sensitive_attributes": []
        }
      ]
    },
    {
      "module": "module.aft.module.aft_code_repositories",
      "mode": "data",
      "type": "aws_region",
      "name": "current",
      "provider": "module.aft.provider[\"registry.terraform.io/hashicorp/aws\"].aft_management",
      "instances": [
        {
          "schema_version": 0,
          "attributes": {
            "description": "US East (N. Virginia)",
            "endpoint": "ec2.us-east-1.amazonaws.com",
            "id": "us-east-1",
            "name": "us-east-1"
          },
          "sensitive_attributes": []
        }
      ]
    },
    {
      "module": "module.aft.module.aft_code_repositories",
      "mode": "data",
      "type": "local_file",
      "name": "account_provisioning_customizations_buildspec",
      "provider": "provider[\"registry.terraform.io/hashicorp/local\"]",
      "instances": [
        {
          "schema_version": 0,
          "attributes": {
            "content": "# Copyright Amazon.com, Inc. or its affiliates. All rights reserved.\n# SPDX-License-Identifier: Apache-2.0\n#\nversion: 0.2\n\nphases:\n  pre_build:\n    commands:\n      - DEFAULT_PATH=$(pwd)\n      - TIMESTAMP=$(date '+%Y-%m-%d %H:%M:%S')\n      - AWS_MODULE_SOURCE=$(aws ssm get-parameter --name \"/aft/config/aft-pipeline-code-source/repo-url\" --query \"Parameter.Value\" --output text)\n      - AWS_MODULE_GIT_REF=$(aws ssm get-parameter --name \"/aft/config/aft-pipeline-code-source/repo-git-ref\" --query \"Parameter.Value\" --output text)\n      - TF_VERSION=$(aws ssm get-parameter --name \"/aft/config/terraform/version\" --query \"Parameter.Value\" --output text)\n      - TF_DISTRIBUTION=$(aws ssm get-parameter --name \"/aft/config/terraform/distribution\" --query \"Parameter.Value\" --output text)\n      - CT_MGMT_REGION=$(aws ssm get-parameter --name \"/aft/config/ct-management-region\" --query \"Parameter.Value\" --output text)\n      - AFT_MGMT_ACCOUNT=$(aws sts get-caller-identity --query Account --output text)\n      - AFT_EXEC_ROLE_ARN=arn:$AWS_PARTITION:iam::$AFT_MGMT_ACCOUNT:role/AWSAFTExecution\n      - AFT_ADMIN_ROLE_NAME=$(aws ssm get-parameter --name /aft/resources/iam/aft-administrator-role-name | jq --raw-output \".Parameter.Value\")\n      - AFT_ADMIN_ROLE_ARN=arn:$AWS_PARTITION:iam::$AFT_MGMT_ACCOUNT:role/$AFT_ADMIN_ROLE_NAME\n      - ROLE_SESSION_NAME=$(aws ssm get-parameter --name /aft/resources/iam/aft-session-name | jq --raw-output \".Parameter.Value\")\n      - |\n        ssh_key_parameter=$(aws ssm get-parameter --name /aft/config/aft-ssh-key --with-decryption 2\u003e /dev/null || echo \"None\")\n        if [[ $ssh_key_parameter != \"None\" ]]; then\n          ssh_key=$(jq --raw-output \".Parameter.Value\" \u003c\u003c\u003c $ssh_key_parameter)\n          mkdir -p ~/.ssh\n          echo \"Host *\" \u003e\u003e ~/.ssh/config\n          echo \"StrictHostKeyChecking no\" \u003e\u003e ~/.ssh/config\n          echo \"UserKnownHostsFile=/dev/null\" \u003e\u003e ~/.ssh/config\n          echo \"$ssh_key\" \u003e ~/.ssh/ssh_key\n          echo -e \"\\n\\n\" \u003e\u003e  ~/.ssh/ssh_key\n          chmod 600 ~/.ssh/ssh_key\n          eval \"$(ssh-agent -s)\"\n          ssh-add ~/.ssh/ssh_key\n        fi\n      - git config --global credential.helper '!aws codecommit credential-helper $@'\n      - git config --global credential.UseHttpPath true\n      - git clone -b $AWS_MODULE_GIT_REF $AWS_MODULE_SOURCE aws-aft-core-framework\n      - python3 -m venv ./venv\n      - source ./venv/bin/activate\n      - pip install jinja2-cli==0.7.0 Jinja2==3.0.1 MarkupSafe==2.0.1 boto3==1.18.56 requests==2.26.0\n      - |\n        if [ $TF_DISTRIBUTION = \"oss\" ]; then\n          TF_BACKEND_REGION=$(aws ssm get-parameter --name \"/aft/config/oss-backend/primary-region\" --query \"Parameter.Value\" --output text)\n          TF_KMS_KEY_ID=$(aws ssm get-parameter --name \"/aft/config/oss-backend/kms-key-id\" --query \"Parameter.Value\" --output text)\n          TF_DDB_TABLE=$(aws ssm get-parameter --name \"/aft/config/oss-backend/table-id\" --query \"Parameter.Value\" --output text)\n          TF_S3_BUCKET=$(aws ssm get-parameter --name \"/aft/config/oss-backend/bucket-id\" --query \"Parameter.Value\" --output text)\n          TF_S3_KEY=account-provisioning-customizations/terraform.tfstate\n          cd /tmp\n          echo \"Installing Terraform\"\n          curl -o terraform_${TF_VERSION}_linux_amd64.zip https://releases.hashicorp.com/terraform/${TF_VERSION}/terraform_${TF_VERSION}_linux_amd64.zip\n          unzip -o terraform_${TF_VERSION}_linux_amd64.zip \u0026\u0026 mv terraform /usr/bin\n          terraform -no-color --version\n          cd $DEFAULT_PATH/terraform\n          for f in *.jinja; do jinja2 $f -D timestamp=\"$TIMESTAMP\" -D tf_distribution_type=$TF_DISTRIBUTION -D region=$TF_BACKEND_REGION -D provider_region=$CT_MGMT_REGION -D bucket=$TF_S3_BUCKET -D key=$TF_S3_KEY -D dynamodb_table=$TF_DDB_TABLE -D kms_key_id=$TF_KMS_KEY_ID -D aft_admin_role_arn=$AFT_EXEC_ROLE_ARN -D tf_version=$TF_VERSION \u003e\u003e ./$(basename $f .jinja).tf; done\n          for f in *.tf; do echo \"\\n \\n\"; echo $f; cat $f; done\n          JSON=$(aws sts assume-role --role-arn ${AFT_ADMIN_ROLE_ARN} --role-session-name ${ROLE_SESSION_NAME})\n          #Make newly assumed role default session\n          export AWS_ACCESS_KEY_ID=$(echo ${JSON} | jq --raw-output \".Credentials[\\\"AccessKeyId\\\"]\")\n          export AWS_SECRET_ACCESS_KEY=$(echo ${JSON} | jq --raw-output \".Credentials[\\\"SecretAccessKey\\\"]\")\n          export AWS_SESSION_TOKEN=$(echo ${JSON} | jq --raw-output \".Credentials[\\\"SessionToken\\\"]\")\n          terraform init -no-color\n        else\n          TF_BACKEND_REGION=$(aws ssm get-parameter --name \"/aft/config/oss-backend/primary-region\" --query \"Parameter.Value\" --output text)\n          TF_ORG_NAME=$(aws ssm get-parameter --name \"/aft/config/terraform/org-name\" --query \"Parameter.Value\" --output text)\n          TF_TOKEN=$(aws ssm get-parameter --name \"/aft/config/terraform/token\" --with-decryption --query \"Parameter.Value\" --output text)\n          TF_ENDPOINT=$(aws ssm get-parameter --name \"/aft/config/terraform/api-endpoint\" --query \"Parameter.Value\" --output text)\n          TF_WORKSPACE_NAME=\"ct-aft-account-provisioning-customizations\"\n          TF_CONFIG_PATH=\"./temp_configuration_file.tar.gz\"\n          cd $DEFAULT_PATH/terraform\n          for f in *.jinja; do jinja2 $f -D timestamp=\"$TIMESTAMP\" -D provider_region=$CT_MGMT_REGION -D tf_distribution_type=$TF_DISTRIBUTION -D terraform_org_name=$TF_ORG_NAME -D terraform_workspace_name=$TF_WORKSPACE_NAME -D aft_admin_role_arn=$AFT_EXEC_ROLE_ARN \u003e\u003e ./$(basename $f .jinja).tf; done\n          for f in *.tf; do echo \"\\n \\n\"; echo $f; cat $f; done\n          cd $DEFAULT_PATH\n          tar -czf temp_configuration_file.tar.gz -C terraform --exclude .git --exclude venv .\n          python3 $DEFAULT_PATH/aws-aft-core-framework/sources/scripts/workspace_manager.py --operation \"deploy\" --organization_name $TF_ORG_NAME --workspace_name $TF_WORKSPACE_NAME --assume_role_arn $AFT_ADMIN_ROLE_ARN --assume_role_session_name $ROLE_SESSION_NAME --api_endpoint $TF_ENDPOINT --api_token $TF_TOKEN --terraform_version $TF_VERSION --config_file $TF_CONFIG_PATH\n        fi\n\n  build:\n    commands:\n      - |\n        if [ $TF_DISTRIBUTION = \"oss\" ]; then\n          terraform apply -no-color --auto-approve\n        fi\n  post_build:\n    commands:\n      - echo \"Post-Build\"\n",
            "content_base64": "IyBDb3B5cmlnaHQgQW1hem9uLmNvbSwgSW5jLiBvciBpdHMgYWZmaWxpYXRlcy4gQWxsIHJpZ2h0cyByZXNlcnZlZC4KIyBTUERYLUxpY2Vuc2UtSWRlbnRpZmllcjogQXBhY2hlLTIuMAojCnZlcnNpb246IDAuMgoKcGhhc2VzOgogIHByZV9idWlsZDoKICAgIGNvbW1hbmRzOgogICAgICAtIERFRkFVTFRfUEFUSD0kKHB3ZCkKICAgICAgLSBUSU1FU1RBTVA9JChkYXRlICcrJVktJW0tJWQgJUg6JU06JVMnKQogICAgICAtIEFXU19NT0RVTEVfU09VUkNFPSQoYXdzIHNzbSBnZXQtcGFyYW1ldGVyIC0tbmFtZSAiL2FmdC9jb25maWcvYWZ0LXBpcGVsaW5lLWNvZGUtc291cmNlL3JlcG8tdXJsIiAtLXF1ZXJ5ICJQYXJhbWV0ZXIuVmFsdWUiIC0tb3V0cHV0IHRleHQpCiAgICAgIC0gQVdTX01PRFVMRV9HSVRfUkVGPSQoYXdzIHNzbSBnZXQtcGFyYW1ldGVyIC0tbmFtZSAiL2FmdC9jb25maWcvYWZ0LXBpcGVsaW5lLWNvZGUtc291cmNlL3JlcG8tZ2l0LXJlZiIgLS1xdWVyeSAiUGFyYW1ldGVyLlZhbHVlIiAtLW91dHB1dCB0ZXh0KQogICAgICAtIFRGX1ZFUlNJT049JChhd3Mgc3NtIGdldC1wYXJhbWV0ZXIgLS1uYW1lICIvYWZ0L2NvbmZpZy90ZXJyYWZvcm0vdmVyc2lvbiIgLS1xdWVyeSAiUGFyYW1ldGVyLlZhbHVlIiAtLW91dHB1dCB0ZXh0KQogICAgICAtIFRGX0RJU1RSSUJVVElPTj0kKGF3cyBzc20gZ2V0LXBhcmFtZXRlciAtLW5hbWUgIi9hZnQvY29uZmlnL3RlcnJhZm9ybS9kaXN0cmlidXRpb24iIC0tcXVlcnkgIlBhcmFtZXRlci5WYWx1ZSIgLS1vdXRwdXQgdGV4dCkKICAgICAgLSBDVF9NR01UX1JFR0lPTj0kKGF3cyBzc20gZ2V0LXBhcmFtZXRlciAtLW5hbWUgIi9hZnQvY29uZmlnL2N0LW1hbmFnZW1lbnQtcmVnaW9uIiAtLXF1ZXJ5ICJQYXJhbWV0ZXIuVmFsdWUiIC0tb3V0cHV0IHRleHQpCiAgICAgIC0gQUZUX01HTVRfQUNDT1VOVD0kKGF3cyBzdHMgZ2V0LWNhbGxlci1pZGVudGl0eSAtLXF1ZXJ5IEFjY291bnQgLS1vdXRwdXQgdGV4dCkKICAgICAgLSBBRlRfRVhFQ19ST0xFX0FSTj1hcm46JEFXU19QQVJUSVRJT046aWFtOjokQUZUX01HTVRfQUNDT1VOVDpyb2xlL0FXU0FGVEV4ZWN1dGlvbgogICAgICAtIEFGVF9BRE1JTl9ST0xFX05BTUU9JChhd3Mgc3NtIGdldC1wYXJhbWV0ZXIgLS1uYW1lIC9hZnQvcmVzb3VyY2VzL2lhbS9hZnQtYWRtaW5pc3RyYXRvci1yb2xlLW5hbWUgfCBqcSAtLXJhdy1vdXRwdXQgIi5QYXJhbWV0ZXIuVmFsdWUiKQogICAgICAtIEFGVF9BRE1JTl9ST0xFX0FSTj1hcm46JEFXU19QQVJUSVRJT046aWFtOjokQUZUX01HTVRfQUNDT1VOVDpyb2xlLyRBRlRfQURNSU5fUk9MRV9OQU1FCiAgICAgIC0gUk9MRV9TRVNTSU9OX05BTUU9JChhd3Mgc3NtIGdldC1wYXJhbWV0ZXIgLS1uYW1lIC9hZnQvcmVzb3VyY2VzL2lhbS9hZnQtc2Vzc2lvbi1uYW1lIHwganEgLS1yYXctb3V0cHV0ICIuUGFyYW1ldGVyLlZhbHVlIikKICAgICAgLSB8CiAgICAgICAgc3NoX2tleV9wYXJhbWV0ZXI9JChhd3Mgc3NtIGdldC1wYXJhbWV0ZXIgLS1uYW1lIC9hZnQvY29uZmlnL2FmdC1zc2gta2V5IC0td2l0aC1kZWNyeXB0aW9uIDI+IC9kZXYvbnVsbCB8fCBlY2hvICJOb25lIikKICAgICAgICBpZiBbWyAkc3NoX2tleV9wYXJhbWV0ZXIgIT0gIk5vbmUiIF1dOyB0aGVuCiAgICAgICAgICBzc2hfa2V5PSQoanEgLS1yYXctb3V0cHV0ICIuUGFyYW1ldGVyLlZhbHVlIiA8PDwgJHNzaF9rZXlfcGFyYW1ldGVyKQogICAgICAgICAgbWtkaXIgLXAgfi8uc3NoCiAgICAgICAgICBlY2hvICJIb3N0ICoiID4+IH4vLnNzaC9jb25maWcKICAgICAgICAgIGVjaG8gIlN0cmljdEhvc3RLZXlDaGVja2luZyBubyIgPj4gfi8uc3NoL2NvbmZpZwogICAgICAgICAgZWNobyAiVXNlcktub3duSG9zdHNGaWxlPS9kZXYvbnVsbCIgPj4gfi8uc3NoL2NvbmZpZwogICAgICAgICAgZWNobyAiJHNzaF9rZXkiID4gfi8uc3NoL3NzaF9rZXkKICAgICAgICAgIGVjaG8gLWUgIlxuXG4iID4+ICB+Ly5zc2gvc3NoX2tleQogICAgICAgICAgY2htb2QgNjAwIH4vLnNzaC9zc2hfa2V5CiAgICAgICAgICBldmFsICIkKHNzaC1hZ2VudCAtcykiCiAgICAgICAgICBzc2gtYWRkIH4vLnNzaC9zc2hfa2V5CiAgICAgICAgZmkKICAgICAgLSBnaXQgY29uZmlnIC0tZ2xvYmFsIGNyZWRlbnRpYWwuaGVscGVyICchYXdzIGNvZGVjb21taXQgY3JlZGVudGlhbC1oZWxwZXIgJEAnCiAgICAgIC0gZ2l0IGNvbmZpZyAtLWdsb2JhbCBjcmVkZW50aWFsLlVzZUh0dHBQYXRoIHRydWUKICAgICAgLSBnaXQgY2xvbmUgLWIgJEFXU19NT0RVTEVfR0lUX1JFRiAkQVdTX01PRFVMRV9TT1VSQ0UgYXdzLWFmdC1jb3JlLWZyYW1ld29yawogICAgICAtIHB5dGhvbjMgLW0gdmVudiAuL3ZlbnYKICAgICAgLSBzb3VyY2UgLi92ZW52L2Jpbi9hY3RpdmF0ZQogICAgICAtIHBpcCBpbnN0YWxsIGppbmphMi1jbGk9PTAuNy4wIEppbmphMj09My4wLjEgTWFya3VwU2FmZT09Mi4wLjEgYm90bzM9PTEuMTguNTYgcmVxdWVzdHM9PTIuMjYuMAogICAgICAtIHwKICAgICAgICBpZiBbICRURl9ESVNUUklCVVRJT04gPSAib3NzIiBdOyB0aGVuCiAgICAgICAgICBURl9CQUNLRU5EX1JFR0lPTj0kKGF3cyBzc20gZ2V0LXBhcmFtZXRlciAtLW5hbWUgIi9hZnQvY29uZmlnL29zcy1iYWNrZW5kL3ByaW1hcnktcmVnaW9uIiAtLXF1ZXJ5ICJQYXJhbWV0ZXIuVmFsdWUiIC0tb3V0cHV0IHRleHQpCiAgICAgICAgICBURl9LTVNfS0VZX0lEPSQoYXdzIHNzbSBnZXQtcGFyYW1ldGVyIC0tbmFtZSAiL2FmdC9jb25maWcvb3NzLWJhY2tlbmQva21zLWtleS1pZCIgLS1xdWVyeSAiUGFyYW1ldGVyLlZhbHVlIiAtLW91dHB1dCB0ZXh0KQogICAgICAgICAgVEZfRERCX1RBQkxFPSQoYXdzIHNzbSBnZXQtcGFyYW1ldGVyIC0tbmFtZSAiL2FmdC9jb25maWcvb3NzLWJhY2tlbmQvdGFibGUtaWQiIC0tcXVlcnkgIlBhcmFtZXRlci5WYWx1ZSIgLS1vdXRwdXQgdGV4dCkKICAgICAgICAgIFRGX1MzX0JVQ0tFVD0kKGF3cyBzc20gZ2V0LXBhcmFtZXRlciAtLW5hbWUgIi9hZnQvY29uZmlnL29zcy1iYWNrZW5kL2J1Y2tldC1pZCIgLS1xdWVyeSAiUGFyYW1ldGVyLlZhbHVlIiAtLW91dHB1dCB0ZXh0KQogICAgICAgICAgVEZfUzNfS0VZPWFjY291bnQtcHJvdmlzaW9uaW5nLWN1c3RvbWl6YXRpb25zL3RlcnJhZm9ybS50ZnN0YXRlCiAgICAgICAgICBjZCAvdG1wCiAgICAgICAgICBlY2hvICJJbnN0YWxsaW5nIFRlcnJhZm9ybSIKICAgICAgICAgIGN1cmwgLW8gdGVycmFmb3JtXyR7VEZfVkVSU0lPTn1fbGludXhfYW1kNjQuemlwIGh0dHBzOi8vcmVsZWFzZXMuaGFzaGljb3JwLmNvbS90ZXJyYWZvcm0vJHtURl9WRVJTSU9OfS90ZXJyYWZvcm1fJHtURl9WRVJTSU9OfV9saW51eF9hbWQ2NC56aXAKICAgICAgICAgIHVuemlwIC1vIHRlcnJhZm9ybV8ke1RGX1ZFUlNJT059X2xpbnV4X2FtZDY0LnppcCAmJiBtdiB0ZXJyYWZvcm0gL3Vzci9iaW4KICAgICAgICAgIHRlcnJhZm9ybSAtbm8tY29sb3IgLS12ZXJzaW9uCiAgICAgICAgICBjZCAkREVGQVVMVF9QQVRIL3RlcnJhZm9ybQogICAgICAgICAgZm9yIGYgaW4gKi5qaW5qYTsgZG8gamluamEyICRmIC1EIHRpbWVzdGFtcD0iJFRJTUVTVEFNUCIgLUQgdGZfZGlzdHJpYnV0aW9uX3R5cGU9JFRGX0RJU1RSSUJVVElPTiAtRCByZWdpb249JFRGX0JBQ0tFTkRfUkVHSU9OIC1EIHByb3ZpZGVyX3JlZ2lvbj0kQ1RfTUdNVF9SRUdJT04gLUQgYnVja2V0PSRURl9TM19CVUNLRVQgLUQga2V5PSRURl9TM19LRVkgLUQgZHluYW1vZGJfdGFibGU9JFRGX0REQl9UQUJMRSAtRCBrbXNfa2V5X2lkPSRURl9LTVNfS0VZX0lEIC1EIGFmdF9hZG1pbl9yb2xlX2Fybj0kQUZUX0VYRUNfUk9MRV9BUk4gLUQgdGZfdmVyc2lvbj0kVEZfVkVSU0lPTiA+PiAuLyQoYmFzZW5hbWUgJGYgLmppbmphKS50ZjsgZG9uZQogICAgICAgICAgZm9yIGYgaW4gKi50ZjsgZG8gZWNobyAiXG4gXG4iOyBlY2hvICRmOyBjYXQgJGY7IGRvbmUKICAgICAgICAgIEpTT049JChhd3Mgc3RzIGFzc3VtZS1yb2xlIC0tcm9sZS1hcm4gJHtBRlRfQURNSU5fUk9MRV9BUk59IC0tcm9sZS1zZXNzaW9uLW5hbWUgJHtST0xFX1NFU1NJT05fTkFNRX0pCiAgICAgICAgICAjTWFrZSBuZXdseSBhc3N1bWVkIHJvbGUgZGVmYXVsdCBzZXNzaW9uCiAgICAgICAgICBleHBvcnQgQVdTX0FDQ0VTU19LRVlfSUQ9JChlY2hvICR7SlNPTn0gfCBqcSAtLXJhdy1vdXRwdXQgIi5DcmVkZW50aWFsc1tcIkFjY2Vzc0tleUlkXCJdIikKICAgICAgICAgIGV4cG9ydCBBV1NfU0VDUkVUX0FDQ0VTU19LRVk9JChlY2hvICR7SlNPTn0gfCBqcSAtLXJhdy1vdXRwdXQgIi5DcmVkZW50aWFsc1tcIlNlY3JldEFjY2Vzc0tleVwiXSIpCiAgICAgICAgICBleHBvcnQgQVdTX1NFU1NJT05fVE9LRU49JChlY2hvICR7SlNPTn0gfCBqcSAtLXJhdy1vdXRwdXQgIi5DcmVkZW50aWFsc1tcIlNlc3Npb25Ub2tlblwiXSIpCiAgICAgICAgICB0ZXJyYWZvcm0gaW5pdCAtbm8tY29sb3IKICAgICAgICBlbHNlCiAgICAgICAgICBURl9CQUNLRU5EX1JFR0lPTj0kKGF3cyBzc20gZ2V0LXBhcmFtZXRlciAtLW5hbWUgIi9hZnQvY29uZmlnL29zcy1iYWNrZW5kL3ByaW1hcnktcmVnaW9uIiAtLXF1ZXJ5ICJQYXJhbWV0ZXIuVmFsdWUiIC0tb3V0cHV0IHRleHQpCiAgICAgICAgICBURl9PUkdfTkFNRT0kKGF3cyBzc20gZ2V0LXBhcmFtZXRlciAtLW5hbWUgIi9hZnQvY29uZmlnL3RlcnJhZm9ybS9vcmctbmFtZSIgLS1xdWVyeSAiUGFyYW1ldGVyLlZhbHVlIiAtLW91dHB1dCB0ZXh0KQogICAgICAgICAgVEZfVE9LRU49JChhd3Mgc3NtIGdldC1wYXJhbWV0ZXIgLS1uYW1lICIvYWZ0L2NvbmZpZy90ZXJyYWZvcm0vdG9rZW4iIC0td2l0aC1kZWNyeXB0aW9uIC0tcXVlcnkgIlBhcmFtZXRlci5WYWx1ZSIgLS1vdXRwdXQgdGV4dCkKICAgICAgICAgIFRGX0VORFBPSU5UPSQoYXdzIHNzbSBnZXQtcGFyYW1ldGVyIC0tbmFtZSAiL2FmdC9jb25maWcvdGVycmFmb3JtL2FwaS1lbmRwb2ludCIgLS1xdWVyeSAiUGFyYW1ldGVyLlZhbHVlIiAtLW91dHB1dCB0ZXh0KQogICAgICAgICAgVEZfV09SS1NQQUNFX05BTUU9ImN0LWFmdC1hY2NvdW50LXByb3Zpc2lvbmluZy1jdXN0b21pemF0aW9ucyIKICAgICAgICAgIFRGX0NPTkZJR19QQVRIPSIuL3RlbXBfY29uZmlndXJhdGlvbl9maWxlLnRhci5neiIKICAgICAgICAgIGNkICRERUZBVUxUX1BBVEgvdGVycmFmb3JtCiAgICAgICAgICBmb3IgZiBpbiAqLmppbmphOyBkbyBqaW5qYTIgJGYgLUQgdGltZXN0YW1wPSIkVElNRVNUQU1QIiAtRCBwcm92aWRlcl9yZWdpb249JENUX01HTVRfUkVHSU9OIC1EIHRmX2Rpc3RyaWJ1dGlvbl90eXBlPSRURl9ESVNUUklCVVRJT04gLUQgdGVycmFmb3JtX29yZ19uYW1lPSRURl9PUkdfTkFNRSAtRCB0ZXJyYWZvcm1fd29ya3NwYWNlX25hbWU9JFRGX1dPUktTUEFDRV9OQU1FIC1EIGFmdF9hZG1pbl9yb2xlX2Fybj0kQUZUX0VYRUNfUk9MRV9BUk4gPj4gLi8kKGJhc2VuYW1lICRmIC5qaW5qYSkudGY7IGRvbmUKICAgICAgICAgIGZvciBmIGluICoudGY7IGRvIGVjaG8gIlxuIFxuIjsgZWNobyAkZjsgY2F0ICRmOyBkb25lCiAgICAgICAgICBjZCAkREVGQVVMVF9QQVRICiAgICAgICAgICB0YXIgLWN6ZiB0ZW1wX2NvbmZpZ3VyYXRpb25fZmlsZS50YXIuZ3ogLUMgdGVycmFmb3JtIC0tZXhjbHVkZSAuZ2l0IC0tZXhjbHVkZSB2ZW52IC4KICAgICAgICAgIHB5dGhvbjMgJERFRkFVTFRfUEFUSC9hd3MtYWZ0LWNvcmUtZnJhbWV3b3JrL3NvdXJjZXMvc2NyaXB0cy93b3Jrc3BhY2VfbWFuYWdlci5weSAtLW9wZXJhdGlvbiAiZGVwbG95IiAtLW9yZ2FuaXphdGlvbl9uYW1lICRURl9PUkdfTkFNRSAtLXdvcmtzcGFjZV9uYW1lICRURl9XT1JLU1BBQ0VfTkFNRSAtLWFzc3VtZV9yb2xlX2FybiAkQUZUX0FETUlOX1JPTEVfQVJOIC0tYXNzdW1lX3JvbGVfc2Vzc2lvbl9uYW1lICRST0xFX1NFU1NJT05fTkFNRSAtLWFwaV9lbmRwb2ludCAkVEZfRU5EUE9JTlQgLS1hcGlfdG9rZW4gJFRGX1RPS0VOIC0tdGVycmFmb3JtX3ZlcnNpb24gJFRGX1ZFUlNJT04gLS1jb25maWdfZmlsZSAkVEZfQ09ORklHX1BBVEgKICAgICAgICBmaQoKICBidWlsZDoKICAgIGNvbW1hbmRzOgogICAgICAtIHwKICAgICAgICBpZiBbICRURl9ESVNUUklCVVRJT04gPSAib3NzIiBdOyB0aGVuCiAgICAgICAgICB0ZXJyYWZvcm0gYXBwbHkgLW5vLWNvbG9yIC0tYXV0by1hcHByb3ZlCiAgICAgICAgZmkKICBwb3N0X2J1aWxkOgogICAgY29tbWFuZHM6CiAgICAgIC0gZWNobyAiUG9zdC1CdWlsZCIK",
            "content_base64sha256": "f65fGV1dtUa32ZkXzNsE90Ws0BQCVw3Gwd2xndIBG8s=",
            "content_base64sha512": "k5TdvBrvM0X6ehlBRLq/5+jV/kWIC++NG2vCkRDJb3Dltuz35Z8Kos/k++sFIoHFMndKHnvAkEdb+82yLKoh2A==",
            "content_md5": "60f0cb08798f2e87f49f04654c6d1ef7",
            "content_sha1": "88482a2b27b0a382fdc48b4215dcdcee90956393",
            "content_sha256": "7fae5f195d5db546b7d99917ccdb04f745acd01402570dc6c1ddb19dd2011bcb",
            "content_sha512": "9394ddbc1aef3345fa7a194144babfe7e8d5fe45880bef8d1b6bc29110c96f70e5b6ecf7e59f0aa2cfe4fbeb052281c532774a1e7bc090475bfbcdb22caa21d8",
            "filename": ".terraform/modules/aft/modules/aft-code-repositories/buildspecs/ct-aft-account-provisioning-customizations.yml",
            "id": "88482a2b27b0a382fdc48b4215dcdcee90956393"
          },
          "sensitive_attributes": []
        }
      ]
    },
    {
      "module": "module.aft.module.aft_code_repositories",
      "mode": "data",
      "type": "local_file",
      "name": "account_request_buildspec",
      "provider": "provider[\"registry.terraform.io/hashicorp/local\"]",
      "instances": [
        {
          "schema_version": 0,
          "attributes": {
            "content": "# Copyright Amazon.com, Inc. or its affiliates. All rights reserved.\n# SPDX-License-Identifier: Apache-2.0\n#\nversion: 0.2\n\nphases:\n  pre_build:\n    commands:\n      - DEFAULT_PATH=$(pwd)\n      - TIMESTAMP=$(date '+%Y-%m-%d %H:%M:%S')\n      - AWS_MODULE_SOURCE=$(aws ssm get-parameter --name \"/aft/config/aft-pipeline-code-source/repo-url\" --query \"Parameter.Value\" --output text)\n      - AWS_MODULE_GIT_REF=$(aws ssm get-parameter --name \"/aft/config/aft-pipeline-code-source/repo-git-ref\" --query \"Parameter.Value\" --output text)\n      - TF_VERSION=$(aws ssm get-parameter --name \"/aft/config/terraform/version\" --query \"Parameter.Value\" --output text)\n      - TF_DISTRIBUTION=$(aws ssm get-parameter --name \"/aft/config/terraform/distribution\" --query \"Parameter.Value\" --output text)\n      - CT_MGMT_REGION=$(aws ssm get-parameter --name \"/aft/config/ct-management-region\" --query \"Parameter.Value\" --output text)\n      - AFT_MGMT_ACCOUNT=$(aws sts get-caller-identity --query Account --output text)\n      - AFT_EXEC_ROLE_ARN=arn:$AWS_PARTITION:iam::$AFT_MGMT_ACCOUNT:role/AWSAFTExecution\n      - AFT_ADMIN_ROLE_NAME=$(aws ssm get-parameter --name /aft/resources/iam/aft-administrator-role-name | jq --raw-output \".Parameter.Value\")\n      - AFT_ADMIN_ROLE_ARN=arn:$AWS_PARTITION:iam::$AFT_MGMT_ACCOUNT:role/$AFT_ADMIN_ROLE_NAME\n      - ROLE_SESSION_NAME=$(aws ssm get-parameter --name /aft/resources/iam/aft-session-name | jq --raw-output \".Parameter.Value\")\n      - |\n        ssh_key_parameter=$(aws ssm get-parameter --name /aft/config/aft-ssh-key --with-decryption 2\u003e /dev/null || echo \"None\")\n        if [[ $ssh_key_parameter != \"None\" ]]; then\n          ssh_key=$(jq --raw-output \".Parameter.Value\" \u003c\u003c\u003c $ssh_key_parameter)\n          mkdir -p ~/.ssh\n          echo \"Host *\" \u003e\u003e ~/.ssh/config\n          echo \"StrictHostKeyChecking no\" \u003e\u003e ~/.ssh/config\n          echo \"UserKnownHostsFile=/dev/null\" \u003e\u003e ~/.ssh/config\n          echo \"$ssh_key\" \u003e ~/.ssh/ssh_key\n          echo -e \"\\n\\n\" \u003e\u003e  ~/.ssh/ssh_key\n          chmod 600 ~/.ssh/ssh_key\n          eval \"$(ssh-agent -s)\"\n          ssh-add ~/.ssh/ssh_key\n        fi\n      - git config --global credential.helper '!aws codecommit credential-helper $@'\n      - git config --global credential.UseHttpPath true\n      - git clone -b $AWS_MODULE_GIT_REF $AWS_MODULE_SOURCE aws-aft-core-framework\n      - python3 -m venv ./venv\n      - source ./venv/bin/activate\n      - pip install jinja2-cli==0.7.0 Jinja2==3.0.1 MarkupSafe==2.0.1 boto3==1.18.56 requests==2.26.0\n      - |\n        if [ $TF_DISTRIBUTION = \"oss\" ]; then\n          TF_BACKEND_REGION=$(aws ssm get-parameter --name \"/aft/config/oss-backend/primary-region\" --query \"Parameter.Value\" --output text)\n          TF_KMS_KEY_ID=$(aws ssm get-parameter --name \"/aft/config/oss-backend/kms-key-id\" --query \"Parameter.Value\" --output text)\n          TF_DDB_TABLE=$(aws ssm get-parameter --name \"/aft/config/oss-backend/table-id\" --query \"Parameter.Value\" --output text)\n          TF_S3_BUCKET=$(aws ssm get-parameter --name \"/aft/config/oss-backend/bucket-id\" --query \"Parameter.Value\" --output text)\n          TF_S3_KEY=account-request/terraform.tfstate\n          cd /tmp\n          echo \"Installing Terraform\"\n          curl -o terraform_${TF_VERSION}_linux_amd64.zip https://releases.hashicorp.com/terraform/${TF_VERSION}/terraform_${TF_VERSION}_linux_amd64.zip\n          unzip -o terraform_${TF_VERSION}_linux_amd64.zip \u0026\u0026 mv terraform /usr/bin\n          terraform --version\n          cd $DEFAULT_PATH/terraform\n          for f in *.jinja; do jinja2 $f -D timestamp=\"$TIMESTAMP\" -D tf_distribution_type=$TF_DISTRIBUTION -D provider_region=$CT_MGMT_REGION -D region=$TF_BACKEND_REGION -D bucket=$TF_S3_BUCKET -D key=$TF_S3_KEY -D dynamodb_table=$TF_DDB_TABLE -D kms_key_id=$TF_KMS_KEY_ID -D aft_admin_role_arn=$AFT_EXEC_ROLE_ARN -D tf_version=$TF_VERSION \u003e\u003e ./$(basename $f .jinja).tf; done\n          for f in *.tf; do echo \"\\n \\n\"; echo $f; cat $f; done\n          JSON=$(aws sts assume-role --role-arn ${AFT_ADMIN_ROLE_ARN} --role-session-name ${ROLE_SESSION_NAME})\n          #Make newly assumed role default session\n          export AWS_ACCESS_KEY_ID=$(echo ${JSON} | jq --raw-output \".Credentials[\\\"AccessKeyId\\\"]\")\n          export AWS_SECRET_ACCESS_KEY=$(echo ${JSON} | jq --raw-output \".Credentials[\\\"SecretAccessKey\\\"]\")\n          export AWS_SESSION_TOKEN=$(echo ${JSON} | jq --raw-output \".Credentials[\\\"SessionToken\\\"]\")\n          terraform init -no-color\n        else\n          TF_ORG_NAME=$(aws ssm get-parameter --name \"/aft/config/terraform/org-name\" --query \"Parameter.Value\" --output text)\n          TF_TOKEN=$(aws ssm get-parameter --name \"/aft/config/terraform/token\" --with-decryption --query \"Parameter.Value\" --output text)\n          TF_ENDPOINT=$(aws ssm get-parameter --name \"/aft/config/terraform/api-endpoint\" --query \"Parameter.Value\" --output text)\n          TF_WORKSPACE_NAME=\"ct-aft-account-request\"\n          TF_CONFIG_PATH=\"./temp_configuration_file.tar.gz\"\n          cd $DEFAULT_PATH/terraform\n          for f in *.jinja; do jinja2 $f -D timestamp=\"$TIMESTAMP\" -D provider_region=$CT_MGMT_REGION -D tf_distribution_type=$TF_DISTRIBUTION -D terraform_org_name=$TF_ORG_NAME -D terraform_workspace_name=$TF_WORKSPACE_NAME -D aft_admin_role_arn=$AFT_EXEC_ROLE_ARN \u003e\u003e ./$(basename $f .jinja).tf; done\n          for f in *.tf; do echo \"\\n \\n\"; echo $f; cat $f; done\n          cd $DEFAULT_PATH\n          tar -czf temp_configuration_file.tar.gz -C terraform --exclude .git --exclude venv .\n          python3 $DEFAULT_PATH/aws-aft-core-framework/sources/scripts/workspace_manager.py --operation \"deploy\" --organization_name $TF_ORG_NAME --workspace_name $TF_WORKSPACE_NAME --assume_role_arn $AFT_ADMIN_ROLE_ARN --assume_role_session_name $ROLE_SESSION_NAME --api_endpoint $TF_ENDPOINT --api_token $TF_TOKEN --terraform_version $TF_VERSION --config_file $TF_CONFIG_PATH\n        fi\n\n  build:\n    commands:\n      - |\n        if [ $TF_DISTRIBUTION = \"oss\" ]; then\n          terraform apply -no-color --auto-approve\n        fi\n  post_build:\n    commands:\n      - echo \"Post-Build\"\n",
            "content_base64": "IyBDb3B5cmlnaHQgQW1hem9uLmNvbSwgSW5jLiBvciBpdHMgYWZmaWxpYXRlcy4gQWxsIHJpZ2h0cyByZXNlcnZlZC4KIyBTUERYLUxpY2Vuc2UtSWRlbnRpZmllcjogQXBhY2hlLTIuMAojCnZlcnNpb246IDAuMgoKcGhhc2VzOgogIHByZV9idWlsZDoKICAgIGNvbW1hbmRzOgogICAgICAtIERFRkFVTFRfUEFUSD0kKHB3ZCkKICAgICAgLSBUSU1FU1RBTVA9JChkYXRlICcrJVktJW0tJWQgJUg6JU06JVMnKQogICAgICAtIEFXU19NT0RVTEVfU09VUkNFPSQoYXdzIHNzbSBnZXQtcGFyYW1ldGVyIC0tbmFtZSAiL2FmdC9jb25maWcvYWZ0LXBpcGVsaW5lLWNvZGUtc291cmNlL3JlcG8tdXJsIiAtLXF1ZXJ5ICJQYXJhbWV0ZXIuVmFsdWUiIC0tb3V0cHV0IHRleHQpCiAgICAgIC0gQVdTX01PRFVMRV9HSVRfUkVGPSQoYXdzIHNzbSBnZXQtcGFyYW1ldGVyIC0tbmFtZSAiL2FmdC9jb25maWcvYWZ0LXBpcGVsaW5lLWNvZGUtc291cmNlL3JlcG8tZ2l0LXJlZiIgLS1xdWVyeSAiUGFyYW1ldGVyLlZhbHVlIiAtLW91dHB1dCB0ZXh0KQogICAgICAtIFRGX1ZFUlNJT049JChhd3Mgc3NtIGdldC1wYXJhbWV0ZXIgLS1uYW1lICIvYWZ0L2NvbmZpZy90ZXJyYWZvcm0vdmVyc2lvbiIgLS1xdWVyeSAiUGFyYW1ldGVyLlZhbHVlIiAtLW91dHB1dCB0ZXh0KQogICAgICAtIFRGX0RJU1RSSUJVVElPTj0kKGF3cyBzc20gZ2V0LXBhcmFtZXRlciAtLW5hbWUgIi9hZnQvY29uZmlnL3RlcnJhZm9ybS9kaXN0cmlidXRpb24iIC0tcXVlcnkgIlBhcmFtZXRlci5WYWx1ZSIgLS1vdXRwdXQgdGV4dCkKICAgICAgLSBDVF9NR01UX1JFR0lPTj0kKGF3cyBzc20gZ2V0LXBhcmFtZXRlciAtLW5hbWUgIi9hZnQvY29uZmlnL2N0LW1hbmFnZW1lbnQtcmVnaW9uIiAtLXF1ZXJ5ICJQYXJhbWV0ZXIuVmFsdWUiIC0tb3V0cHV0IHRleHQpCiAgICAgIC0gQUZUX01HTVRfQUNDT1VOVD0kKGF3cyBzdHMgZ2V0LWNhbGxlci1pZGVudGl0eSAtLXF1ZXJ5IEFjY291bnQgLS1vdXRwdXQgdGV4dCkKICAgICAgLSBBRlRfRVhFQ19ST0xFX0FSTj1hcm46JEFXU19QQVJUSVRJT046aWFtOjokQUZUX01HTVRfQUNDT1VOVDpyb2xlL0FXU0FGVEV4ZWN1dGlvbgogICAgICAtIEFGVF9BRE1JTl9ST0xFX05BTUU9JChhd3Mgc3NtIGdldC1wYXJhbWV0ZXIgLS1uYW1lIC9hZnQvcmVzb3VyY2VzL2lhbS9hZnQtYWRtaW5pc3RyYXRvci1yb2xlLW5hbWUgfCBqcSAtLXJhdy1vdXRwdXQgIi5QYXJhbWV0ZXIuVmFsdWUiKQogICAgICAtIEFGVF9BRE1JTl9ST0xFX0FSTj1hcm46JEFXU19QQVJUSVRJT046aWFtOjokQUZUX01HTVRfQUNDT1VOVDpyb2xlLyRBRlRfQURNSU5fUk9MRV9OQU1FCiAgICAgIC0gUk9MRV9TRVNTSU9OX05BTUU9JChhd3Mgc3NtIGdldC1wYXJhbWV0ZXIgLS1uYW1lIC9hZnQvcmVzb3VyY2VzL2lhbS9hZnQtc2Vzc2lvbi1uYW1lIHwganEgLS1yYXctb3V0cHV0ICIuUGFyYW1ldGVyLlZhbHVlIikKICAgICAgLSB8CiAgICAgICAgc3NoX2tleV9wYXJhbWV0ZXI9JChhd3Mgc3NtIGdldC1wYXJhbWV0ZXIgLS1uYW1lIC9hZnQvY29uZmlnL2FmdC1zc2gta2V5IC0td2l0aC1kZWNyeXB0aW9uIDI+IC9kZXYvbnVsbCB8fCBlY2hvICJOb25lIikKICAgICAgICBpZiBbWyAkc3NoX2tleV9wYXJhbWV0ZXIgIT0gIk5vbmUiIF1dOyB0aGVuCiAgICAgICAgICBzc2hfa2V5PSQoanEgLS1yYXctb3V0cHV0ICIuUGFyYW1ldGVyLlZhbHVlIiA8PDwgJHNzaF9rZXlfcGFyYW1ldGVyKQogICAgICAgICAgbWtkaXIgLXAgfi8uc3NoCiAgICAgICAgICBlY2hvICJIb3N0ICoiID4+IH4vLnNzaC9jb25maWcKICAgICAgICAgIGVjaG8gIlN0cmljdEhvc3RLZXlDaGVja2luZyBubyIgPj4gfi8uc3NoL2NvbmZpZwogICAgICAgICAgZWNobyAiVXNlcktub3duSG9zdHNGaWxlPS9kZXYvbnVsbCIgPj4gfi8uc3NoL2NvbmZpZwogICAgICAgICAgZWNobyAiJHNzaF9rZXkiID4gfi8uc3NoL3NzaF9rZXkKICAgICAgICAgIGVjaG8gLWUgIlxuXG4iID4+ICB+Ly5zc2gvc3NoX2tleQogICAgICAgICAgY2htb2QgNjAwIH4vLnNzaC9zc2hfa2V5CiAgICAgICAgICBldmFsICIkKHNzaC1hZ2VudCAtcykiCiAgICAgICAgICBzc2gtYWRkIH4vLnNzaC9zc2hfa2V5CiAgICAgICAgZmkKICAgICAgLSBnaXQgY29uZmlnIC0tZ2xvYmFsIGNyZWRlbnRpYWwuaGVscGVyICchYXdzIGNvZGVjb21taXQgY3JlZGVudGlhbC1oZWxwZXIgJEAnCiAgICAgIC0gZ2l0IGNvbmZpZyAtLWdsb2JhbCBjcmVkZW50aWFsLlVzZUh0dHBQYXRoIHRydWUKICAgICAgLSBnaXQgY2xvbmUgLWIgJEFXU19NT0RVTEVfR0lUX1JFRiAkQVdTX01PRFVMRV9TT1VSQ0UgYXdzLWFmdC1jb3JlLWZyYW1ld29yawogICAgICAtIHB5dGhvbjMgLW0gdmVudiAuL3ZlbnYKICAgICAgLSBzb3VyY2UgLi92ZW52L2Jpbi9hY3RpdmF0ZQogICAgICAtIHBpcCBpbnN0YWxsIGppbmphMi1jbGk9PTAuNy4wIEppbmphMj09My4wLjEgTWFya3VwU2FmZT09Mi4wLjEgYm90bzM9PTEuMTguNTYgcmVxdWVzdHM9PTIuMjYuMAogICAgICAtIHwKICAgICAgICBpZiBbICRURl9ESVNUUklCVVRJT04gPSAib3NzIiBdOyB0aGVuCiAgICAgICAgICBURl9CQUNLRU5EX1JFR0lPTj0kKGF3cyBzc20gZ2V0LXBhcmFtZXRlciAtLW5hbWUgIi9hZnQvY29uZmlnL29zcy1iYWNrZW5kL3ByaW1hcnktcmVnaW9uIiAtLXF1ZXJ5ICJQYXJhbWV0ZXIuVmFsdWUiIC0tb3V0cHV0IHRleHQpCiAgICAgICAgICBURl9LTVNfS0VZX0lEPSQoYXdzIHNzbSBnZXQtcGFyYW1ldGVyIC0tbmFtZSAiL2FmdC9jb25maWcvb3NzLWJhY2tlbmQva21zLWtleS1pZCIgLS1xdWVyeSAiUGFyYW1ldGVyLlZhbHVlIiAtLW91dHB1dCB0ZXh0KQogICAgICAgICAgVEZfRERCX1RBQkxFPSQoYXdzIHNzbSBnZXQtcGFyYW1ldGVyIC0tbmFtZSAiL2FmdC9jb25maWcvb3NzLWJhY2tlbmQvdGFibGUtaWQiIC0tcXVlcnkgIlBhcmFtZXRlci5WYWx1ZSIgLS1vdXRwdXQgdGV4dCkKICAgICAgICAgIFRGX1MzX0JVQ0tFVD0kKGF3cyBzc20gZ2V0LXBhcmFtZXRlciAtLW5hbWUgIi9hZnQvY29uZmlnL29zcy1iYWNrZW5kL2J1Y2tldC1pZCIgLS1xdWVyeSAiUGFyYW1ldGVyLlZhbHVlIiAtLW91dHB1dCB0ZXh0KQogICAgICAgICAgVEZfUzNfS0VZPWFjY291bnQtcmVxdWVzdC90ZXJyYWZvcm0udGZzdGF0ZQogICAgICAgICAgY2QgL3RtcAogICAgICAgICAgZWNobyAiSW5zdGFsbGluZyBUZXJyYWZvcm0iCiAgICAgICAgICBjdXJsIC1vIHRlcnJhZm9ybV8ke1RGX1ZFUlNJT059X2xpbnV4X2FtZDY0LnppcCBodHRwczovL3JlbGVhc2VzLmhhc2hpY29ycC5jb20vdGVycmFmb3JtLyR7VEZfVkVSU0lPTn0vdGVycmFmb3JtXyR7VEZfVkVSU0lPTn1fbGludXhfYW1kNjQuemlwCiAgICAgICAgICB1bnppcCAtbyB0ZXJyYWZvcm1fJHtURl9WRVJTSU9OfV9saW51eF9hbWQ2NC56aXAgJiYgbXYgdGVycmFmb3JtIC91c3IvYmluCiAgICAgICAgICB0ZXJyYWZvcm0gLS12ZXJzaW9uCiAgICAgICAgICBjZCAkREVGQVVMVF9QQVRIL3RlcnJhZm9ybQogICAgICAgICAgZm9yIGYgaW4gKi5qaW5qYTsgZG8gamluamEyICRmIC1EIHRpbWVzdGFtcD0iJFRJTUVTVEFNUCIgLUQgdGZfZGlzdHJpYnV0aW9uX3R5cGU9JFRGX0RJU1RSSUJVVElPTiAtRCBwcm92aWRlcl9yZWdpb249JENUX01HTVRfUkVHSU9OIC1EIHJlZ2lvbj0kVEZfQkFDS0VORF9SRUdJT04gLUQgYnVja2V0PSRURl9TM19CVUNLRVQgLUQga2V5PSRURl9TM19LRVkgLUQgZHluYW1vZGJfdGFibGU9JFRGX0REQl9UQUJMRSAtRCBrbXNfa2V5X2lkPSRURl9LTVNfS0VZX0lEIC1EIGFmdF9hZG1pbl9yb2xlX2Fybj0kQUZUX0VYRUNfUk9MRV9BUk4gLUQgdGZfdmVyc2lvbj0kVEZfVkVSU0lPTiA+PiAuLyQoYmFzZW5hbWUgJGYgLmppbmphKS50ZjsgZG9uZQogICAgICAgICAgZm9yIGYgaW4gKi50ZjsgZG8gZWNobyAiXG4gXG4iOyBlY2hvICRmOyBjYXQgJGY7IGRvbmUKICAgICAgICAgIEpTT049JChhd3Mgc3RzIGFzc3VtZS1yb2xlIC0tcm9sZS1hcm4gJHtBRlRfQURNSU5fUk9MRV9BUk59IC0tcm9sZS1zZXNzaW9uLW5hbWUgJHtST0xFX1NFU1NJT05fTkFNRX0pCiAgICAgICAgICAjTWFrZSBuZXdseSBhc3N1bWVkIHJvbGUgZGVmYXVsdCBzZXNzaW9uCiAgICAgICAgICBleHBvcnQgQVdTX0FDQ0VTU19LRVlfSUQ9JChlY2hvICR7SlNPTn0gfCBqcSAtLXJhdy1vdXRwdXQgIi5DcmVkZW50aWFsc1tcIkFjY2Vzc0tleUlkXCJdIikKICAgICAgICAgIGV4cG9ydCBBV1NfU0VDUkVUX0FDQ0VTU19LRVk9JChlY2hvICR7SlNPTn0gfCBqcSAtLXJhdy1vdXRwdXQgIi5DcmVkZW50aWFsc1tcIlNlY3JldEFjY2Vzc0tleVwiXSIpCiAgICAgICAgICBleHBvcnQgQVdTX1NFU1NJT05fVE9LRU49JChlY2hvICR7SlNPTn0gfCBqcSAtLXJhdy1vdXRwdXQgIi5DcmVkZW50aWFsc1tcIlNlc3Npb25Ub2tlblwiXSIpCiAgICAgICAgICB0ZXJyYWZvcm0gaW5pdCAtbm8tY29sb3IKICAgICAgICBlbHNlCiAgICAgICAgICBURl9PUkdfTkFNRT0kKGF3cyBzc20gZ2V0LXBhcmFtZXRlciAtLW5hbWUgIi9hZnQvY29uZmlnL3RlcnJhZm9ybS9vcmctbmFtZSIgLS1xdWVyeSAiUGFyYW1ldGVyLlZhbHVlIiAtLW91dHB1dCB0ZXh0KQogICAgICAgICAgVEZfVE9LRU49JChhd3Mgc3NtIGdldC1wYXJhbWV0ZXIgLS1uYW1lICIvYWZ0L2NvbmZpZy90ZXJyYWZvcm0vdG9rZW4iIC0td2l0aC1kZWNyeXB0aW9uIC0tcXVlcnkgIlBhcmFtZXRlci5WYWx1ZSIgLS1vdXRwdXQgdGV4dCkKICAgICAgICAgIFRGX0VORFBPSU5UPSQoYXdzIHNzbSBnZXQtcGFyYW1ldGVyIC0tbmFtZSAiL2FmdC9jb25maWcvdGVycmFmb3JtL2FwaS1lbmRwb2ludCIgLS1xdWVyeSAiUGFyYW1ldGVyLlZhbHVlIiAtLW91dHB1dCB0ZXh0KQogICAgICAgICAgVEZfV09SS1NQQUNFX05BTUU9ImN0LWFmdC1hY2NvdW50LXJlcXVlc3QiCiAgICAgICAgICBURl9DT05GSUdfUEFUSD0iLi90ZW1wX2NvbmZpZ3VyYXRpb25fZmlsZS50YXIuZ3oiCiAgICAgICAgICBjZCAkREVGQVVMVF9QQVRIL3RlcnJhZm9ybQogICAgICAgICAgZm9yIGYgaW4gKi5qaW5qYTsgZG8gamluamEyICRmIC1EIHRpbWVzdGFtcD0iJFRJTUVTVEFNUCIgLUQgcHJvdmlkZXJfcmVnaW9uPSRDVF9NR01UX1JFR0lPTiAtRCB0Zl9kaXN0cmlidXRpb25fdHlwZT0kVEZfRElTVFJJQlVUSU9OIC1EIHRlcnJhZm9ybV9vcmdfbmFtZT0kVEZfT1JHX05BTUUgLUQgdGVycmFmb3JtX3dvcmtzcGFjZV9uYW1lPSRURl9XT1JLU1BBQ0VfTkFNRSAtRCBhZnRfYWRtaW5fcm9sZV9hcm49JEFGVF9FWEVDX1JPTEVfQVJOID4+IC4vJChiYXNlbmFtZSAkZiAuamluamEpLnRmOyBkb25lCiAgICAgICAgICBmb3IgZiBpbiAqLnRmOyBkbyBlY2hvICJcbiBcbiI7IGVjaG8gJGY7IGNhdCAkZjsgZG9uZQogICAgICAgICAgY2QgJERFRkFVTFRfUEFUSAogICAgICAgICAgdGFyIC1jemYgdGVtcF9jb25maWd1cmF0aW9uX2ZpbGUudGFyLmd6IC1DIHRlcnJhZm9ybSAtLWV4Y2x1ZGUgLmdpdCAtLWV4Y2x1ZGUgdmVudiAuCiAgICAgICAgICBweXRob24zICRERUZBVUxUX1BBVEgvYXdzLWFmdC1jb3JlLWZyYW1ld29yay9zb3VyY2VzL3NjcmlwdHMvd29ya3NwYWNlX21hbmFnZXIucHkgLS1vcGVyYXRpb24gImRlcGxveSIgLS1vcmdhbml6YXRpb25fbmFtZSAkVEZfT1JHX05BTUUgLS13b3Jrc3BhY2VfbmFtZSAkVEZfV09SS1NQQUNFX05BTUUgLS1hc3N1bWVfcm9sZV9hcm4gJEFGVF9BRE1JTl9ST0xFX0FSTiAtLWFzc3VtZV9yb2xlX3Nlc3Npb25fbmFtZSAkUk9MRV9TRVNTSU9OX05BTUUgLS1hcGlfZW5kcG9pbnQgJFRGX0VORFBPSU5UIC0tYXBpX3Rva2VuICRURl9UT0tFTiAtLXRlcnJhZm9ybV92ZXJzaW9uICRURl9WRVJTSU9OIC0tY29uZmlnX2ZpbGUgJFRGX0NPTkZJR19QQVRICiAgICAgICAgZmkKCiAgYnVpbGQ6CiAgICBjb21tYW5kczoKICAgICAgLSB8CiAgICAgICAgaWYgWyAkVEZfRElTVFJJQlVUSU9OID0gIm9zcyIgXTsgdGhlbgogICAgICAgICAgdGVycmFmb3JtIGFwcGx5IC1uby1jb2xvciAtLWF1dG8tYXBwcm92ZQogICAgICAgIGZpCiAgcG9zdF9idWlsZDoKICAgIGNvbW1hbmRzOgogICAgICAtIGVjaG8gIlBvc3QtQnVpbGQiCg==",
            "content_base64sha256": "NyZx+pnVFBDUxRNsbjQlgQ4PfmRI6OWmWPwtgY4o69Y=",
            "content_base64sha512": "6Qzn1CF6SmjIQOfXNO1ML03w4rhDqm/Ap1gf6E9Ec+ya7cRM1Hy4upzWUM1XQZDKgw+6qxR92KNRYVMjnC0qfQ==",
            "content_md5": "1392b1aedf603f2fd3001dee9b8d2b94",
            "content_sha1": "497c55e80caa2b64b3b2b64d4033f91a09d96b10",
            "content_sha256": "372671fa99d51410d4c5136c6e3425810e0f7e6448e8e5a658fc2d818e28ebd6",
            "content_sha512": "e90ce7d4217a4a68c840e7d734ed4c2f4df0e2b843aa6fc0a7581fe84f4473ec9aedc44cd47cb8ba9cd650cd574190ca830fbaab147dd8a3516153239c2d2a7d",
            "filename": ".terraform/modules/aft/modules/aft-code-repositories/buildspecs/ct-aft-account-request.yml",
            "id": "497c55e80caa2b64b3b2b64d4033f91a09d96b10"
          },
          "sensitive_attributes": []
        }
      ]
    },
    {
      "module": "module.aft.module.aft_code_repositories",
      "mode": "managed",
      "type": "aws_codestarconnections_connection",
      "name": "bitbucket",
      "provider": "module.aft.provider[\"registry.terraform.io/hashicorp/aws\"].aft_management",
      "instances": []
    },
    {
      "module": "module.aft.module.aft_code_repositories",
      "mode": "managed",
      "type": "aws_codestarconnections_connection",
      "name": "github",
      "provider": "module.aft.provider[\"registry.terraform.io/hashicorp/aws\"].aft_management",
      "instances": [
        {
          "index_key": 0,
          "schema_version": 0,
          "attributes": {
            "arn": "arn:aws:codestar-connections:us-east-1:211125486960:connection/95aa42ef-a53e-4b64-8718-ed100f6a3aa8",
            "connection_status": "PENDING",
            "host_arn": "",
            "id": "arn:aws:codestar-connections:us-east-1:211125486960:connection/95aa42ef-a53e-4b64-8718-ed100f6a3aa8",
            "name": "ct-aft-github-connection",
            "provider_type": "GitHub",
            "tags": null,
            "tags_all": {
              "managed_by": "AFT"
            }
          },
          "sensitive_attributes": [],
          "private": "bnVsbA==",
          "dependencies": [
            "module.aft.data.aws_partition.current"
          ]
        }
      ]
    },
    {
      "module": "module.aft.module.aft_code_repositories",
      "mode": "managed",
      "type": "aws_codestarconnections_connection",
      "name": "githubenterprise",
      "provider": "module.aft.provider[\"registry.terraform.io/hashicorp/aws\"].aft_management",
      "instances": []
    },
    {
      "module": "module.aft.module.aft_code_repositories",
      "mode": "managed",
      "type": "aws_codestarconnections_host",
      "name": "githubenterprise",
      "provider": "module.aft.provider[\"registry.terraform.io/hashicorp/aws\"].aft_management",
      "instances": []
    },
    {
      "module": "module.aft.module.aft_customizations",
      "mode": "data",
      "type": "aws_caller_identity",
      "name": "aft_management",
      "provider": "module.aft.provider[\"registry.terraform.io/hashicorp/aws\"].aft_management",
      "instances": [
        {
          "schema_version": 0,
          "attributes": {
            "account_id": "211125486960",
            "arn": "arn:aws:sts::211125486960:assumed-role/AWSControlTowerExecution/AWSAFT-Session",
            "id": "211125486960",
            "user_id": "AROATCKAPIVYLH436GB4W:AWSAFT-Session"
          },
          "sensitive_attributes": []
        }
      ]
    },
    {
      "module": "module.aft.module.aft_customizations",
      "mode": "data",
      "type": "aws_caller_identity",
      "name": "current",
      "provider": "module.aft.provider[\"registry.terraform.io/hashicorp/aws\"].aft_management",
      "instances": [
        {
          "schema_version": 0,
          "attributes": {
            "account_id": "211125486960",
            "arn": "arn:aws:sts::211125486960:assumed-role/AWSControlTowerExecution/AWSAFT-Session",
            "id": "211125486960",
            "user_id": "AROATCKAPIVYLH436GB4W:AWSAFT-Session"
          },
          "sensitive_attributes": []
        }
      ]
    },
    {
      "module": "module.aft.module.aft_customizations",
      "mode": "data",
      "type": "aws_iam_policy",
      "name": "AWSLambdaBasicExecutionRole",
      "provider": "module.aft.provider[\"registry.terraform.io/hashicorp/aws\"].aft_management",
      "instances": [
        {
          "schema_version": 0,
          "attributes": {
            "arn": "arn:aws:iam::aws:policy/service-role/AWSLambdaBasicExecutionRole",
            "description": "Provides write permissions to CloudWatch Logs.",
            "id": "arn:aws:iam::aws:policy/service-role/AWSLambdaBasicExecutionRole",
            "name": "AWSLambdaBasicExecutionRole",
            "path": "/service-role/",
            "path_prefix": null,
            "policy": "{\n  \"Version\": \"2012-10-17\",\n  \"Statement\": [\n    {\n      \"Effect\": \"Allow\",\n      \"Action\": [\n        \"logs:CreateLogGroup\",\n        \"logs:CreateLogStream\",\n        \"logs:PutLogEvents\"\n      ],\n      \"Resource\": \"*\"\n    }\n  ]\n}",
            "policy_id": "ANPAJNCQGXC42545SKXIK",
            "tags": {}
          },
          "sensitive_attributes": []
        }
      ]
    },
    {
      "module": "module.aft.module.aft_customizations",
      "mode": "data",
      "type": "aws_iam_policy",
      "name": "AWSLambdaVPCAccessExecutionRole",
      "provider": "module.aft.provider[\"registry.terraform.io/hashicorp/aws\"].aft_management",
      "instances": [
        {
          "schema_version": 0,
          "attributes": {
            "arn": "arn:aws:iam::aws:policy/service-role/AWSLambdaVPCAccessExecutionRole",
            "description": "Provides minimum permissions for a Lambda function to execute while accessing a resource within a VPC - create, describe, delete network interfaces and write permissions to CloudWatch Logs. ",
            "id": "arn:aws:iam::aws:policy/service-role/AWSLambdaVPCAccessExecutionRole",
            "name": "AWSLambdaVPCAccessExecutionRole",
            "path": "/service-role/",
            "path_prefix": null,
            "policy": "{\n\t\"Version\": \"2012-10-17\",\n\t\"Statement\": [\n\t\t{\n\t\t\t\"Sid\": \"AWSLambdaVPCAccessExecutionPermissions\",\n\t\t\t\"Effect\": \"Allow\",\n\t\t\t\"Action\": [\n\t\t\t\t\"logs:CreateLogGroup\",\n\t\t\t\t\"logs:CreateLogStream\",\n\t\t\t\t\"logs:PutLogEvents\",\n\t\t\t\t\"ec2:CreateNetworkInterface\",\n\t\t\t\t\"ec2:DescribeNetworkInterfaces\",\n\t\t\t\t\"ec2:DescribeSubnets\",\n\t\t\t\t\"ec2:DeleteNetworkInterface\",\n\t\t\t\t\"ec2:AssignPrivateIpAddresses\",\n\t\t\t\t\"ec2:UnassignPrivateIpAddresses\"\n\t\t\t],\n\t\t\t\"Resource\": \"*\"\n\t\t}\n\t]\n}",
            "policy_id": "ANPAJVTME3YLVNL72YR2K",
            "tags": {}
          },
          "sensitive_attributes": []
        }
      ]
    },
    {
      "module": "module.aft.module.aft_customizations",
      "mode": "data",
      "type": "aws_partition",
      "name": "current",
      "provider": "module.aft.provider[\"registry.terraform.io/hashicorp/aws\"].aft_management",
      "instances": [
        {
          "schema_version": 0,
          "attributes": {
            "dns_suffix": "amazonaws.com",
            "id": "aws",
            "partition": "aws",
            "reverse_dns_prefix": "com.amazonaws"
          },
          "sensitive_attributes": []
        }
      ]
    },
    {
      "module": "module.aft.module.aft_customizations",
      "mode": "data",
      "type": "aws_region",
      "name": "aft_management",
      "provider": "module.aft.provider[\"registry.terraform.io/hashicorp/aws\"].aft_management",
      "instances": [
        {
          "schema_version": 0,
          "attributes": {
            "description": "US East (N. Virginia)",
            "endpoint": "ec2.us-east-1.amazonaws.com",
            "id": "us-east-1",
            "name": "us-east-1"
          },
          "sensitive_attributes": []
        }
      ]
    },
    {
      "module": "module.aft.module.aft_customizations",
      "mode": "data",
      "type": "aws_region",
      "name": "current",
      "provider": "module.aft.provider[\"registry.terraform.io/hashicorp/aws\"].aft_management",
      "instances": [
        {
          "schema_version": 0,
          "attributes": {
            "description": "US East (N. Virginia)",
            "endpoint": "ec2.us-east-1.amazonaws.com",
            "id": "us-east-1",
            "name": "us-east-1"
          },
          "sensitive_attributes": []
        }
      ]
    },
    {
      "module": "module.aft.module.aft_customizations",
      "mode": "data",
      "type": "local_file",
      "name": "aft_account_customizations_terraform",
      "provider": "provider[\"registry.terraform.io/hashicorp/local\"]",
      "instances": [
        {
          "schema_version": 0,
          "attributes": {
            "content": "# Copyright Amazon.com, Inc. or its affiliates. All rights reserved.\n# SPDX-License-Identifier: Apache-2.0\n#\nversion: 0.2\n\nphases:\n  install:\n    on-failure: ABORT\n    commands:\n      - set -e\n      # Populate Required Variables\n      - DEFAULT_PATH=$(pwd)\n      - TIMESTAMP=$(date '+%Y-%m-%d %H:%M:%S')\n      - TF_VERSION=$(aws ssm get-parameter --name \"/aft/config/terraform/version\" --query \"Parameter.Value\" --output text)\n      - TF_DISTRIBUTION=$(aws ssm get-parameter --name \"/aft/config/terraform/distribution\" --query \"Parameter.Value\" --output text)\n      - CT_MGMT_REGION=$(aws ssm get-parameter --name \"/aft/config/ct-management-region\" --query \"Parameter.Value\" --output text)\n      - AFT_MGMT_ACCOUNT=$(aws ssm get-parameter --name \"/aft/account/aft-management/account-id\" --query \"Parameter.Value\" --output text)\n      - AFT_EXEC_ROLE_ARN=arn:$AWS_PARTITION:iam::$AFT_MGMT_ACCOUNT:role/AWSAFTExecution\n      - VENDED_EXEC_ROLE_ARN=arn:$AWS_PARTITION:iam::$VENDED_ACCOUNT_ID:role/AWSAFTExecution\n      - AFT_ADMIN_ROLE_NAME=$(aws ssm get-parameter --name /aft/resources/iam/aft-administrator-role-name | jq --raw-output \".Parameter.Value\")\n      - AFT_ADMIN_ROLE_ARN=arn:$AWS_PARTITION:iam::$AFT_MGMT_ACCOUNT:role/$AFT_ADMIN_ROLE_NAME\n      - ROLE_SESSION_NAME=$(aws ssm get-parameter --name /aft/resources/iam/aft-session-name | jq --raw-output \".Parameter.Value\")\n      - |\n        CUSTOMIZATION=$(aws dynamodb get-item --table-name aft-request-metadata --key \"{\\\"id\\\": {\\\"S\\\": \\\"$VENDED_ACCOUNT_ID\\\"}}\" --attributes-to-get \"account_customizations_name\" | jq --raw-output \".Item.account_customizations_name.S\")\n\n      # Check if customization directory exists       \n      - |\n        if [[ ! -z \"$CUSTOMIZATION\" ]]; then  \n          if [[ ! -d \"$DEFAULT_PATH/$CUSTOMIZATION\" ]]; then\n            echo \"Error: ${CUSTOMIZATION} directory does not exist\"\n            exit 1\n          fi\n          \n          echo \"Found customization\" $CUSTOMIZATION\n\n          # Configure Development SSH Key\n          ssh_key_parameter=$(aws ssm get-parameter --name /aft/config/aft-ssh-key --with-decryption 2\u003e /dev/null || echo \"None\")\n\n          if [[ $ssh_key_parameter != \"None\" ]]; then\n            ssh_key=$(jq --raw-output \".Parameter.Value\" \u003c\u003c\u003c $ssh_key_parameter)\n            mkdir -p ~/.ssh\n            echo \"Host *\" \u003e\u003e ~/.ssh/config\n            echo \"StrictHostKeyChecking no\" \u003e\u003e ~/.ssh/config\n            echo \"UserKnownHostsFile=/dev/null\" \u003e\u003e ~/.ssh/config\n            echo \"$ssh_key\" \u003e ~/.ssh/ssh_key\n            echo -e \"\\n\\n\" \u003e\u003e  ~/.ssh/ssh_key\n            chmod 600 ~/.ssh/ssh_key\n            eval \"$(ssh-agent -s)\"\n            ssh-add ~/.ssh/ssh_key\n          fi   \n\n          # Clone AFT\n          AWS_MODULE_SOURCE=$(aws ssm get-parameter --name \"/aft/config/aft-pipeline-code-source/repo-url\" --query \"Parameter.Value\" --output text)\n          AWS_MODULE_GIT_REF=$(aws ssm get-parameter --name \"/aft/config/aft-pipeline-code-source/repo-git-ref\" --query \"Parameter.Value\" --output text)\n          git config --global credential.helper '!aws codecommit credential-helper $@'\n          git config --global credential.UseHttpPath true\n          git clone --quiet -b $AWS_MODULE_GIT_REF $AWS_MODULE_SOURCE aws-aft-core-framework\n\n          # Install AFT Python Dependencies\n          python3 -m venv $DEFAULT_PATH/aft-venv\n          $DEFAULT_PATH/aft-venv/bin/pip install pip==22.1.2\n          $DEFAULT_PATH/aft-venv/bin/pip install jinja2-cli==0.7.0 Jinja2==3.0.1 MarkupSafe==2.0.1 boto3==1.18.56 requests==2.26.0\n\n          # Install API Helper Python Dependencies\n          python3 -m venv $DEFAULT_PATH/api-helpers-venv\n          $DEFAULT_PATH/api-helpers-venv/bin/pip install -r $DEFAULT_PATH/$CUSTOMIZATION/api_helpers/python/requirements.txt\n\n          # Mark helper scripts as executable\n          chmod +x $DEFAULT_PATH/$CUSTOMIZATION/api_helpers/pre-api-helpers.sh\n          chmod +x $DEFAULT_PATH/$CUSTOMIZATION/api_helpers/post-api-helpers.sh\n\n          # Generate session profiles\n          chmod +x $DEFAULT_PATH/aws-aft-core-framework/sources/scripts/creds.sh\n          $DEFAULT_PATH/aws-aft-core-framework/sources/scripts/creds.sh\n        fi\n\n\n  pre_build:\n    on-failure: ABORT\n    commands:\n      - |\n        if [[ ! -z \"$CUSTOMIZATION\" ]]; then \n          source $DEFAULT_PATH/api-helpers-venv/bin/activate\n          export AWS_PROFILE=aft-target\n          $DEFAULT_PATH/$CUSTOMIZATION/api_helpers/pre-api-helpers.sh\n          unset AWS_PROFILE\n        fi\n\n  build:\n    on-failure: CONTINUE\n    commands:\n      # Apply Customizations\n      - |\n        if [[ ! -z \"$CUSTOMIZATION\" ]]; then \n          source $DEFAULT_PATH/aft-venv/bin/activate\n          if [ $TF_DISTRIBUTION = \"oss\" ]; then\n            TF_BACKEND_REGION=$(aws ssm get-parameter --name \"/aft/config/oss-backend/primary-region\" --query \"Parameter.Value\" --output text)\n            TF_KMS_KEY_ID=$(aws ssm get-parameter --name \"/aft/config/oss-backend/kms-key-id\" --query \"Parameter.Value\" --output text)\n            TF_DDB_TABLE=$(aws ssm get-parameter --name \"/aft/config/oss-backend/table-id\" --query \"Parameter.Value\" --output text)\n            TF_S3_BUCKET=$(aws ssm get-parameter --name \"/aft/config/oss-backend/bucket-id\" --query \"Parameter.Value\" --output text)\n            TF_S3_KEY=$VENDED_ACCOUNT_ID-aft-account-customizations/terraform.tfstate\n\n            cd /tmp\n            echo \"Installing Terraform\"\n            curl -q -o terraform_${TF_VERSION}_linux_amd64.zip https://releases.hashicorp.com/terraform/${TF_VERSION}/terraform_${TF_VERSION}_linux_amd64.zip\n            mkdir -p /opt/aft/bin\n            unzip -q -o terraform_${TF_VERSION}_linux_amd64.zip \n            mv terraform /opt/aft/bin\n            /opt/aft/bin/terraform -no-color --version\n\n            cd $DEFAULT_PATH/$CUSTOMIZATION/terraform\n            for f in *.jinja; do jinja2 $f -D timestamp=\"$TIMESTAMP\" -D tf_distribution_type=$TF_DISTRIBUTION -D provider_region=$CT_MGMT_REGION -D region=$TF_BACKEND_REGION -D aft_admin_role_arn=$AFT_EXEC_ROLE_ARN -D target_admin_role_arn=$VENDED_EXEC_ROLE_ARN -D bucket=$TF_S3_BUCKET -D key=$TF_S3_KEY -D dynamodb_table=$TF_DDB_TABLE -D kms_key_id=$TF_KMS_KEY_ID -D tf_version=$TF_VERSION \u003e\u003e ./$(basename $f .jinja).tf; done\n            for f in *.tf; do echo \"\\n \\n\"; echo $f; cat $f; done\n            \n            cd $DEFAULT_PATH/$CUSTOMIZATION/terraform\n            export AWS_PROFILE=aft-management-admin\n            /opt/aft/bin/terraform init -no-color\n            /opt/aft/bin/terraform apply -no-color --auto-approve\n          else\n            TF_BACKEND_REGION=$(aws ssm get-parameter --name \"/aft/config/oss-backend/primary-region\" --query \"Parameter.Value\" --output text)\n            TF_ORG_NAME=$(aws ssm get-parameter --name \"/aft/config/terraform/org-name\" --query \"Parameter.Value\" --output text)\n            TF_TOKEN=$(aws ssm get-parameter --name \"/aft/config/terraform/token\" --with-decryption --query \"Parameter.Value\" --output text)\n            TF_ENDPOINT=$(aws ssm get-parameter --name \"/aft/config/terraform/api-endpoint\" --query \"Parameter.Value\" --output text)\n            TF_WORKSPACE_NAME=$VENDED_ACCOUNT_ID-aft-account-customizations\n            TF_CONFIG_PATH=\"./temp_configuration_file.tar.gz\"\n\n            cd $DEFAULT_PATH/$CUSTOMIZATION/terraform\n            for f in *.jinja; do jinja2 $f -D timestamp=\"$TIMESTAMP\" -D provider_region=$CT_MGMT_REGION -D tf_distribution_type=$TF_DISTRIBUTION -D aft_admin_role_arn=$AFT_EXEC_ROLE_ARN -D target_admin_role_arn=$VENDED_EXEC_ROLE_ARN -D terraform_org_name=$TF_ORG_NAME -D terraform_workspace_name=$TF_WORKSPACE_NAME  \u003e\u003e ./$(basename $f .jinja).tf; done\n            for f in *.tf; do echo \"\\n \\n\"; echo $f; cat $f; done\n            \n            cd $DEFAULT_PATH/$CUSTOMIZATION\n            tar -czf temp_configuration_file.tar.gz -C terraform --exclude .git --exclude venv .\n            python3 $DEFAULT_PATH/aws-aft-core-framework/sources/scripts/workspace_manager.py --operation \"deploy\" --organization_name $TF_ORG_NAME --workspace_name $TF_WORKSPACE_NAME --assume_role_arn $AFT_ADMIN_ROLE_ARN --assume_role_session_name $ROLE_SESSION_NAME --api_endpoint $TF_ENDPOINT --api_token $TF_TOKEN --terraform_version $TF_VERSION --config_file $TF_CONFIG_PATH\n          fi\n        fi\n  post_build:\n    on-failure: ABORT\n    commands:\n      - |\n        if [[ ! -z \"$CUSTOMIZATION\" ]]; then\n          export PYTHONPATH=\"$DEFAULT_PATH/aws-aft-core-framework/sources/aft-lambda-layer:$PYTHONPATH\"\n          export AWS_PROFILE=aft-management\n          python3 $DEFAULT_PATH/aws-aft-core-framework/sources/aft-lambda-layer/aft_common/metrics.py --codebuild-name \"aft-account-customizations\" --codebuild-status $CODEBUILD_BUILD_SUCCEEDING\n          unset AWS_PROFILE\n        fi\n      - |\n        if [[ $CODEBUILD_BUILD_SUCCEEDING == 0 ]]; then\n          exit 1\n        fi\n      - |\n        if [[ ! -z \"$CUSTOMIZATION\" ]]; then \n          source $DEFAULT_PATH/api-helpers-venv/bin/activate\n          export AWS_PROFILE=aft-target\n          $DEFAULT_PATH/$CUSTOMIZATION/api_helpers/post-api-helpers.sh\n        fi\n",
            "content_base64": "IyBDb3B5cmlnaHQgQW1hem9uLmNvbSwgSW5jLiBvciBpdHMgYWZmaWxpYXRlcy4gQWxsIHJpZ2h0cyByZXNlcnZlZC4KIyBTUERYLUxpY2Vuc2UtSWRlbnRpZmllcjogQXBhY2hlLTIuMAojCnZlcnNpb246IDAuMgoKcGhhc2VzOgogIGluc3RhbGw6CiAgICBvbi1mYWlsdXJlOiBBQk9SVAogICAgY29tbWFuZHM6CiAgICAgIC0gc2V0IC1lCiAgICAgICMgUG9wdWxhdGUgUmVxdWlyZWQgVmFyaWFibGVzCiAgICAgIC0gREVGQVVMVF9QQVRIPSQocHdkKQogICAgICAtIFRJTUVTVEFNUD0kKGRhdGUgJyslWS0lbS0lZCAlSDolTTolUycpCiAgICAgIC0gVEZfVkVSU0lPTj0kKGF3cyBzc20gZ2V0LXBhcmFtZXRlciAtLW5hbWUgIi9hZnQvY29uZmlnL3RlcnJhZm9ybS92ZXJzaW9uIiAtLXF1ZXJ5ICJQYXJhbWV0ZXIuVmFsdWUiIC0tb3V0cHV0IHRleHQpCiAgICAgIC0gVEZfRElTVFJJQlVUSU9OPSQoYXdzIHNzbSBnZXQtcGFyYW1ldGVyIC0tbmFtZSAiL2FmdC9jb25maWcvdGVycmFmb3JtL2Rpc3RyaWJ1dGlvbiIgLS1xdWVyeSAiUGFyYW1ldGVyLlZhbHVlIiAtLW91dHB1dCB0ZXh0KQogICAgICAtIENUX01HTVRfUkVHSU9OPSQoYXdzIHNzbSBnZXQtcGFyYW1ldGVyIC0tbmFtZSAiL2FmdC9jb25maWcvY3QtbWFuYWdlbWVudC1yZWdpb24iIC0tcXVlcnkgIlBhcmFtZXRlci5WYWx1ZSIgLS1vdXRwdXQgdGV4dCkKICAgICAgLSBBRlRfTUdNVF9BQ0NPVU5UPSQoYXdzIHNzbSBnZXQtcGFyYW1ldGVyIC0tbmFtZSAiL2FmdC9hY2NvdW50L2FmdC1tYW5hZ2VtZW50L2FjY291bnQtaWQiIC0tcXVlcnkgIlBhcmFtZXRlci5WYWx1ZSIgLS1vdXRwdXQgdGV4dCkKICAgICAgLSBBRlRfRVhFQ19ST0xFX0FSTj1hcm46JEFXU19QQVJUSVRJT046aWFtOjokQUZUX01HTVRfQUNDT1VOVDpyb2xlL0FXU0FGVEV4ZWN1dGlvbgogICAgICAtIFZFTkRFRF9FWEVDX1JPTEVfQVJOPWFybjokQVdTX1BBUlRJVElPTjppYW06OiRWRU5ERURfQUNDT1VOVF9JRDpyb2xlL0FXU0FGVEV4ZWN1dGlvbgogICAgICAtIEFGVF9BRE1JTl9ST0xFX05BTUU9JChhd3Mgc3NtIGdldC1wYXJhbWV0ZXIgLS1uYW1lIC9hZnQvcmVzb3VyY2VzL2lhbS9hZnQtYWRtaW5pc3RyYXRvci1yb2xlLW5hbWUgfCBqcSAtLXJhdy1vdXRwdXQgIi5QYXJhbWV0ZXIuVmFsdWUiKQogICAgICAtIEFGVF9BRE1JTl9ST0xFX0FSTj1hcm46JEFXU19QQVJUSVRJT046aWFtOjokQUZUX01HTVRfQUNDT1VOVDpyb2xlLyRBRlRfQURNSU5fUk9MRV9OQU1FCiAgICAgIC0gUk9MRV9TRVNTSU9OX05BTUU9JChhd3Mgc3NtIGdldC1wYXJhbWV0ZXIgLS1uYW1lIC9hZnQvcmVzb3VyY2VzL2lhbS9hZnQtc2Vzc2lvbi1uYW1lIHwganEgLS1yYXctb3V0cHV0ICIuUGFyYW1ldGVyLlZhbHVlIikKICAgICAgLSB8CiAgICAgICAgQ1VTVE9NSVpBVElPTj0kKGF3cyBkeW5hbW9kYiBnZXQtaXRlbSAtLXRhYmxlLW5hbWUgYWZ0LXJlcXVlc3QtbWV0YWRhdGEgLS1rZXkgIntcImlkXCI6IHtcIlNcIjogXCIkVkVOREVEX0FDQ09VTlRfSURcIn19IiAtLWF0dHJpYnV0ZXMtdG8tZ2V0ICJhY2NvdW50X2N1c3RvbWl6YXRpb25zX25hbWUiIHwganEgLS1yYXctb3V0cHV0ICIuSXRlbS5hY2NvdW50X2N1c3RvbWl6YXRpb25zX25hbWUuUyIpCgogICAgICAjIENoZWNrIGlmIGN1c3RvbWl6YXRpb24gZGlyZWN0b3J5IGV4aXN0cyAgICAgICAKICAgICAgLSB8CiAgICAgICAgaWYgW1sgISAteiAiJENVU1RPTUlaQVRJT04iIF1dOyB0aGVuICAKICAgICAgICAgIGlmIFtbICEgLWQgIiRERUZBVUxUX1BBVEgvJENVU1RPTUlaQVRJT04iIF1dOyB0aGVuCiAgICAgICAgICAgIGVjaG8gIkVycm9yOiAke0NVU1RPTUlaQVRJT059IGRpcmVjdG9yeSBkb2VzIG5vdCBleGlzdCIKICAgICAgICAgICAgZXhpdCAxCiAgICAgICAgICBmaQogICAgICAgICAgCiAgICAgICAgICBlY2hvICJGb3VuZCBjdXN0b21pemF0aW9uIiAkQ1VTVE9NSVpBVElPTgoKICAgICAgICAgICMgQ29uZmlndXJlIERldmVsb3BtZW50IFNTSCBLZXkKICAgICAgICAgIHNzaF9rZXlfcGFyYW1ldGVyPSQoYXdzIHNzbSBnZXQtcGFyYW1ldGVyIC0tbmFtZSAvYWZ0L2NvbmZpZy9hZnQtc3NoLWtleSAtLXdpdGgtZGVjcnlwdGlvbiAyPiAvZGV2L251bGwgfHwgZWNobyAiTm9uZSIpCgogICAgICAgICAgaWYgW1sgJHNzaF9rZXlfcGFyYW1ldGVyICE9ICJOb25lIiBdXTsgdGhlbgogICAgICAgICAgICBzc2hfa2V5PSQoanEgLS1yYXctb3V0cHV0ICIuUGFyYW1ldGVyLlZhbHVlIiA8PDwgJHNzaF9rZXlfcGFyYW1ldGVyKQogICAgICAgICAgICBta2RpciAtcCB+Ly5zc2gKICAgICAgICAgICAgZWNobyAiSG9zdCAqIiA+PiB+Ly5zc2gvY29uZmlnCiAgICAgICAgICAgIGVjaG8gIlN0cmljdEhvc3RLZXlDaGVja2luZyBubyIgPj4gfi8uc3NoL2NvbmZpZwogICAgICAgICAgICBlY2hvICJVc2VyS25vd25Ib3N0c0ZpbGU9L2Rldi9udWxsIiA+PiB+Ly5zc2gvY29uZmlnCiAgICAgICAgICAgIGVjaG8gIiRzc2hfa2V5IiA+IH4vLnNzaC9zc2hfa2V5CiAgICAgICAgICAgIGVjaG8gLWUgIlxuXG4iID4+ICB+Ly5zc2gvc3NoX2tleQogICAgICAgICAgICBjaG1vZCA2MDAgfi8uc3NoL3NzaF9rZXkKICAgICAgICAgICAgZXZhbCAiJChzc2gtYWdlbnQgLXMpIgogICAgICAgICAgICBzc2gtYWRkIH4vLnNzaC9zc2hfa2V5CiAgICAgICAgICBmaSAgIAoKICAgICAgICAgICMgQ2xvbmUgQUZUCiAgICAgICAgICBBV1NfTU9EVUxFX1NPVVJDRT0kKGF3cyBzc20gZ2V0LXBhcmFtZXRlciAtLW5hbWUgIi9hZnQvY29uZmlnL2FmdC1waXBlbGluZS1jb2RlLXNvdXJjZS9yZXBvLXVybCIgLS1xdWVyeSAiUGFyYW1ldGVyLlZhbHVlIiAtLW91dHB1dCB0ZXh0KQogICAgICAgICAgQVdTX01PRFVMRV9HSVRfUkVGPSQoYXdzIHNzbSBnZXQtcGFyYW1ldGVyIC0tbmFtZSAiL2FmdC9jb25maWcvYWZ0LXBpcGVsaW5lLWNvZGUtc291cmNlL3JlcG8tZ2l0LXJlZiIgLS1xdWVyeSAiUGFyYW1ldGVyLlZhbHVlIiAtLW91dHB1dCB0ZXh0KQogICAgICAgICAgZ2l0IGNvbmZpZyAtLWdsb2JhbCBjcmVkZW50aWFsLmhlbHBlciAnIWF3cyBjb2RlY29tbWl0IGNyZWRlbnRpYWwtaGVscGVyICRAJwogICAgICAgICAgZ2l0IGNvbmZpZyAtLWdsb2JhbCBjcmVkZW50aWFsLlVzZUh0dHBQYXRoIHRydWUKICAgICAgICAgIGdpdCBjbG9uZSAtLXF1aWV0IC1iICRBV1NfTU9EVUxFX0dJVF9SRUYgJEFXU19NT0RVTEVfU09VUkNFIGF3cy1hZnQtY29yZS1mcmFtZXdvcmsKCiAgICAgICAgICAjIEluc3RhbGwgQUZUIFB5dGhvbiBEZXBlbmRlbmNpZXMKICAgICAgICAgIHB5dGhvbjMgLW0gdmVudiAkREVGQVVMVF9QQVRIL2FmdC12ZW52CiAgICAgICAgICAkREVGQVVMVF9QQVRIL2FmdC12ZW52L2Jpbi9waXAgaW5zdGFsbCBwaXA9PTIyLjEuMgogICAgICAgICAgJERFRkFVTFRfUEFUSC9hZnQtdmVudi9iaW4vcGlwIGluc3RhbGwgamluamEyLWNsaT09MC43LjAgSmluamEyPT0zLjAuMSBNYXJrdXBTYWZlPT0yLjAuMSBib3RvMz09MS4xOC41NiByZXF1ZXN0cz09Mi4yNi4wCgogICAgICAgICAgIyBJbnN0YWxsIEFQSSBIZWxwZXIgUHl0aG9uIERlcGVuZGVuY2llcwogICAgICAgICAgcHl0aG9uMyAtbSB2ZW52ICRERUZBVUxUX1BBVEgvYXBpLWhlbHBlcnMtdmVudgogICAgICAgICAgJERFRkFVTFRfUEFUSC9hcGktaGVscGVycy12ZW52L2Jpbi9waXAgaW5zdGFsbCAtciAkREVGQVVMVF9QQVRILyRDVVNUT01JWkFUSU9OL2FwaV9oZWxwZXJzL3B5dGhvbi9yZXF1aXJlbWVudHMudHh0CgogICAgICAgICAgIyBNYXJrIGhlbHBlciBzY3JpcHRzIGFzIGV4ZWN1dGFibGUKICAgICAgICAgIGNobW9kICt4ICRERUZBVUxUX1BBVEgvJENVU1RPTUlaQVRJT04vYXBpX2hlbHBlcnMvcHJlLWFwaS1oZWxwZXJzLnNoCiAgICAgICAgICBjaG1vZCAreCAkREVGQVVMVF9QQVRILyRDVVNUT01JWkFUSU9OL2FwaV9oZWxwZXJzL3Bvc3QtYXBpLWhlbHBlcnMuc2gKCiAgICAgICAgICAjIEdlbmVyYXRlIHNlc3Npb24gcHJvZmlsZXMKICAgICAgICAgIGNobW9kICt4ICRERUZBVUxUX1BBVEgvYXdzLWFmdC1jb3JlLWZyYW1ld29yay9zb3VyY2VzL3NjcmlwdHMvY3JlZHMuc2gKICAgICAgICAgICRERUZBVUxUX1BBVEgvYXdzLWFmdC1jb3JlLWZyYW1ld29yay9zb3VyY2VzL3NjcmlwdHMvY3JlZHMuc2gKICAgICAgICBmaQoKCiAgcHJlX2J1aWxkOgogICAgb24tZmFpbHVyZTogQUJPUlQKICAgIGNvbW1hbmRzOgogICAgICAtIHwKICAgICAgICBpZiBbWyAhIC16ICIkQ1VTVE9NSVpBVElPTiIgXV07IHRoZW4gCiAgICAgICAgICBzb3VyY2UgJERFRkFVTFRfUEFUSC9hcGktaGVscGVycy12ZW52L2Jpbi9hY3RpdmF0ZQogICAgICAgICAgZXhwb3J0IEFXU19QUk9GSUxFPWFmdC10YXJnZXQKICAgICAgICAgICRERUZBVUxUX1BBVEgvJENVU1RPTUlaQVRJT04vYXBpX2hlbHBlcnMvcHJlLWFwaS1oZWxwZXJzLnNoCiAgICAgICAgICB1bnNldCBBV1NfUFJPRklMRQogICAgICAgIGZpCgogIGJ1aWxkOgogICAgb24tZmFpbHVyZTogQ09OVElOVUUKICAgIGNvbW1hbmRzOgogICAgICAjIEFwcGx5IEN1c3RvbWl6YXRpb25zCiAgICAgIC0gfAogICAgICAgIGlmIFtbICEgLXogIiRDVVNUT01JWkFUSU9OIiBdXTsgdGhlbiAKICAgICAgICAgIHNvdXJjZSAkREVGQVVMVF9QQVRIL2FmdC12ZW52L2Jpbi9hY3RpdmF0ZQogICAgICAgICAgaWYgWyAkVEZfRElTVFJJQlVUSU9OID0gIm9zcyIgXTsgdGhlbgogICAgICAgICAgICBURl9CQUNLRU5EX1JFR0lPTj0kKGF3cyBzc20gZ2V0LXBhcmFtZXRlciAtLW5hbWUgIi9hZnQvY29uZmlnL29zcy1iYWNrZW5kL3ByaW1hcnktcmVnaW9uIiAtLXF1ZXJ5ICJQYXJhbWV0ZXIuVmFsdWUiIC0tb3V0cHV0IHRleHQpCiAgICAgICAgICAgIFRGX0tNU19LRVlfSUQ9JChhd3Mgc3NtIGdldC1wYXJhbWV0ZXIgLS1uYW1lICIvYWZ0L2NvbmZpZy9vc3MtYmFja2VuZC9rbXMta2V5LWlkIiAtLXF1ZXJ5ICJQYXJhbWV0ZXIuVmFsdWUiIC0tb3V0cHV0IHRleHQpCiAgICAgICAgICAgIFRGX0REQl9UQUJMRT0kKGF3cyBzc20gZ2V0LXBhcmFtZXRlciAtLW5hbWUgIi9hZnQvY29uZmlnL29zcy1iYWNrZW5kL3RhYmxlLWlkIiAtLXF1ZXJ5ICJQYXJhbWV0ZXIuVmFsdWUiIC0tb3V0cHV0IHRleHQpCiAgICAgICAgICAgIFRGX1MzX0JVQ0tFVD0kKGF3cyBzc20gZ2V0LXBhcmFtZXRlciAtLW5hbWUgIi9hZnQvY29uZmlnL29zcy1iYWNrZW5kL2J1Y2tldC1pZCIgLS1xdWVyeSAiUGFyYW1ldGVyLlZhbHVlIiAtLW91dHB1dCB0ZXh0KQogICAgICAgICAgICBURl9TM19LRVk9JFZFTkRFRF9BQ0NPVU5UX0lELWFmdC1hY2NvdW50LWN1c3RvbWl6YXRpb25zL3RlcnJhZm9ybS50ZnN0YXRlCgogICAgICAgICAgICBjZCAvdG1wCiAgICAgICAgICAgIGVjaG8gIkluc3RhbGxpbmcgVGVycmFmb3JtIgogICAgICAgICAgICBjdXJsIC1xIC1vIHRlcnJhZm9ybV8ke1RGX1ZFUlNJT059X2xpbnV4X2FtZDY0LnppcCBodHRwczovL3JlbGVhc2VzLmhhc2hpY29ycC5jb20vdGVycmFmb3JtLyR7VEZfVkVSU0lPTn0vdGVycmFmb3JtXyR7VEZfVkVSU0lPTn1fbGludXhfYW1kNjQuemlwCiAgICAgICAgICAgIG1rZGlyIC1wIC9vcHQvYWZ0L2JpbgogICAgICAgICAgICB1bnppcCAtcSAtbyB0ZXJyYWZvcm1fJHtURl9WRVJTSU9OfV9saW51eF9hbWQ2NC56aXAgCiAgICAgICAgICAgIG12IHRlcnJhZm9ybSAvb3B0L2FmdC9iaW4KICAgICAgICAgICAgL29wdC9hZnQvYmluL3RlcnJhZm9ybSAtbm8tY29sb3IgLS12ZXJzaW9uCgogICAgICAgICAgICBjZCAkREVGQVVMVF9QQVRILyRDVVNUT01JWkFUSU9OL3RlcnJhZm9ybQogICAgICAgICAgICBmb3IgZiBpbiAqLmppbmphOyBkbyBqaW5qYTIgJGYgLUQgdGltZXN0YW1wPSIkVElNRVNUQU1QIiAtRCB0Zl9kaXN0cmlidXRpb25fdHlwZT0kVEZfRElTVFJJQlVUSU9OIC1EIHByb3ZpZGVyX3JlZ2lvbj0kQ1RfTUdNVF9SRUdJT04gLUQgcmVnaW9uPSRURl9CQUNLRU5EX1JFR0lPTiAtRCBhZnRfYWRtaW5fcm9sZV9hcm49JEFGVF9FWEVDX1JPTEVfQVJOIC1EIHRhcmdldF9hZG1pbl9yb2xlX2Fybj0kVkVOREVEX0VYRUNfUk9MRV9BUk4gLUQgYnVja2V0PSRURl9TM19CVUNLRVQgLUQga2V5PSRURl9TM19LRVkgLUQgZHluYW1vZGJfdGFibGU9JFRGX0REQl9UQUJMRSAtRCBrbXNfa2V5X2lkPSRURl9LTVNfS0VZX0lEIC1EIHRmX3ZlcnNpb249JFRGX1ZFUlNJT04gPj4gLi8kKGJhc2VuYW1lICRmIC5qaW5qYSkudGY7IGRvbmUKICAgICAgICAgICAgZm9yIGYgaW4gKi50ZjsgZG8gZWNobyAiXG4gXG4iOyBlY2hvICRmOyBjYXQgJGY7IGRvbmUKICAgICAgICAgICAgCiAgICAgICAgICAgIGNkICRERUZBVUxUX1BBVEgvJENVU1RPTUlaQVRJT04vdGVycmFmb3JtCiAgICAgICAgICAgIGV4cG9ydCBBV1NfUFJPRklMRT1hZnQtbWFuYWdlbWVudC1hZG1pbgogICAgICAgICAgICAvb3B0L2FmdC9iaW4vdGVycmFmb3JtIGluaXQgLW5vLWNvbG9yCiAgICAgICAgICAgIC9vcHQvYWZ0L2Jpbi90ZXJyYWZvcm0gYXBwbHkgLW5vLWNvbG9yIC0tYXV0by1hcHByb3ZlCiAgICAgICAgICBlbHNlCiAgICAgICAgICAgIFRGX0JBQ0tFTkRfUkVHSU9OPSQoYXdzIHNzbSBnZXQtcGFyYW1ldGVyIC0tbmFtZSAiL2FmdC9jb25maWcvb3NzLWJhY2tlbmQvcHJpbWFyeS1yZWdpb24iIC0tcXVlcnkgIlBhcmFtZXRlci5WYWx1ZSIgLS1vdXRwdXQgdGV4dCkKICAgICAgICAgICAgVEZfT1JHX05BTUU9JChhd3Mgc3NtIGdldC1wYXJhbWV0ZXIgLS1uYW1lICIvYWZ0L2NvbmZpZy90ZXJyYWZvcm0vb3JnLW5hbWUiIC0tcXVlcnkgIlBhcmFtZXRlci5WYWx1ZSIgLS1vdXRwdXQgdGV4dCkKICAgICAgICAgICAgVEZfVE9LRU49JChhd3Mgc3NtIGdldC1wYXJhbWV0ZXIgLS1uYW1lICIvYWZ0L2NvbmZpZy90ZXJyYWZvcm0vdG9rZW4iIC0td2l0aC1kZWNyeXB0aW9uIC0tcXVlcnkgIlBhcmFtZXRlci5WYWx1ZSIgLS1vdXRwdXQgdGV4dCkKICAgICAgICAgICAgVEZfRU5EUE9JTlQ9JChhd3Mgc3NtIGdldC1wYXJhbWV0ZXIgLS1uYW1lICIvYWZ0L2NvbmZpZy90ZXJyYWZvcm0vYXBpLWVuZHBvaW50IiAtLXF1ZXJ5ICJQYXJhbWV0ZXIuVmFsdWUiIC0tb3V0cHV0IHRleHQpCiAgICAgICAgICAgIFRGX1dPUktTUEFDRV9OQU1FPSRWRU5ERURfQUNDT1VOVF9JRC1hZnQtYWNjb3VudC1jdXN0b21pemF0aW9ucwogICAgICAgICAgICBURl9DT05GSUdfUEFUSD0iLi90ZW1wX2NvbmZpZ3VyYXRpb25fZmlsZS50YXIuZ3oiCgogICAgICAgICAgICBjZCAkREVGQVVMVF9QQVRILyRDVVNUT01JWkFUSU9OL3RlcnJhZm9ybQogICAgICAgICAgICBmb3IgZiBpbiAqLmppbmphOyBkbyBqaW5qYTIgJGYgLUQgdGltZXN0YW1wPSIkVElNRVNUQU1QIiAtRCBwcm92aWRlcl9yZWdpb249JENUX01HTVRfUkVHSU9OIC1EIHRmX2Rpc3RyaWJ1dGlvbl90eXBlPSRURl9ESVNUUklCVVRJT04gLUQgYWZ0X2FkbWluX3JvbGVfYXJuPSRBRlRfRVhFQ19ST0xFX0FSTiAtRCB0YXJnZXRfYWRtaW5fcm9sZV9hcm49JFZFTkRFRF9FWEVDX1JPTEVfQVJOIC1EIHRlcnJhZm9ybV9vcmdfbmFtZT0kVEZfT1JHX05BTUUgLUQgdGVycmFmb3JtX3dvcmtzcGFjZV9uYW1lPSRURl9XT1JLU1BBQ0VfTkFNRSAgPj4gLi8kKGJhc2VuYW1lICRmIC5qaW5qYSkudGY7IGRvbmUKICAgICAgICAgICAgZm9yIGYgaW4gKi50ZjsgZG8gZWNobyAiXG4gXG4iOyBlY2hvICRmOyBjYXQgJGY7IGRvbmUKICAgICAgICAgICAgCiAgICAgICAgICAgIGNkICRERUZBVUxUX1BBVEgvJENVU1RPTUlaQVRJT04KICAgICAgICAgICAgdGFyIC1jemYgdGVtcF9jb25maWd1cmF0aW9uX2ZpbGUudGFyLmd6IC1DIHRlcnJhZm9ybSAtLWV4Y2x1ZGUgLmdpdCAtLWV4Y2x1ZGUgdmVudiAuCiAgICAgICAgICAgIHB5dGhvbjMgJERFRkFVTFRfUEFUSC9hd3MtYWZ0LWNvcmUtZnJhbWV3b3JrL3NvdXJjZXMvc2NyaXB0cy93b3Jrc3BhY2VfbWFuYWdlci5weSAtLW9wZXJhdGlvbiAiZGVwbG95IiAtLW9yZ2FuaXphdGlvbl9uYW1lICRURl9PUkdfTkFNRSAtLXdvcmtzcGFjZV9uYW1lICRURl9XT1JLU1BBQ0VfTkFNRSAtLWFzc3VtZV9yb2xlX2FybiAkQUZUX0FETUlOX1JPTEVfQVJOIC0tYXNzdW1lX3JvbGVfc2Vzc2lvbl9uYW1lICRST0xFX1NFU1NJT05fTkFNRSAtLWFwaV9lbmRwb2ludCAkVEZfRU5EUE9JTlQgLS1hcGlfdG9rZW4gJFRGX1RPS0VOIC0tdGVycmFmb3JtX3ZlcnNpb24gJFRGX1ZFUlNJT04gLS1jb25maWdfZmlsZSAkVEZfQ09ORklHX1BBVEgKICAgICAgICAgIGZpCiAgICAgICAgZmkKICBwb3N0X2J1aWxkOgogICAgb24tZmFpbHVyZTogQUJPUlQKICAgIGNvbW1hbmRzOgogICAgICAtIHwKICAgICAgICBpZiBbWyAhIC16ICIkQ1VTVE9NSVpBVElPTiIgXV07IHRoZW4KICAgICAgICAgIGV4cG9ydCBQWVRIT05QQVRIPSIkREVGQVVMVF9QQVRIL2F3cy1hZnQtY29yZS1mcmFtZXdvcmsvc291cmNlcy9hZnQtbGFtYmRhLWxheWVyOiRQWVRIT05QQVRIIgogICAgICAgICAgZXhwb3J0IEFXU19QUk9GSUxFPWFmdC1tYW5hZ2VtZW50CiAgICAgICAgICBweXRob24zICRERUZBVUxUX1BBVEgvYXdzLWFmdC1jb3JlLWZyYW1ld29yay9zb3VyY2VzL2FmdC1sYW1iZGEtbGF5ZXIvYWZ0X2NvbW1vbi9tZXRyaWNzLnB5IC0tY29kZWJ1aWxkLW5hbWUgImFmdC1hY2NvdW50LWN1c3RvbWl6YXRpb25zIiAtLWNvZGVidWlsZC1zdGF0dXMgJENPREVCVUlMRF9CVUlMRF9TVUNDRUVESU5HCiAgICAgICAgICB1bnNldCBBV1NfUFJPRklMRQogICAgICAgIGZpCiAgICAgIC0gfAogICAgICAgIGlmIFtbICRDT0RFQlVJTERfQlVJTERfU1VDQ0VFRElORyA9PSAwIF1dOyB0aGVuCiAgICAgICAgICBleGl0IDEKICAgICAgICBmaQogICAgICAtIHwKICAgICAgICBpZiBbWyAhIC16ICIkQ1VTVE9NSVpBVElPTiIgXV07IHRoZW4gCiAgICAgICAgICBzb3VyY2UgJERFRkFVTFRfUEFUSC9hcGktaGVscGVycy12ZW52L2Jpbi9hY3RpdmF0ZQogICAgICAgICAgZXhwb3J0IEFXU19QUk9GSUxFPWFmdC10YXJnZXQKICAgICAgICAgICRERUZBVUxUX1BBVEgvJENVU1RPTUlaQVRJT04vYXBpX2hlbHBlcnMvcG9zdC1hcGktaGVscGVycy5zaAogICAgICAgIGZpCg==",
            "content_base64sha256": "f537qHEwXbH7ANB/K329uyOpx2Lk4zlXrmvurpTDZhw=",
            "content_base64sha512": "puwSSvUjMgN7ccmxu1BYbdfeuYL3WsVEIMq/o4RmXgecRWWIXN7VPXriENBxoaEvfEbhKPt1c96VpvRIB5Lmzg==",
            "content_md5": "6175986f0fcb12871520ddfe4f7694dc",
            "content_sha1": "e3b73f20620958f3bd783d0671afee58456934af",
            "content_sha256": "7f9dfba871305db1fb00d07f2b7dbdbb23a9c762e4e33957ae6beeae94c3661c",
            "content_sha512": "a6ec124af52332037b71c9b1bb50586dd7deb982f75ac54420cabfa384665e079c4565885cded53d7ae210d071a1a12f7c46e128fb7573de95a6f4480792e6ce",
            "filename": ".terraform/modules/aft/modules/aft-customizations/buildspecs/aft-account-customizations-terraform.yml",
            "id": "e3b73f20620958f3bd783d0671afee58456934af"
          },
          "sensitive_attributes": []
        }
      ]
    },
    {
      "module": "module.aft.module.aft_customizations",
      "mode": "data",
      "type": "local_file",
      "name": "aft_create_pipeline",
      "provider": "provider[\"registry.terraform.io/hashicorp/local\"]",
      "instances": [
        {
          "schema_version": 0,
          "attributes": {
            "content": "# Copyright Amazon.com, Inc. or its affiliates. All rights reserved.\n# SPDX-License-Identifier: Apache-2.0\n#\nversion: 0.2\n\nphases:\n  install:\n    commands:\n      - set -e\n      # Populate Required Variables\n      - DEFAULT_PATH=$(pwd)\n      - TIMESTAMP=$(date '+%Y-%m-%d %H:%M:%S')\n      - TF_S3_BUCKET=$(aws ssm get-parameter --name $SSM_TF_S3_BUCKET --query \"Parameter.Value\" --output text)\n      - TF_S3_KEY=$VENDED_ACCOUNT_ID-customizations-pipeline/terraform.tfstate\n      - TF_BACKEND_REGION=$(aws ssm get-parameter --name $SSM_TF_BACKEND_REGION --query \"Parameter.Value\" --output text)\n      - TF_KMS_KEY_ID=$(aws ssm get-parameter --name $SSM_TF_KMS_KEY_ID --query \"Parameter.Value\" --output text)\n      - TF_DDB_TABLE=$(aws ssm get-parameter --name $SSM_TF_DDB_TABLE --query \"Parameter.Value\" --output text)\n      - TF_VERSION=$(aws ssm get-parameter --name $SSM_TF_VERSION --query \"Parameter.Value\" --output text)\n\n\n      # Configure Development SSH Key\n      - |\n        ssh_key_parameter=$(aws ssm get-parameter --name /aft/config/aft-ssh-key --with-decryption 2\u003e /dev/null || echo \"None\")\n        if [[ $ssh_key_parameter != \"None\" ]]; then\n          ssh_key=$(jq --raw-output \".Parameter.Value\" \u003c\u003c\u003c $ssh_key_parameter)\n          mkdir -p ~/.ssh\n          echo \"Host *\" \u003e\u003e ~/.ssh/config\n          echo \"StrictHostKeyChecking no\" \u003e\u003e ~/.ssh/config\n          echo \"UserKnownHostsFile=/dev/null\" \u003e\u003e ~/.ssh/config\n          echo \"$ssh_key\" \u003e ~/.ssh/ssh_key\n          echo -e \"\\n\\n\" \u003e\u003e  ~/.ssh/ssh_key\n          chmod 600 ~/.ssh/ssh_key\n          eval \"$(ssh-agent -s)\"\n          ssh-add ~/.ssh/ssh_key\n        fi\n\n      # Clone AFT\n      - AWS_MODULE_SOURCE=$(aws ssm get-parameter --name $SSM_AWS_MODULE_SOURCE --query \"Parameter.Value\" --output text)\n      - AWS_MODULE_GIT_REF=$(aws ssm get-parameter --name $SSM_AWS_MODULE_GIT_REF --query \"Parameter.Value\" --output text)\n      - git config --global credential.helper '!aws codecommit credential-helper $@'\n      - git config --global credential.UseHttpPath true\n      - git clone --quiet -b $AWS_MODULE_GIT_REF $AWS_MODULE_SOURCE aws-aft-core-framework\n\n      # Generate session profiles\n      - chmod +x $DEFAULT_PATH/aws-aft-core-framework/sources/scripts/creds.sh\n      - $DEFAULT_PATH/aws-aft-core-framework/sources/scripts/creds.sh\n\n      # Install Terraform\n      - cd /tmp\n      - echo \"Installing Terraform\"\n      - curl -q -o terraform_${TF_VERSION}_linux_amd64.zip https://releases.hashicorp.com/terraform/${TF_VERSION}/terraform_${TF_VERSION}_linux_amd64.zip\n      - unzip -q -o terraform_${TF_VERSION}_linux_amd64.zip \u0026\u0026 mv terraform /usr/bin\n      - terraform --version\n\n      # Install Python Dependencies\n      - python3 -m venv ./venv\n      - source ./venv/bin/activate\n      - pip install pip==22.1.2\n      - pip install jinja2-cli==0.7.0 Jinja2==3.0.1\n\n  pre_build:\n    on-failure: ABORT\n    commands:\n      - cd $DEFAULT_PATH/aws-aft-core-framework/sources/aft-customizations-common/templates/customizations_pipeline\n      - for f in *.jinja; do jinja2 $f -D timestamp=\"$TIMESTAMP\" -D region=$TF_BACKEND_REGION -D bucket=$TF_S3_BUCKET -D key=$TF_S3_KEY -D dynamodb_table=$TF_DDB_TABLE -D kms_key_id=$TF_KMS_KEY_ID -D tf_version=$TF_VERSION \u003e\u003e $(basename $f .jinja).tf; done\n      - for f in *.tf; do echo \"\\n \\n\"; echo $f; cat $f; done\n  build:\n    on-failure: ABORT\n    commands:\n      - export AWS_PROFILE=aft-management-admin\n      - terraform init -no-color\n      - terraform apply -var=\"account_id=$VENDED_ACCOUNT_ID\" -no-color --auto-approve\n",
            "content_base64": "IyBDb3B5cmlnaHQgQW1hem9uLmNvbSwgSW5jLiBvciBpdHMgYWZmaWxpYXRlcy4gQWxsIHJpZ2h0cyByZXNlcnZlZC4KIyBTUERYLUxpY2Vuc2UtSWRlbnRpZmllcjogQXBhY2hlLTIuMAojCnZlcnNpb246IDAuMgoKcGhhc2VzOgogIGluc3RhbGw6CiAgICBjb21tYW5kczoKICAgICAgLSBzZXQgLWUKICAgICAgIyBQb3B1bGF0ZSBSZXF1aXJlZCBWYXJpYWJsZXMKICAgICAgLSBERUZBVUxUX1BBVEg9JChwd2QpCiAgICAgIC0gVElNRVNUQU1QPSQoZGF0ZSAnKyVZLSVtLSVkICVIOiVNOiVTJykKICAgICAgLSBURl9TM19CVUNLRVQ9JChhd3Mgc3NtIGdldC1wYXJhbWV0ZXIgLS1uYW1lICRTU01fVEZfUzNfQlVDS0VUIC0tcXVlcnkgIlBhcmFtZXRlci5WYWx1ZSIgLS1vdXRwdXQgdGV4dCkKICAgICAgLSBURl9TM19LRVk9JFZFTkRFRF9BQ0NPVU5UX0lELWN1c3RvbWl6YXRpb25zLXBpcGVsaW5lL3RlcnJhZm9ybS50ZnN0YXRlCiAgICAgIC0gVEZfQkFDS0VORF9SRUdJT049JChhd3Mgc3NtIGdldC1wYXJhbWV0ZXIgLS1uYW1lICRTU01fVEZfQkFDS0VORF9SRUdJT04gLS1xdWVyeSAiUGFyYW1ldGVyLlZhbHVlIiAtLW91dHB1dCB0ZXh0KQogICAgICAtIFRGX0tNU19LRVlfSUQ9JChhd3Mgc3NtIGdldC1wYXJhbWV0ZXIgLS1uYW1lICRTU01fVEZfS01TX0tFWV9JRCAtLXF1ZXJ5ICJQYXJhbWV0ZXIuVmFsdWUiIC0tb3V0cHV0IHRleHQpCiAgICAgIC0gVEZfRERCX1RBQkxFPSQoYXdzIHNzbSBnZXQtcGFyYW1ldGVyIC0tbmFtZSAkU1NNX1RGX0REQl9UQUJMRSAtLXF1ZXJ5ICJQYXJhbWV0ZXIuVmFsdWUiIC0tb3V0cHV0IHRleHQpCiAgICAgIC0gVEZfVkVSU0lPTj0kKGF3cyBzc20gZ2V0LXBhcmFtZXRlciAtLW5hbWUgJFNTTV9URl9WRVJTSU9OIC0tcXVlcnkgIlBhcmFtZXRlci5WYWx1ZSIgLS1vdXRwdXQgdGV4dCkKCgogICAgICAjIENvbmZpZ3VyZSBEZXZlbG9wbWVudCBTU0ggS2V5CiAgICAgIC0gfAogICAgICAgIHNzaF9rZXlfcGFyYW1ldGVyPSQoYXdzIHNzbSBnZXQtcGFyYW1ldGVyIC0tbmFtZSAvYWZ0L2NvbmZpZy9hZnQtc3NoLWtleSAtLXdpdGgtZGVjcnlwdGlvbiAyPiAvZGV2L251bGwgfHwgZWNobyAiTm9uZSIpCiAgICAgICAgaWYgW1sgJHNzaF9rZXlfcGFyYW1ldGVyICE9ICJOb25lIiBdXTsgdGhlbgogICAgICAgICAgc3NoX2tleT0kKGpxIC0tcmF3LW91dHB1dCAiLlBhcmFtZXRlci5WYWx1ZSIgPDw8ICRzc2hfa2V5X3BhcmFtZXRlcikKICAgICAgICAgIG1rZGlyIC1wIH4vLnNzaAogICAgICAgICAgZWNobyAiSG9zdCAqIiA+PiB+Ly5zc2gvY29uZmlnCiAgICAgICAgICBlY2hvICJTdHJpY3RIb3N0S2V5Q2hlY2tpbmcgbm8iID4+IH4vLnNzaC9jb25maWcKICAgICAgICAgIGVjaG8gIlVzZXJLbm93bkhvc3RzRmlsZT0vZGV2L251bGwiID4+IH4vLnNzaC9jb25maWcKICAgICAgICAgIGVjaG8gIiRzc2hfa2V5IiA+IH4vLnNzaC9zc2hfa2V5CiAgICAgICAgICBlY2hvIC1lICJcblxuIiA+PiAgfi8uc3NoL3NzaF9rZXkKICAgICAgICAgIGNobW9kIDYwMCB+Ly5zc2gvc3NoX2tleQogICAgICAgICAgZXZhbCAiJChzc2gtYWdlbnQgLXMpIgogICAgICAgICAgc3NoLWFkZCB+Ly5zc2gvc3NoX2tleQogICAgICAgIGZpCgogICAgICAjIENsb25lIEFGVAogICAgICAtIEFXU19NT0RVTEVfU09VUkNFPSQoYXdzIHNzbSBnZXQtcGFyYW1ldGVyIC0tbmFtZSAkU1NNX0FXU19NT0RVTEVfU09VUkNFIC0tcXVlcnkgIlBhcmFtZXRlci5WYWx1ZSIgLS1vdXRwdXQgdGV4dCkKICAgICAgLSBBV1NfTU9EVUxFX0dJVF9SRUY9JChhd3Mgc3NtIGdldC1wYXJhbWV0ZXIgLS1uYW1lICRTU01fQVdTX01PRFVMRV9HSVRfUkVGIC0tcXVlcnkgIlBhcmFtZXRlci5WYWx1ZSIgLS1vdXRwdXQgdGV4dCkKICAgICAgLSBnaXQgY29uZmlnIC0tZ2xvYmFsIGNyZWRlbnRpYWwuaGVscGVyICchYXdzIGNvZGVjb21taXQgY3JlZGVudGlhbC1oZWxwZXIgJEAnCiAgICAgIC0gZ2l0IGNvbmZpZyAtLWdsb2JhbCBjcmVkZW50aWFsLlVzZUh0dHBQYXRoIHRydWUKICAgICAgLSBnaXQgY2xvbmUgLS1xdWlldCAtYiAkQVdTX01PRFVMRV9HSVRfUkVGICRBV1NfTU9EVUxFX1NPVVJDRSBhd3MtYWZ0LWNvcmUtZnJhbWV3b3JrCgogICAgICAjIEdlbmVyYXRlIHNlc3Npb24gcHJvZmlsZXMKICAgICAgLSBjaG1vZCAreCAkREVGQVVMVF9QQVRIL2F3cy1hZnQtY29yZS1mcmFtZXdvcmsvc291cmNlcy9zY3JpcHRzL2NyZWRzLnNoCiAgICAgIC0gJERFRkFVTFRfUEFUSC9hd3MtYWZ0LWNvcmUtZnJhbWV3b3JrL3NvdXJjZXMvc2NyaXB0cy9jcmVkcy5zaAoKICAgICAgIyBJbnN0YWxsIFRlcnJhZm9ybQogICAgICAtIGNkIC90bXAKICAgICAgLSBlY2hvICJJbnN0YWxsaW5nIFRlcnJhZm9ybSIKICAgICAgLSBjdXJsIC1xIC1vIHRlcnJhZm9ybV8ke1RGX1ZFUlNJT059X2xpbnV4X2FtZDY0LnppcCBodHRwczovL3JlbGVhc2VzLmhhc2hpY29ycC5jb20vdGVycmFmb3JtLyR7VEZfVkVSU0lPTn0vdGVycmFmb3JtXyR7VEZfVkVSU0lPTn1fbGludXhfYW1kNjQuemlwCiAgICAgIC0gdW56aXAgLXEgLW8gdGVycmFmb3JtXyR7VEZfVkVSU0lPTn1fbGludXhfYW1kNjQuemlwICYmIG12IHRlcnJhZm9ybSAvdXNyL2JpbgogICAgICAtIHRlcnJhZm9ybSAtLXZlcnNpb24KCiAgICAgICMgSW5zdGFsbCBQeXRob24gRGVwZW5kZW5jaWVzCiAgICAgIC0gcHl0aG9uMyAtbSB2ZW52IC4vdmVudgogICAgICAtIHNvdXJjZSAuL3ZlbnYvYmluL2FjdGl2YXRlCiAgICAgIC0gcGlwIGluc3RhbGwgcGlwPT0yMi4xLjIKICAgICAgLSBwaXAgaW5zdGFsbCBqaW5qYTItY2xpPT0wLjcuMCBKaW5qYTI9PTMuMC4xCgogIHByZV9idWlsZDoKICAgIG9uLWZhaWx1cmU6IEFCT1JUCiAgICBjb21tYW5kczoKICAgICAgLSBjZCAkREVGQVVMVF9QQVRIL2F3cy1hZnQtY29yZS1mcmFtZXdvcmsvc291cmNlcy9hZnQtY3VzdG9taXphdGlvbnMtY29tbW9uL3RlbXBsYXRlcy9jdXN0b21pemF0aW9uc19waXBlbGluZQogICAgICAtIGZvciBmIGluICouamluamE7IGRvIGppbmphMiAkZiAtRCB0aW1lc3RhbXA9IiRUSU1FU1RBTVAiIC1EIHJlZ2lvbj0kVEZfQkFDS0VORF9SRUdJT04gLUQgYnVja2V0PSRURl9TM19CVUNLRVQgLUQga2V5PSRURl9TM19LRVkgLUQgZHluYW1vZGJfdGFibGU9JFRGX0REQl9UQUJMRSAtRCBrbXNfa2V5X2lkPSRURl9LTVNfS0VZX0lEIC1EIHRmX3ZlcnNpb249JFRGX1ZFUlNJT04gPj4gJChiYXNlbmFtZSAkZiAuamluamEpLnRmOyBkb25lCiAgICAgIC0gZm9yIGYgaW4gKi50ZjsgZG8gZWNobyAiXG4gXG4iOyBlY2hvICRmOyBjYXQgJGY7IGRvbmUKICBidWlsZDoKICAgIG9uLWZhaWx1cmU6IEFCT1JUCiAgICBjb21tYW5kczoKICAgICAgLSBleHBvcnQgQVdTX1BST0ZJTEU9YWZ0LW1hbmFnZW1lbnQtYWRtaW4KICAgICAgLSB0ZXJyYWZvcm0gaW5pdCAtbm8tY29sb3IKICAgICAgLSB0ZXJyYWZvcm0gYXBwbHkgLXZhcj0iYWNjb3VudF9pZD0kVkVOREVEX0FDQ09VTlRfSUQiIC1uby1jb2xvciAtLWF1dG8tYXBwcm92ZQo=",
            "content_base64sha256": "0k060O7iBKUnEk/VPl9w9+F2S1WE/Lbm4j8/feC5e5Q=",
            "content_base64sha512": "nX9AshMRnR2rxIMJ+atBCGAMWlaasBJEzVOnWliCLgGr5apAxtPYK0gYOdek5stLSyQ2T+Plabfbvr8jeISleA==",
            "content_md5": "233dd2764e22219a65cfbd8d2952a0cc",
            "content_sha1": "29b692a02963bb5e06c60a95198c1da3b6852020",
            "content_sha256": "d24d3ad0eee204a527124fd53e5f70f7e1764b5584fcb6e6e23f3f7de0b97b94",
            "content_sha512": "9d7f40b213119d1dabc48309f9ab4108600c5a569ab01244cd53a75a58822e01abe5aa40c6d3d82b481839d7a4e6cb4b4b24364fe3e569b7dbbebf237884a578",
            "filename": ".terraform/modules/aft/modules/aft-customizations/buildspecs/aft-create-pipeline.yml",
            "id": "29b692a02963bb5e06c60a95198c1da3b6852020"
          },
          "sensitive_attributes": []
        }
      ]
    },
    {
      "module": "module.aft.module.aft_customizations",
      "mode": "data",
      "type": "local_file",
      "name": "aft_global_customizations_terraform",
      "provider": "provider[\"registry.terraform.io/hashicorp/local\"]",
      "instances": [
        {
          "schema_version": 0,
          "attributes": {
            "content": "# Copyright Amazon.com, Inc. or its affiliates. All rights reserved.\n# SPDX-License-Identifier: Apache-2.0\n#\nversion: 0.2\n\nphases:\n  install:\n    commands:\n      - set -e\n      # Populate Required Variables\n      - DEFAULT_PATH=$(pwd)\n      - TIMESTAMP=$(date '+%Y-%m-%d %H:%M:%S')\n      - TF_VERSION=$(aws ssm get-parameter --name \"/aft/config/terraform/version\" --query \"Parameter.Value\" --output text)\n      - TF_DISTRIBUTION=$(aws ssm get-parameter --name \"/aft/config/terraform/distribution\" --query \"Parameter.Value\" --output text)\n      - CT_MGMT_REGION=$(aws ssm get-parameter --name \"/aft/config/ct-management-region\" --query \"Parameter.Value\" --output text)\n      - AFT_MGMT_ACCOUNT=$(aws ssm get-parameter --name \"/aft/account/aft-management/account-id\" --query \"Parameter.Value\" --output text)\n      - AFT_EXEC_ROLE_ARN=arn:$AWS_PARTITION:iam::$AFT_MGMT_ACCOUNT:role/AWSAFTExecution\n      - VENDED_EXEC_ROLE_ARN=arn:$AWS_PARTITION:iam::$VENDED_ACCOUNT_ID:role/AWSAFTExecution\n      - AFT_ADMIN_ROLE_NAME=$(aws ssm get-parameter --name /aft/resources/iam/aft-administrator-role-name | jq --raw-output \".Parameter.Value\")\n      - AFT_ADMIN_ROLE_ARN=arn:$AWS_PARTITION:iam::$AFT_MGMT_ACCOUNT:role/$AFT_ADMIN_ROLE_NAME\n      - ROLE_SESSION_NAME=$(aws ssm get-parameter --name /aft/resources/iam/aft-session-name | jq --raw-output \".Parameter.Value\")\n\n      # Configure Development SSH Key\n      - |\n        ssh_key_parameter=$(aws ssm get-parameter --name /aft/config/aft-ssh-key --with-decryption 2\u003e /dev/null || echo \"None\")\n        if [[ $ssh_key_parameter != \"None\" ]]; then\n          ssh_key=$(jq --raw-output \".Parameter.Value\" \u003c\u003c\u003c $ssh_key_parameter)\n          mkdir -p ~/.ssh\n          echo \"Host *\" \u003e\u003e ~/.ssh/config\n          echo \"StrictHostKeyChecking no\" \u003e\u003e ~/.ssh/config\n          echo \"UserKnownHostsFile=/dev/null\" \u003e\u003e ~/.ssh/config\n          echo \"$ssh_key\" \u003e ~/.ssh/ssh_key\n          echo -e \"\\n\\n\" \u003e\u003e  ~/.ssh/ssh_key\n          chmod 600 ~/.ssh/ssh_key\n          eval \"$(ssh-agent -s)\"\n          ssh-add ~/.ssh/ssh_key\n        fi\n\n      # Clone AFT\n      - AWS_MODULE_SOURCE=$(aws ssm get-parameter --name \"/aft/config/aft-pipeline-code-source/repo-url\" --query \"Parameter.Value\" --output text)\n      - AWS_MODULE_GIT_REF=$(aws ssm get-parameter --name \"/aft/config/aft-pipeline-code-source/repo-git-ref\" --query \"Parameter.Value\" --output text)\n      - git config --global credential.helper '!aws codecommit credential-helper $@'\n      - git config --global credential.UseHttpPath true\n      - git clone --quiet -b $AWS_MODULE_GIT_REF $AWS_MODULE_SOURCE aws-aft-core-framework\n\n      # Generate session profiles\n      - chmod +x $DEFAULT_PATH/aws-aft-core-framework/sources/scripts/creds.sh\n      - $DEFAULT_PATH/aws-aft-core-framework/sources/scripts/creds.sh\n\n      # Install AFT Python Dependencies\n      - python3 -m venv $DEFAULT_PATH/aft-venv\n      - $DEFAULT_PATH/aft-venv/bin/pip install pip==22.1.2\n      - $DEFAULT_PATH/aft-venv/bin/pip install jinja2-cli==0.7.0 Jinja2==3.0.1 MarkupSafe==2.0.1 boto3==1.18.56 requests==2.26.0\n\n      # Install API Helper Python Dependencies\n      - python3 -m venv $DEFAULT_PATH/api-helpers-venv\n      - $DEFAULT_PATH/api-helpers-venv/bin/pip install -r $DEFAULT_PATH/api_helpers/python/requirements.txt\n\n      # Mark helper scripts as executable\n      - chmod +x $DEFAULT_PATH/api_helpers/pre-api-helpers.sh\n      - chmod +x $DEFAULT_PATH/api_helpers/post-api-helpers.sh\n      \n  pre_build:\n    on-failure: ABORT\n    commands:\n      - source $DEFAULT_PATH/api-helpers-venv/bin/activate\n      - export AWS_PROFILE=aft-target\n      - $DEFAULT_PATH/api_helpers/pre-api-helpers.sh\n      - unset AWS_PROFILE\n\n  build:\n    on-failure: CONTINUE\n    commands:\n      # Apply customizations\n      - source $DEFAULT_PATH/aft-venv/bin/activate\n      - |\n        if [ $TF_DISTRIBUTION = \"oss\" ]; then\n          TF_BACKEND_REGION=$(aws ssm get-parameter --name \"/aft/config/oss-backend/primary-region\" --query \"Parameter.Value\" --output text)\n          TF_KMS_KEY_ID=$(aws ssm get-parameter --name \"/aft/config/oss-backend/kms-key-id\" --query \"Parameter.Value\" --output text)\n          TF_DDB_TABLE=$(aws ssm get-parameter --name \"/aft/config/oss-backend/table-id\" --query \"Parameter.Value\" --output text)\n          TF_S3_BUCKET=$(aws ssm get-parameter --name \"/aft/config/oss-backend/bucket-id\" --query \"Parameter.Value\" --output text)\n          TF_S3_KEY=$VENDED_ACCOUNT_ID-aft-global-customizations/terraform.tfstate\n\n          cd /tmp\n          echo \"Installing Terraform\"\n          curl -q -o terraform_${TF_VERSION}_linux_amd64.zip https://releases.hashicorp.com/terraform/${TF_VERSION}/terraform_${TF_VERSION}_linux_amd64.zip\n          mkdir -p /opt/aft/bin\n          unzip -q -o terraform_${TF_VERSION}_linux_amd64.zip\n          mv terraform /opt/aft/bin\n          /opt/aft/bin/terraform -no-color --version\n\n          # Move back to customization module\n          cd $DEFAULT_PATH/terraform\n          for f in *.jinja; do jinja2 $f -D timestamp=\"$TIMESTAMP\" -D tf_distribution_type=$TF_DISTRIBUTION -D provider_region=$CT_MGMT_REGION -D region=$TF_BACKEND_REGION -D aft_admin_role_arn=$AFT_EXEC_ROLE_ARN -D target_admin_role_arn=$VENDED_EXEC_ROLE_ARN -D bucket=$TF_S3_BUCKET -D key=$TF_S3_KEY -D dynamodb_table=$TF_DDB_TABLE -D kms_key_id=$TF_KMS_KEY_ID -D tf_version=$TF_VERSION \u003e\u003e ./$(basename $f .jinja).tf; done\n          for f in *.tf; do echo \"\\n \\n\"; echo $f; cat $f; done\n\n          cd $DEFAULT_PATH/terraform\n          export AWS_PROFILE=aft-management-admin\n          /opt/aft/bin/terraform init -no-color\n          /opt/aft/bin/terraform apply -no-color --auto-approve\n        else\n          TF_ORG_NAME=$(aws ssm get-parameter --name \"/aft/config/terraform/org-name\" --query \"Parameter.Value\" --output text)\n          TF_TOKEN=$(aws ssm get-parameter --name \"/aft/config/terraform/token\" --with-decryption --query \"Parameter.Value\" --output text)\n          TF_ENDPOINT=$(aws ssm get-parameter --name \"/aft/config/terraform/api-endpoint\" --query \"Parameter.Value\" --output text)\n          TF_WORKSPACE_NAME=$VENDED_ACCOUNT_ID-aft-global-customizations\n          TF_CONFIG_PATH=\"./temp_configuration_file.tar.gz\"\n          cd $DEFAULT_PATH/terraform\n          for f in *.jinja; do jinja2 $f -D timestamp=\"$TIMESTAMP\" -D provider_region=$CT_MGMT_REGION -D tf_distribution_type=$TF_DISTRIBUTION -D aft_admin_role_arn=$AFT_EXEC_ROLE_ARN -D target_admin_role_arn=$VENDED_EXEC_ROLE_ARN -D terraform_org_name=$TF_ORG_NAME -D terraform_workspace_name=$TF_WORKSPACE_NAME  \u003e\u003e ./$(basename $f .jinja).tf; done\n          for f in *.tf; do echo \"\\n \\n\"; echo $f; cat $f; done\n          cd $DEFAULT_PATH\n          tar -czf temp_configuration_file.tar.gz -C terraform --exclude .git --exclude venv .\n          python3 $DEFAULT_PATH/aws-aft-core-framework/sources/scripts/workspace_manager.py --operation \"deploy\" --organization_name $TF_ORG_NAME --workspace_name $TF_WORKSPACE_NAME --assume_role_arn $AFT_ADMIN_ROLE_ARN --assume_role_session_name $ROLE_SESSION_NAME --api_endpoint $TF_ENDPOINT --api_token $TF_TOKEN --terraform_version $TF_VERSION --config_file $TF_CONFIG_PATH\n        fi\n\n  post_build:\n    on-failure: ABORT\n    commands:\n      - export PYTHONPATH=\"$DEFAULT_PATH/aws-aft-core-framework/sources/aft-lambda-layer:$PYTHONPATH\"\n      - export AWS_PROFILE=aft-management\n      - python3 $DEFAULT_PATH/aws-aft-core-framework/sources/aft-lambda-layer/aft_common/metrics.py --codebuild-name \"aft-global-customizations\" --codebuild-status $CODEBUILD_BUILD_SUCCEEDING\n      - unset AWS_PROFILE\n      - |\n        if [[ $CODEBUILD_BUILD_SUCCEEDING == 0 ]]; then\n          exit 1\n        fi\n      - source $DEFAULT_PATH/api-helpers-venv/bin/activate\n      - export AWS_PROFILE=aft-target\n      - $DEFAULT_PATH/api_helpers/post-api-helpers.sh\n",
            "content_base64": "IyBDb3B5cmlnaHQgQW1hem9uLmNvbSwgSW5jLiBvciBpdHMgYWZmaWxpYXRlcy4gQWxsIHJpZ2h0cyByZXNlcnZlZC4KIyBTUERYLUxpY2Vuc2UtSWRlbnRpZmllcjogQXBhY2hlLTIuMAojCnZlcnNpb246IDAuMgoKcGhhc2VzOgogIGluc3RhbGw6CiAgICBjb21tYW5kczoKICAgICAgLSBzZXQgLWUKICAgICAgIyBQb3B1bGF0ZSBSZXF1aXJlZCBWYXJpYWJsZXMKICAgICAgLSBERUZBVUxUX1BBVEg9JChwd2QpCiAgICAgIC0gVElNRVNUQU1QPSQoZGF0ZSAnKyVZLSVtLSVkICVIOiVNOiVTJykKICAgICAgLSBURl9WRVJTSU9OPSQoYXdzIHNzbSBnZXQtcGFyYW1ldGVyIC0tbmFtZSAiL2FmdC9jb25maWcvdGVycmFmb3JtL3ZlcnNpb24iIC0tcXVlcnkgIlBhcmFtZXRlci5WYWx1ZSIgLS1vdXRwdXQgdGV4dCkKICAgICAgLSBURl9ESVNUUklCVVRJT049JChhd3Mgc3NtIGdldC1wYXJhbWV0ZXIgLS1uYW1lICIvYWZ0L2NvbmZpZy90ZXJyYWZvcm0vZGlzdHJpYnV0aW9uIiAtLXF1ZXJ5ICJQYXJhbWV0ZXIuVmFsdWUiIC0tb3V0cHV0IHRleHQpCiAgICAgIC0gQ1RfTUdNVF9SRUdJT049JChhd3Mgc3NtIGdldC1wYXJhbWV0ZXIgLS1uYW1lICIvYWZ0L2NvbmZpZy9jdC1tYW5hZ2VtZW50LXJlZ2lvbiIgLS1xdWVyeSAiUGFyYW1ldGVyLlZhbHVlIiAtLW91dHB1dCB0ZXh0KQogICAgICAtIEFGVF9NR01UX0FDQ09VTlQ9JChhd3Mgc3NtIGdldC1wYXJhbWV0ZXIgLS1uYW1lICIvYWZ0L2FjY291bnQvYWZ0LW1hbmFnZW1lbnQvYWNjb3VudC1pZCIgLS1xdWVyeSAiUGFyYW1ldGVyLlZhbHVlIiAtLW91dHB1dCB0ZXh0KQogICAgICAtIEFGVF9FWEVDX1JPTEVfQVJOPWFybjokQVdTX1BBUlRJVElPTjppYW06OiRBRlRfTUdNVF9BQ0NPVU5UOnJvbGUvQVdTQUZURXhlY3V0aW9uCiAgICAgIC0gVkVOREVEX0VYRUNfUk9MRV9BUk49YXJuOiRBV1NfUEFSVElUSU9OOmlhbTo6JFZFTkRFRF9BQ0NPVU5UX0lEOnJvbGUvQVdTQUZURXhlY3V0aW9uCiAgICAgIC0gQUZUX0FETUlOX1JPTEVfTkFNRT0kKGF3cyBzc20gZ2V0LXBhcmFtZXRlciAtLW5hbWUgL2FmdC9yZXNvdXJjZXMvaWFtL2FmdC1hZG1pbmlzdHJhdG9yLXJvbGUtbmFtZSB8IGpxIC0tcmF3LW91dHB1dCAiLlBhcmFtZXRlci5WYWx1ZSIpCiAgICAgIC0gQUZUX0FETUlOX1JPTEVfQVJOPWFybjokQVdTX1BBUlRJVElPTjppYW06OiRBRlRfTUdNVF9BQ0NPVU5UOnJvbGUvJEFGVF9BRE1JTl9ST0xFX05BTUUKICAgICAgLSBST0xFX1NFU1NJT05fTkFNRT0kKGF3cyBzc20gZ2V0LXBhcmFtZXRlciAtLW5hbWUgL2FmdC9yZXNvdXJjZXMvaWFtL2FmdC1zZXNzaW9uLW5hbWUgfCBqcSAtLXJhdy1vdXRwdXQgIi5QYXJhbWV0ZXIuVmFsdWUiKQoKICAgICAgIyBDb25maWd1cmUgRGV2ZWxvcG1lbnQgU1NIIEtleQogICAgICAtIHwKICAgICAgICBzc2hfa2V5X3BhcmFtZXRlcj0kKGF3cyBzc20gZ2V0LXBhcmFtZXRlciAtLW5hbWUgL2FmdC9jb25maWcvYWZ0LXNzaC1rZXkgLS13aXRoLWRlY3J5cHRpb24gMj4gL2Rldi9udWxsIHx8IGVjaG8gIk5vbmUiKQogICAgICAgIGlmIFtbICRzc2hfa2V5X3BhcmFtZXRlciAhPSAiTm9uZSIgXV07IHRoZW4KICAgICAgICAgIHNzaF9rZXk9JChqcSAtLXJhdy1vdXRwdXQgIi5QYXJhbWV0ZXIuVmFsdWUiIDw8PCAkc3NoX2tleV9wYXJhbWV0ZXIpCiAgICAgICAgICBta2RpciAtcCB+Ly5zc2gKICAgICAgICAgIGVjaG8gIkhvc3QgKiIgPj4gfi8uc3NoL2NvbmZpZwogICAgICAgICAgZWNobyAiU3RyaWN0SG9zdEtleUNoZWNraW5nIG5vIiA+PiB+Ly5zc2gvY29uZmlnCiAgICAgICAgICBlY2hvICJVc2VyS25vd25Ib3N0c0ZpbGU9L2Rldi9udWxsIiA+PiB+Ly5zc2gvY29uZmlnCiAgICAgICAgICBlY2hvICIkc3NoX2tleSIgPiB+Ly5zc2gvc3NoX2tleQogICAgICAgICAgZWNobyAtZSAiXG5cbiIgPj4gIH4vLnNzaC9zc2hfa2V5CiAgICAgICAgICBjaG1vZCA2MDAgfi8uc3NoL3NzaF9rZXkKICAgICAgICAgIGV2YWwgIiQoc3NoLWFnZW50IC1zKSIKICAgICAgICAgIHNzaC1hZGQgfi8uc3NoL3NzaF9rZXkKICAgICAgICBmaQoKICAgICAgIyBDbG9uZSBBRlQKICAgICAgLSBBV1NfTU9EVUxFX1NPVVJDRT0kKGF3cyBzc20gZ2V0LXBhcmFtZXRlciAtLW5hbWUgIi9hZnQvY29uZmlnL2FmdC1waXBlbGluZS1jb2RlLXNvdXJjZS9yZXBvLXVybCIgLS1xdWVyeSAiUGFyYW1ldGVyLlZhbHVlIiAtLW91dHB1dCB0ZXh0KQogICAgICAtIEFXU19NT0RVTEVfR0lUX1JFRj0kKGF3cyBzc20gZ2V0LXBhcmFtZXRlciAtLW5hbWUgIi9hZnQvY29uZmlnL2FmdC1waXBlbGluZS1jb2RlLXNvdXJjZS9yZXBvLWdpdC1yZWYiIC0tcXVlcnkgIlBhcmFtZXRlci5WYWx1ZSIgLS1vdXRwdXQgdGV4dCkKICAgICAgLSBnaXQgY29uZmlnIC0tZ2xvYmFsIGNyZWRlbnRpYWwuaGVscGVyICchYXdzIGNvZGVjb21taXQgY3JlZGVudGlhbC1oZWxwZXIgJEAnCiAgICAgIC0gZ2l0IGNvbmZpZyAtLWdsb2JhbCBjcmVkZW50aWFsLlVzZUh0dHBQYXRoIHRydWUKICAgICAgLSBnaXQgY2xvbmUgLS1xdWlldCAtYiAkQVdTX01PRFVMRV9HSVRfUkVGICRBV1NfTU9EVUxFX1NPVVJDRSBhd3MtYWZ0LWNvcmUtZnJhbWV3b3JrCgogICAgICAjIEdlbmVyYXRlIHNlc3Npb24gcHJvZmlsZXMKICAgICAgLSBjaG1vZCAreCAkREVGQVVMVF9QQVRIL2F3cy1hZnQtY29yZS1mcmFtZXdvcmsvc291cmNlcy9zY3JpcHRzL2NyZWRzLnNoCiAgICAgIC0gJERFRkFVTFRfUEFUSC9hd3MtYWZ0LWNvcmUtZnJhbWV3b3JrL3NvdXJjZXMvc2NyaXB0cy9jcmVkcy5zaAoKICAgICAgIyBJbnN0YWxsIEFGVCBQeXRob24gRGVwZW5kZW5jaWVzCiAgICAgIC0gcHl0aG9uMyAtbSB2ZW52ICRERUZBVUxUX1BBVEgvYWZ0LXZlbnYKICAgICAgLSAkREVGQVVMVF9QQVRIL2FmdC12ZW52L2Jpbi9waXAgaW5zdGFsbCBwaXA9PTIyLjEuMgogICAgICAtICRERUZBVUxUX1BBVEgvYWZ0LXZlbnYvYmluL3BpcCBpbnN0YWxsIGppbmphMi1jbGk9PTAuNy4wIEppbmphMj09My4wLjEgTWFya3VwU2FmZT09Mi4wLjEgYm90bzM9PTEuMTguNTYgcmVxdWVzdHM9PTIuMjYuMAoKICAgICAgIyBJbnN0YWxsIEFQSSBIZWxwZXIgUHl0aG9uIERlcGVuZGVuY2llcwogICAgICAtIHB5dGhvbjMgLW0gdmVudiAkREVGQVVMVF9QQVRIL2FwaS1oZWxwZXJzLXZlbnYKICAgICAgLSAkREVGQVVMVF9QQVRIL2FwaS1oZWxwZXJzLXZlbnYvYmluL3BpcCBpbnN0YWxsIC1yICRERUZBVUxUX1BBVEgvYXBpX2hlbHBlcnMvcHl0aG9uL3JlcXVpcmVtZW50cy50eHQKCiAgICAgICMgTWFyayBoZWxwZXIgc2NyaXB0cyBhcyBleGVjdXRhYmxlCiAgICAgIC0gY2htb2QgK3ggJERFRkFVTFRfUEFUSC9hcGlfaGVscGVycy9wcmUtYXBpLWhlbHBlcnMuc2gKICAgICAgLSBjaG1vZCAreCAkREVGQVVMVF9QQVRIL2FwaV9oZWxwZXJzL3Bvc3QtYXBpLWhlbHBlcnMuc2gKICAgICAgCiAgcHJlX2J1aWxkOgogICAgb24tZmFpbHVyZTogQUJPUlQKICAgIGNvbW1hbmRzOgogICAgICAtIHNvdXJjZSAkREVGQVVMVF9QQVRIL2FwaS1oZWxwZXJzLXZlbnYvYmluL2FjdGl2YXRlCiAgICAgIC0gZXhwb3J0IEFXU19QUk9GSUxFPWFmdC10YXJnZXQKICAgICAgLSAkREVGQVVMVF9QQVRIL2FwaV9oZWxwZXJzL3ByZS1hcGktaGVscGVycy5zaAogICAgICAtIHVuc2V0IEFXU19QUk9GSUxFCgogIGJ1aWxkOgogICAgb24tZmFpbHVyZTogQ09OVElOVUUKICAgIGNvbW1hbmRzOgogICAgICAjIEFwcGx5IGN1c3RvbWl6YXRpb25zCiAgICAgIC0gc291cmNlICRERUZBVUxUX1BBVEgvYWZ0LXZlbnYvYmluL2FjdGl2YXRlCiAgICAgIC0gfAogICAgICAgIGlmIFsgJFRGX0RJU1RSSUJVVElPTiA9ICJvc3MiIF07IHRoZW4KICAgICAgICAgIFRGX0JBQ0tFTkRfUkVHSU9OPSQoYXdzIHNzbSBnZXQtcGFyYW1ldGVyIC0tbmFtZSAiL2FmdC9jb25maWcvb3NzLWJhY2tlbmQvcHJpbWFyeS1yZWdpb24iIC0tcXVlcnkgIlBhcmFtZXRlci5WYWx1ZSIgLS1vdXRwdXQgdGV4dCkKICAgICAgICAgIFRGX0tNU19LRVlfSUQ9JChhd3Mgc3NtIGdldC1wYXJhbWV0ZXIgLS1uYW1lICIvYWZ0L2NvbmZpZy9vc3MtYmFja2VuZC9rbXMta2V5LWlkIiAtLXF1ZXJ5ICJQYXJhbWV0ZXIuVmFsdWUiIC0tb3V0cHV0IHRleHQpCiAgICAgICAgICBURl9EREJfVEFCTEU9JChhd3Mgc3NtIGdldC1wYXJhbWV0ZXIgLS1uYW1lICIvYWZ0L2NvbmZpZy9vc3MtYmFja2VuZC90YWJsZS1pZCIgLS1xdWVyeSAiUGFyYW1ldGVyLlZhbHVlIiAtLW91dHB1dCB0ZXh0KQogICAgICAgICAgVEZfUzNfQlVDS0VUPSQoYXdzIHNzbSBnZXQtcGFyYW1ldGVyIC0tbmFtZSAiL2FmdC9jb25maWcvb3NzLWJhY2tlbmQvYnVja2V0LWlkIiAtLXF1ZXJ5ICJQYXJhbWV0ZXIuVmFsdWUiIC0tb3V0cHV0IHRleHQpCiAgICAgICAgICBURl9TM19LRVk9JFZFTkRFRF9BQ0NPVU5UX0lELWFmdC1nbG9iYWwtY3VzdG9taXphdGlvbnMvdGVycmFmb3JtLnRmc3RhdGUKCiAgICAgICAgICBjZCAvdG1wCiAgICAgICAgICBlY2hvICJJbnN0YWxsaW5nIFRlcnJhZm9ybSIKICAgICAgICAgIGN1cmwgLXEgLW8gdGVycmFmb3JtXyR7VEZfVkVSU0lPTn1fbGludXhfYW1kNjQuemlwIGh0dHBzOi8vcmVsZWFzZXMuaGFzaGljb3JwLmNvbS90ZXJyYWZvcm0vJHtURl9WRVJTSU9OfS90ZXJyYWZvcm1fJHtURl9WRVJTSU9OfV9saW51eF9hbWQ2NC56aXAKICAgICAgICAgIG1rZGlyIC1wIC9vcHQvYWZ0L2JpbgogICAgICAgICAgdW56aXAgLXEgLW8gdGVycmFmb3JtXyR7VEZfVkVSU0lPTn1fbGludXhfYW1kNjQuemlwCiAgICAgICAgICBtdiB0ZXJyYWZvcm0gL29wdC9hZnQvYmluCiAgICAgICAgICAvb3B0L2FmdC9iaW4vdGVycmFmb3JtIC1uby1jb2xvciAtLXZlcnNpb24KCiAgICAgICAgICAjIE1vdmUgYmFjayB0byBjdXN0b21pemF0aW9uIG1vZHVsZQogICAgICAgICAgY2QgJERFRkFVTFRfUEFUSC90ZXJyYWZvcm0KICAgICAgICAgIGZvciBmIGluICouamluamE7IGRvIGppbmphMiAkZiAtRCB0aW1lc3RhbXA9IiRUSU1FU1RBTVAiIC1EIHRmX2Rpc3RyaWJ1dGlvbl90eXBlPSRURl9ESVNUUklCVVRJT04gLUQgcHJvdmlkZXJfcmVnaW9uPSRDVF9NR01UX1JFR0lPTiAtRCByZWdpb249JFRGX0JBQ0tFTkRfUkVHSU9OIC1EIGFmdF9hZG1pbl9yb2xlX2Fybj0kQUZUX0VYRUNfUk9MRV9BUk4gLUQgdGFyZ2V0X2FkbWluX3JvbGVfYXJuPSRWRU5ERURfRVhFQ19ST0xFX0FSTiAtRCBidWNrZXQ9JFRGX1MzX0JVQ0tFVCAtRCBrZXk9JFRGX1MzX0tFWSAtRCBkeW5hbW9kYl90YWJsZT0kVEZfRERCX1RBQkxFIC1EIGttc19rZXlfaWQ9JFRGX0tNU19LRVlfSUQgLUQgdGZfdmVyc2lvbj0kVEZfVkVSU0lPTiA+PiAuLyQoYmFzZW5hbWUgJGYgLmppbmphKS50ZjsgZG9uZQogICAgICAgICAgZm9yIGYgaW4gKi50ZjsgZG8gZWNobyAiXG4gXG4iOyBlY2hvICRmOyBjYXQgJGY7IGRvbmUKCiAgICAgICAgICBjZCAkREVGQVVMVF9QQVRIL3RlcnJhZm9ybQogICAgICAgICAgZXhwb3J0IEFXU19QUk9GSUxFPWFmdC1tYW5hZ2VtZW50LWFkbWluCiAgICAgICAgICAvb3B0L2FmdC9iaW4vdGVycmFmb3JtIGluaXQgLW5vLWNvbG9yCiAgICAgICAgICAvb3B0L2FmdC9iaW4vdGVycmFmb3JtIGFwcGx5IC1uby1jb2xvciAtLWF1dG8tYXBwcm92ZQogICAgICAgIGVsc2UKICAgICAgICAgIFRGX09SR19OQU1FPSQoYXdzIHNzbSBnZXQtcGFyYW1ldGVyIC0tbmFtZSAiL2FmdC9jb25maWcvdGVycmFmb3JtL29yZy1uYW1lIiAtLXF1ZXJ5ICJQYXJhbWV0ZXIuVmFsdWUiIC0tb3V0cHV0IHRleHQpCiAgICAgICAgICBURl9UT0tFTj0kKGF3cyBzc20gZ2V0LXBhcmFtZXRlciAtLW5hbWUgIi9hZnQvY29uZmlnL3RlcnJhZm9ybS90b2tlbiIgLS13aXRoLWRlY3J5cHRpb24gLS1xdWVyeSAiUGFyYW1ldGVyLlZhbHVlIiAtLW91dHB1dCB0ZXh0KQogICAgICAgICAgVEZfRU5EUE9JTlQ9JChhd3Mgc3NtIGdldC1wYXJhbWV0ZXIgLS1uYW1lICIvYWZ0L2NvbmZpZy90ZXJyYWZvcm0vYXBpLWVuZHBvaW50IiAtLXF1ZXJ5ICJQYXJhbWV0ZXIuVmFsdWUiIC0tb3V0cHV0IHRleHQpCiAgICAgICAgICBURl9XT1JLU1BBQ0VfTkFNRT0kVkVOREVEX0FDQ09VTlRfSUQtYWZ0LWdsb2JhbC1jdXN0b21pemF0aW9ucwogICAgICAgICAgVEZfQ09ORklHX1BBVEg9Ii4vdGVtcF9jb25maWd1cmF0aW9uX2ZpbGUudGFyLmd6IgogICAgICAgICAgY2QgJERFRkFVTFRfUEFUSC90ZXJyYWZvcm0KICAgICAgICAgIGZvciBmIGluICouamluamE7IGRvIGppbmphMiAkZiAtRCB0aW1lc3RhbXA9IiRUSU1FU1RBTVAiIC1EIHByb3ZpZGVyX3JlZ2lvbj0kQ1RfTUdNVF9SRUdJT04gLUQgdGZfZGlzdHJpYnV0aW9uX3R5cGU9JFRGX0RJU1RSSUJVVElPTiAtRCBhZnRfYWRtaW5fcm9sZV9hcm49JEFGVF9FWEVDX1JPTEVfQVJOIC1EIHRhcmdldF9hZG1pbl9yb2xlX2Fybj0kVkVOREVEX0VYRUNfUk9MRV9BUk4gLUQgdGVycmFmb3JtX29yZ19uYW1lPSRURl9PUkdfTkFNRSAtRCB0ZXJyYWZvcm1fd29ya3NwYWNlX25hbWU9JFRGX1dPUktTUEFDRV9OQU1FICA+PiAuLyQoYmFzZW5hbWUgJGYgLmppbmphKS50ZjsgZG9uZQogICAgICAgICAgZm9yIGYgaW4gKi50ZjsgZG8gZWNobyAiXG4gXG4iOyBlY2hvICRmOyBjYXQgJGY7IGRvbmUKICAgICAgICAgIGNkICRERUZBVUxUX1BBVEgKICAgICAgICAgIHRhciAtY3pmIHRlbXBfY29uZmlndXJhdGlvbl9maWxlLnRhci5neiAtQyB0ZXJyYWZvcm0gLS1leGNsdWRlIC5naXQgLS1leGNsdWRlIHZlbnYgLgogICAgICAgICAgcHl0aG9uMyAkREVGQVVMVF9QQVRIL2F3cy1hZnQtY29yZS1mcmFtZXdvcmsvc291cmNlcy9zY3JpcHRzL3dvcmtzcGFjZV9tYW5hZ2VyLnB5IC0tb3BlcmF0aW9uICJkZXBsb3kiIC0tb3JnYW5pemF0aW9uX25hbWUgJFRGX09SR19OQU1FIC0td29ya3NwYWNlX25hbWUgJFRGX1dPUktTUEFDRV9OQU1FIC0tYXNzdW1lX3JvbGVfYXJuICRBRlRfQURNSU5fUk9MRV9BUk4gLS1hc3N1bWVfcm9sZV9zZXNzaW9uX25hbWUgJFJPTEVfU0VTU0lPTl9OQU1FIC0tYXBpX2VuZHBvaW50ICRURl9FTkRQT0lOVCAtLWFwaV90b2tlbiAkVEZfVE9LRU4gLS10ZXJyYWZvcm1fdmVyc2lvbiAkVEZfVkVSU0lPTiAtLWNvbmZpZ19maWxlICRURl9DT05GSUdfUEFUSAogICAgICAgIGZpCgogIHBvc3RfYnVpbGQ6CiAgICBvbi1mYWlsdXJlOiBBQk9SVAogICAgY29tbWFuZHM6CiAgICAgIC0gZXhwb3J0IFBZVEhPTlBBVEg9IiRERUZBVUxUX1BBVEgvYXdzLWFmdC1jb3JlLWZyYW1ld29yay9zb3VyY2VzL2FmdC1sYW1iZGEtbGF5ZXI6JFBZVEhPTlBBVEgiCiAgICAgIC0gZXhwb3J0IEFXU19QUk9GSUxFPWFmdC1tYW5hZ2VtZW50CiAgICAgIC0gcHl0aG9uMyAkREVGQVVMVF9QQVRIL2F3cy1hZnQtY29yZS1mcmFtZXdvcmsvc291cmNlcy9hZnQtbGFtYmRhLWxheWVyL2FmdF9jb21tb24vbWV0cmljcy5weSAtLWNvZGVidWlsZC1uYW1lICJhZnQtZ2xvYmFsLWN1c3RvbWl6YXRpb25zIiAtLWNvZGVidWlsZC1zdGF0dXMgJENPREVCVUlMRF9CVUlMRF9TVUNDRUVESU5HCiAgICAgIC0gdW5zZXQgQVdTX1BST0ZJTEUKICAgICAgLSB8CiAgICAgICAgaWYgW1sgJENPREVCVUlMRF9CVUlMRF9TVUNDRUVESU5HID09IDAgXV07IHRoZW4KICAgICAgICAgIGV4aXQgMQogICAgICAgIGZpCiAgICAgIC0gc291cmNlICRERUZBVUxUX1BBVEgvYXBpLWhlbHBlcnMtdmVudi9iaW4vYWN0aXZhdGUKICAgICAgLSBleHBvcnQgQVdTX1BST0ZJTEU9YWZ0LXRhcmdldAogICAgICAtICRERUZBVUxUX1BBVEgvYXBpX2hlbHBlcnMvcG9zdC1hcGktaGVscGVycy5zaAo=",
            "content_base64sha256": "CaW+WuWK7t6NgQrvRf7a32c66VCNY4VZp1hqtc7MywM=",
            "content_base64sha512": "hBJeskbkKtYmeKXYTI1eVpt1KFPBFbIviYNGJgnfylo+0LMkwExmzbguwik/RraT1KmB1Eoop0Cfr5gMlbrFpA==",
            "content_md5": "cc0308a03a9bf5d6ba83222635af9356",
            "content_sha1": "6cfe043fb7a2fb2b744d303caefdf4d4df95fe1d",
            "content_sha256": "09a5be5ae58aeede8d810aef45fedadf673ae9508d638559a7586ab5cecccb03",
            "content_sha512": "84125eb246e42ad62678a5d84c8d5e569b752853c115b22f8983462609dfca5a3ed0b324c04c66cdb82ec2293f46b693d4a981d44a28a7409faf980c95bac5a4",
            "filename": ".terraform/modules/aft/modules/aft-customizations/buildspecs/aft-global-customizations-terraform.yml",
            "id": "6cfe043fb7a2fb2b744d303caefdf4d4df95fe1d"
          },
          "sensitive_attributes": []
        }
      ]
    },
    {
      "module": "module.aft.module.aft_feature_options",
      "mode": "data",
      "type": "aws_caller_identity",
      "name": "ct_audit",
      "provider": "module.aft.provider[\"registry.terraform.io/hashicorp/aws\"].audit",
      "instances": [
        {
          "schema_version": 0,
          "attributes": {
            "account_id": "381491881126",
            "arn": "arn:aws:sts::381491881126:assumed-role/AWSControlTowerExecution/AWSAFT-Session",
            "id": "381491881126",
            "user_id": "AROAVRUVQESTCTC6FSSR2:AWSAFT-Session"
          },
          "sensitive_attributes": []
        }
      ]
    },
    {
      "module": "module.aft.module.aft_feature_options",
      "mode": "data",
      "type": "aws_caller_identity",
      "name": "ct_log",
      "provider": "module.aft.provider[\"registry.terraform.io/hashicorp/aws\"].log_archive",
      "instances": [
        {
          "schema_version": 0,
          "attributes": {
            "account_id": "975050247636",
            "arn": "arn:aws:sts::975050247636:assumed-role/AWSControlTowerExecution/AWSAFT-Session",
            "id": "975050247636",
            "user_id": "AROA6GBMGBXKLCG3URYYT:AWSAFT-Session"
          },
          "sensitive_attributes": []
        }
      ]
    },
    {
      "module": "module.aft.module.aft_feature_options",
      "mode": "data",
      "type": "aws_caller_identity",
      "name": "ct_management",
      "provider": "module.aft.provider[\"registry.terraform.io/hashicorp/aws\"].ct_management",
      "instances": [
        {
          "schema_version": 0,
          "attributes": {
            "account_id": "891377115604",
            "arn": "arn:aws:iam::891377115604:user/Kavya",
            "id": "891377115604",
            "user_id": "AIDA47CRXMHKAWEBAXPHZ"
          },
          "sensitive_attributes": []
        }
      ]
    },
    {
      "module": "module.aft.module.aft_feature_options",
      "mode": "data",
      "type": "aws_caller_identity",
      "name": "current",
      "provider": "module.aft.provider[\"registry.terraform.io/hashicorp/aws\"].aft_management",
      "instances": [
        {
          "schema_version": 0,
          "attributes": {
            "account_id": "211125486960",
            "arn": "arn:aws:sts::211125486960:assumed-role/AWSControlTowerExecution/AWSAFT-Session",
            "id": "211125486960",
            "user_id": "AROATCKAPIVYLH436GB4W:AWSAFT-Session"
          },
          "sensitive_attributes": []
        }
      ]
    },
    {
      "module": "module.aft.module.aft_feature_options",
      "mode": "data",
      "type": "aws_iam_policy",
      "name": "AWSLambdaBasicExecutionRole",
      "provider": "module.aft.provider[\"registry.terraform.io/hashicorp/aws\"].aft_management",
      "instances": [
        {
          "schema_version": 0,
          "attributes": {
            "arn": "arn:aws:iam::aws:policy/service-role/AWSLambdaBasicExecutionRole",
            "description": "Provides write permissions to CloudWatch Logs.",
            "id": "arn:aws:iam::aws:policy/service-role/AWSLambdaBasicExecutionRole",
            "name": "AWSLambdaBasicExecutionRole",
            "path": "/service-role/",
            "path_prefix": null,
            "policy": "{\n  \"Version\": \"2012-10-17\",\n  \"Statement\": [\n    {\n      \"Effect\": \"Allow\",\n      \"Action\": [\n        \"logs:CreateLogGroup\",\n        \"logs:CreateLogStream\",\n        \"logs:PutLogEvents\"\n      ],\n      \"Resource\": \"*\"\n    }\n  ]\n}",
            "policy_id": "ANPAJNCQGXC42545SKXIK",
            "tags": {}
          },
          "sensitive_attributes": []
        }
      ]
    },
    {
      "module": "module.aft.module.aft_feature_options",
      "mode": "data",
      "type": "aws_iam_policy",
      "name": "AWSLambdaVPCAccessExecutionRole",
      "provider": "module.aft.provider[\"registry.terraform.io/hashicorp/aws\"].aft_management",
      "instances": [
        {
          "schema_version": 0,
          "attributes": {
            "arn": "arn:aws:iam::aws:policy/service-role/AWSLambdaVPCAccessExecutionRole",
            "description": "Provides minimum permissions for a Lambda function to execute while accessing a resource within a VPC - create, describe, delete network interfaces and write permissions to CloudWatch Logs. ",
            "id": "arn:aws:iam::aws:policy/service-role/AWSLambdaVPCAccessExecutionRole",
            "name": "AWSLambdaVPCAccessExecutionRole",
            "path": "/service-role/",
            "path_prefix": null,
            "policy": "{\n\t\"Version\": \"2012-10-17\",\n\t\"Statement\": [\n\t\t{\n\t\t\t\"Sid\": \"AWSLambdaVPCAccessExecutionPermissions\",\n\t\t\t\"Effect\": \"Allow\",\n\t\t\t\"Action\": [\n\t\t\t\t\"logs:CreateLogGroup\",\n\t\t\t\t\"logs:CreateLogStream\",\n\t\t\t\t\"logs:PutLogEvents\",\n\t\t\t\t\"ec2:CreateNetworkInterface\",\n\t\t\t\t\"ec2:DescribeNetworkInterfaces\",\n\t\t\t\t\"ec2:DescribeSubnets\",\n\t\t\t\t\"ec2:DeleteNetworkInterface\",\n\t\t\t\t\"ec2:AssignPrivateIpAddresses\",\n\t\t\t\t\"ec2:UnassignPrivateIpAddresses\"\n\t\t\t],\n\t\t\t\"Resource\": \"*\"\n\t\t}\n\t]\n}",
            "policy_id": "ANPAJVTME3YLVNL72YR2K",
            "tags": {}
          },
          "sensitive_attributes": []
        }
      ]
    },
    {
      "module": "module.aft.module.aft_feature_options",
      "mode": "data",
      "type": "aws_organizations_organization",
      "name": "aft_organization",
      "provider": "module.aft.provider[\"registry.terraform.io/hashicorp/aws\"].ct_management",
      "instances": [
        {
          "schema_version": 0,
          "attributes": {
            "accounts": [
              {
                "arn": "arn:aws:organizations::891377115604:account/o-0r9cyn1ma5/211125486960",
                "email": "kavya+6@1cloudhub.com",
                "id": "211125486960",
                "name": "PRODUCTION ACCOUNT",
                "status": "ACTIVE"
              },
              {
                "arn": "arn:aws:organizations::891377115604:account/o-0r9cyn1ma5/975050247636",
                "email": "kavya@1cloudhub.com",
                "id": "975050247636",
                "name": "Log Archive",
                "status": "ACTIVE"
              },
              {
                "arn": "arn:aws:organizations::891377115604:account/o-0r9cyn1ma5/381492096228",
                "email": "kavya+2@1cloudhub.com",
                "id": "381492096228",
                "name": "Logging Account",
                "status": "SUSPENDED"
              },
              {
                "arn": "arn:aws:organizations::891377115604:account/o-0r9cyn1ma5/381491881126",
                "email": "kavya+1@1cloudhub.com",
                "id": "381491881126",
                "name": "Audit",
                "status": "ACTIVE"
              },
              {
                "arn": "arn:aws:organizations::891377115604:account/o-0r9cyn1ma5/891377115604",
                "email": "aws07-feb2024@1cloudhub.com",
                "id": "891377115604",
                "name": "aws07-feb2024",
                "status": "ACTIVE"
              },
              {
                "arn": "arn:aws:organizations::891377115604:account/o-0r9cyn1ma5/533267228105",
                "email": "kavya+4@1cloudhub.com",
                "id": "533267228105",
                "name": "Log Archive",
                "status": "SUSPENDED"
              },
              {
                "arn": "arn:aws:organizations::891377115604:account/o-0r9cyn1ma5/471112949668",
                "email": "kavya+5@1cloudhub.com",
                "id": "471112949668",
                "name": "Audit",
                "status": "SUSPENDED"
              },
              {
                "arn": "arn:aws:organizations::891377115604:account/o-0r9cyn1ma5/637423517904",
                "email": "kavya+3@1cloudhub.com",
                "id": "637423517904",
                "name": "Security Account",
                "status": "SUSPENDED"
              }
            ],
            "arn": "arn:aws:organizations::891377115604:organization/o-0r9cyn1ma5",
            "aws_service_access_principals": [
              "cloudtrail.amazonaws.com",
              "config.amazonaws.com",
              "controltower.amazonaws.com",
              "member.org.stacksets.cloudformation.amazonaws.com",
              "sso.amazonaws.com"
            ],
            "enabled_policy_types": [
              "SERVICE_CONTROL_POLICY"
            ],
            "feature_set": "ALL",
            "id": "o-0r9cyn1ma5",
            "master_account_arn": "arn:aws:organizations::891377115604:account/o-0r9cyn1ma5/891377115604",
            "master_account_email": "aws07-feb2024@1cloudhub.com",
            "master_account_id": "891377115604",
            "non_master_accounts": [
              {
                "arn": "arn:aws:organizations::891377115604:account/o-0r9cyn1ma5/211125486960",
                "email": "kavya+6@1cloudhub.com",
                "id": "211125486960",
                "name": "PRODUCTION ACCOUNT",
                "status": "ACTIVE"
              },
              {
                "arn": "arn:aws:organizations::891377115604:account/o-0r9cyn1ma5/975050247636",
                "email": "kavya@1cloudhub.com",
                "id": "975050247636",
                "name": "Log Archive",
                "status": "ACTIVE"
              },
              {
                "arn": "arn:aws:organizations::891377115604:account/o-0r9cyn1ma5/381492096228",
                "email": "kavya+2@1cloudhub.com",
                "id": "381492096228",
                "name": "Logging Account",
                "status": "SUSPENDED"
              },
              {
                "arn": "arn:aws:organizations::891377115604:account/o-0r9cyn1ma5/381491881126",
                "email": "kavya+1@1cloudhub.com",
                "id": "381491881126",
                "name": "Audit",
                "status": "ACTIVE"
              },
              {
                "arn": "arn:aws:organizations::891377115604:account/o-0r9cyn1ma5/533267228105",
                "email": "kavya+4@1cloudhub.com",
                "id": "533267228105",
                "name": "Log Archive",
                "status": "SUSPENDED"
              },
              {
                "arn": "arn:aws:organizations::891377115604:account/o-0r9cyn1ma5/471112949668",
                "email": "kavya+5@1cloudhub.com",
                "id": "471112949668",
                "name": "Audit",
                "status": "SUSPENDED"
              },
              {
                "arn": "arn:aws:organizations::891377115604:account/o-0r9cyn1ma5/637423517904",
                "email": "kavya+3@1cloudhub.com",
                "id": "637423517904",
                "name": "Security Account",
                "status": "SUSPENDED"
              }
            ],
            "roots": [
              {
                "arn": "arn:aws:organizations::891377115604:root/o-0r9cyn1ma5/r-agej",
                "id": "r-agej",
                "name": "Root",
                "policy_types": [
                  {
                    "status": "ENABLED",
                    "type": "SERVICE_CONTROL_POLICY"
                  }
                ]
              }
            ]
          },
          "sensitive_attributes": []
        }
      ]
    },
    {
      "module": "module.aft.module.aft_feature_options",
      "mode": "data",
      "type": "aws_partition",
      "name": "current",
      "provider": "provider[\"registry.terraform.io/hashicorp/aws\"]",
      "instances": [
        {
          "schema_version": 0,
          "attributes": {
            "dns_suffix": "amazonaws.com",
            "id": "aws",
            "partition": "aws",
            "reverse_dns_prefix": "com.amazonaws"
          },
          "sensitive_attributes": []
        }
      ]
    },
    {
      "module": "module.aft.module.aft_feature_options",
      "mode": "data",
      "type": "aws_region",
      "name": "current",
      "provider": "module.aft.provider[\"registry.terraform.io/hashicorp/aws\"].aft_management",
      "instances": [
        {
          "schema_version": 0,
          "attributes": {
            "description": "US East (N. Virginia)",
            "endpoint": "ec2.us-east-1.amazonaws.com",
            "id": "us-east-1",
            "name": "us-east-1"
          },
          "sensitive_attributes": []
        }
      ]
    },
    {
      "module": "module.aft.module.aft_feature_options",
      "mode": "managed",
      "type": "aws_kms_key",
      "name": "aft_log_key",
      "provider": "module.aft.provider[\"registry.terraform.io/hashicorp/aws\"].log_archive",
      "instances": [
        {
          "schema_version": 0,
          "attributes": {
            "arn": "arn:aws:kms:us-east-1:975050247636:key/1e951661-bf94-4736-8704-78fe5cda3bd3",
            "bypass_policy_lockout_safety_check": false,
            "custom_key_store_id": "",
            "customer_master_key_spec": "SYMMETRIC_DEFAULT",
            "deletion_window_in_days": null,
            "description": "KMS key for encrypt/decrypt log files",
            "enable_key_rotation": true,
            "id": "1e951661-bf94-4736-8704-78fe5cda3bd3",
            "is_enabled": true,
            "key_id": "1e951661-bf94-4736-8704-78fe5cda3bd3",
            "key_usage": "ENCRYPT_DECRYPT",
            "multi_region": false,
            "policy": "{\"Statement\":[{\"Action\":[\"kms:ReEncrypt*\",\"kms:GenerateDataKey*\",\"kms:Encrypt\",\"kms:DescribeKey\",\"kms:Decrypt\"],\"Effect\":\"Allow\",\"Principal\":{\"Service\":[\"vpc-flow-logs.amazonaws.com\",\"delivery.logs.amazonaws.com\",\"cloudtrail.amazonaws.com\"]},\"Resource\":\"*\",\"Sid\":\"Allow AWS Services to Encrypt data\"},{\"Action\":\"kms:*\",\"Effect\":\"Allow\",\"Principal\":{\"AWS\":\"arn:aws:iam::975050247636:root\"},\"Resource\":\"*\",\"Sid\":\"Enable IAM User Permissions\"}],\"Version\":\"2012-10-17\"}",
            "tags": null,
            "tags_all": {
              "managed_by": "AFT"
            },
            "timeouts": null,
            "xks_key_id": ""
          },
          "sensitive_attributes": [],
          "private": "eyJlMmJmYjczMC1lY2FhLTExZTYtOGY4OC0zNDM2M2JjN2M0YzAiOnsiY3JlYXRlIjoxMjAwMDAwMDAwMDB9fQ==",
          "dependencies": [
            "module.aft.data.aws_partition.current",
            "module.aft.module.aft_feature_options.data.aws_partition.current"
          ]
        }
      ]
    },
    {
      "module": "module.aft.module.aft_iam_roles",
      "mode": "data",
      "type": "aws_caller_identity",
      "name": "aft_management",
      "provider": "module.aft.provider[\"registry.terraform.io/hashicorp/aws\"].aft_management",
      "instances": [
        {
          "schema_version": 0,
          "attributes": {
            "account_id": "211125486960",
            "arn": "arn:aws:sts::211125486960:assumed-role/AWSControlTowerExecution/AWSAFT-Session",
            "id": "211125486960",
            "user_id": "AROATCKAPIVYLH436GB4W:AWSAFT-Session"
          },
          "sensitive_attributes": []
        }
      ]
    },
    {
      "module": "module.aft.module.aft_iam_roles",
      "mode": "data",
      "type": "aws_partition",
      "name": "current",
      "provider": "provider[\"registry.terraform.io/hashicorp/aws\"]",
      "instances": [
        {
          "schema_version": 0,
          "attributes": {
            "dns_suffix": "amazonaws.com",
            "id": "aws",
            "partition": "aws",
            "reverse_dns_prefix": "com.amazonaws"
          },
          "sensitive_attributes": []
        }
      ]
    },
    {
      "module": "module.aft.module.aft_iam_roles.module.aft_exec_role",
      "mode": "data",
      "type": "aws_partition",
      "name": "current",
      "provider": "module.aft.provider[\"registry.terraform.io/hashicorp/aws\"].aft_management",
      "instances": [
        {
          "schema_version": 0,
          "attributes": {
            "dns_suffix": "amazonaws.com",
            "id": "aws",
            "partition": "aws",
            "reverse_dns_prefix": "com.amazonaws"
          },
          "sensitive_attributes": []
        }
      ]
    },
    {
      "module": "module.aft.module.aft_iam_roles.module.aft_service_role",
      "mode": "data",
      "type": "aws_partition",
      "name": "current",
      "provider": "module.aft.provider[\"registry.terraform.io/hashicorp/aws\"].aft_management",
      "instances": [
        {
          "schema_version": 0,
          "attributes": {
            "dns_suffix": "amazonaws.com",
            "id": "aws",
            "partition": "aws",
            "reverse_dns_prefix": "com.amazonaws"
          },
          "sensitive_attributes": []
        }
      ]
    },
    {
      "module": "module.aft.module.aft_iam_roles.module.audit_exec_role",
      "mode": "data",
      "type": "aws_partition",
      "name": "current",
      "provider": "module.aft.provider[\"registry.terraform.io/hashicorp/aws\"].audit",
      "instances": [
        {
          "schema_version": 0,
          "attributes": {
            "dns_suffix": "amazonaws.com",
            "id": "aws",
            "partition": "aws",
            "reverse_dns_prefix": "com.amazonaws"
          },
          "sensitive_attributes": []
        }
      ]
    },
    {
      "module": "module.aft.module.aft_iam_roles.module.audit_service_role",
      "mode": "data",
      "type": "aws_partition",
      "name": "current",
      "provider": "module.aft.provider[\"registry.terraform.io/hashicorp/aws\"].audit",
      "instances": [
        {
          "schema_version": 0,
          "attributes": {
            "dns_suffix": "amazonaws.com",
            "id": "aws",
            "partition": "aws",
            "reverse_dns_prefix": "com.amazonaws"
          },
          "sensitive_attributes": []
        }
      ]
    },
    {
      "module": "module.aft.module.aft_iam_roles.module.ct_management_exec_role",
      "mode": "data",
      "type": "aws_partition",
      "name": "current",
      "provider": "module.aft.provider[\"registry.terraform.io/hashicorp/aws\"].ct_management",
      "instances": [
        {
          "schema_version": 0,
          "attributes": {
            "dns_suffix": "amazonaws.com",
            "id": "aws",
            "partition": "aws",
            "reverse_dns_prefix": "com.amazonaws"
          },
          "sensitive_attributes": []
        }
      ]
    },
    {
      "module": "module.aft.module.aft_iam_roles.module.ct_management_service_role",
      "mode": "data",
      "type": "aws_partition",
      "name": "current",
      "provider": "module.aft.provider[\"registry.terraform.io/hashicorp/aws\"].ct_management",
      "instances": [
        {
          "schema_version": 0,
          "attributes": {
            "dns_suffix": "amazonaws.com",
            "id": "aws",
            "partition": "aws",
            "reverse_dns_prefix": "com.amazonaws"
          },
          "sensitive_attributes": []
        }
      ]
    },
    {
      "module": "module.aft.module.aft_iam_roles.module.log_archive_exec_role",
      "mode": "data",
      "type": "aws_partition",
      "name": "current",
      "provider": "module.aft.provider[\"registry.terraform.io/hashicorp/aws\"].log_archive",
      "instances": [
        {
          "schema_version": 0,
          "attributes": {
            "dns_suffix": "amazonaws.com",
            "id": "aws",
            "partition": "aws",
            "reverse_dns_prefix": "com.amazonaws"
          },
          "sensitive_attributes": []
        }
      ]
    },
    {
      "module": "module.aft.module.aft_iam_roles.module.log_archive_service_role",
      "mode": "data",
      "type": "aws_partition",
      "name": "current",
      "provider": "module.aft.provider[\"registry.terraform.io/hashicorp/aws\"].log_archive",
      "instances": [
        {
          "schema_version": 0,
          "attributes": {
            "dns_suffix": "amazonaws.com",
            "id": "aws",
            "partition": "aws",
            "reverse_dns_prefix": "com.amazonaws"
          },
          "sensitive_attributes": []
        }
      ]
    },
    {
      "module": "module.aft.module.aft_lambda_layer",
      "mode": "data",
      "type": "aws_caller_identity",
      "name": "session",
      "provider": "module.aft.provider[\"registry.terraform.io/hashicorp/aws\"].aft_management",
      "instances": [
        {
          "schema_version": 0,
          "attributes": {
            "account_id": "211125486960",
            "arn": "arn:aws:sts::211125486960:assumed-role/AWSControlTowerExecution/AWSAFT-Session",
            "id": "211125486960",
            "user_id": "AROATCKAPIVYLH436GB4W:AWSAFT-Session"
          },
          "sensitive_attributes": []
        }
      ]
    },
    {
      "module": "module.aft.module.aft_lambda_layer",
      "mode": "data",
      "type": "aws_partition",
      "name": "current",
      "provider": "module.aft.provider[\"registry.terraform.io/hashicorp/aws\"].aft_management",
      "instances": [
        {
          "schema_version": 0,
          "attributes": {
            "dns_suffix": "amazonaws.com",
            "id": "aws",
            "partition": "aws",
            "reverse_dns_prefix": "com.amazonaws"
          },
          "sensitive_attributes": []
        }
      ]
    },
    {
      "module": "module.aft.module.aft_lambda_layer",
      "mode": "data",
      "type": "local_file",
      "name": "aft_lambda_layer",
      "provider": "provider[\"registry.terraform.io/hashicorp/local\"]",
      "instances": [
        {
          "schema_version": 0,
          "attributes": {
            "content": "# Copyright Amazon.com, Inc. or its affiliates. All rights reserved.\n# SPDX-License-Identifier: Apache-2.0\n#\nversion: 0.2\n\nphases:\n  install:\n    runtime-versions:\n      python: $PYTHON_VERSION\n    commands:\n      - DEFAULT_PATH=$(pwd)\n      - AWS_MODULE_SOURCE=$(aws ssm get-parameter --name $SSM_AWS_MODULE_SOURCE --query \"Parameter.Value\" --output text)\n      - AWS_MODULE_GIT_REF=$(aws ssm get-parameter --name $SSM_AWS_MODULE_GIT_REF --query \"Parameter.Value\" --output text)\n      # URL Without Access ID\n      - URL=$(echo \"$AWS_MODULE_SOURCE\" | awk '{split($0,a,\"@\"); print a[2]}')\n      - |\n        ssh_key_parameter=$(aws ssm get-parameter --name /aft/config/aft-ssh-key --with-decryption 2\u003e /dev/null || echo \"None\")\n        if [[ $ssh_key_parameter != \"None\" ]]; then\n          ssh_key=$(jq --raw-output \".Parameter.Value\" \u003c\u003c\u003c $ssh_key_parameter)\n          mkdir -p ~/.ssh\n          echo \"Host *\" \u003e\u003e ~/.ssh/config\n          echo \"StrictHostKeyChecking no\" \u003e\u003e ~/.ssh/config\n          echo \"UserKnownHostsFile=/dev/null\" \u003e\u003e ~/.ssh/config\n          echo \"$ssh_key\" \u003e ~/.ssh/ssh_key\n          echo -e \"\\n\\n\" \u003e\u003e  ~/.ssh/ssh_key\n          chmod 600 ~/.ssh/ssh_key\n          eval \"$(ssh-agent -s)\"\n          ssh-add ~/.ssh/ssh_key\n        fi\n      - git config --global credential.helper '!aws codecommit credential-helper $@'\n      - git config --global credential.UseHttpPath true\n      - echo \"Building aft_common from ${URL}:${AWS_MODULE_GIT_REF}\"\n      - git clone -b $AWS_MODULE_GIT_REF $AWS_MODULE_SOURCE aws-aft-core-framework\n      - python3 -m pip install virtualenv\n      - python3 -m venv .venv\n      - . .venv/bin/activate\n      - python3 -m pip install ./aws-aft-core-framework/sources/aft-lambda-layer\n  build:\n    commands:\n      - mkdir -p python\n      - ls\n      - mv -v ./.venv/lib/ ./python/\n      - zip -r layer.zip python\n      - aws s3 cp layer.zip s3://${BUCKET_NAME}/layer.zip\n",
            "content_base64": "IyBDb3B5cmlnaHQgQW1hem9uLmNvbSwgSW5jLiBvciBpdHMgYWZmaWxpYXRlcy4gQWxsIHJpZ2h0cyByZXNlcnZlZC4KIyBTUERYLUxpY2Vuc2UtSWRlbnRpZmllcjogQXBhY2hlLTIuMAojCnZlcnNpb246IDAuMgoKcGhhc2VzOgogIGluc3RhbGw6CiAgICBydW50aW1lLXZlcnNpb25zOgogICAgICBweXRob246ICRQWVRIT05fVkVSU0lPTgogICAgY29tbWFuZHM6CiAgICAgIC0gREVGQVVMVF9QQVRIPSQocHdkKQogICAgICAtIEFXU19NT0RVTEVfU09VUkNFPSQoYXdzIHNzbSBnZXQtcGFyYW1ldGVyIC0tbmFtZSAkU1NNX0FXU19NT0RVTEVfU09VUkNFIC0tcXVlcnkgIlBhcmFtZXRlci5WYWx1ZSIgLS1vdXRwdXQgdGV4dCkKICAgICAgLSBBV1NfTU9EVUxFX0dJVF9SRUY9JChhd3Mgc3NtIGdldC1wYXJhbWV0ZXIgLS1uYW1lICRTU01fQVdTX01PRFVMRV9HSVRfUkVGIC0tcXVlcnkgIlBhcmFtZXRlci5WYWx1ZSIgLS1vdXRwdXQgdGV4dCkKICAgICAgIyBVUkwgV2l0aG91dCBBY2Nlc3MgSUQKICAgICAgLSBVUkw9JChlY2hvICIkQVdTX01PRFVMRV9TT1VSQ0UiIHwgYXdrICd7c3BsaXQoJDAsYSwiQCIpOyBwcmludCBhWzJdfScpCiAgICAgIC0gfAogICAgICAgIHNzaF9rZXlfcGFyYW1ldGVyPSQoYXdzIHNzbSBnZXQtcGFyYW1ldGVyIC0tbmFtZSAvYWZ0L2NvbmZpZy9hZnQtc3NoLWtleSAtLXdpdGgtZGVjcnlwdGlvbiAyPiAvZGV2L251bGwgfHwgZWNobyAiTm9uZSIpCiAgICAgICAgaWYgW1sgJHNzaF9rZXlfcGFyYW1ldGVyICE9ICJOb25lIiBdXTsgdGhlbgogICAgICAgICAgc3NoX2tleT0kKGpxIC0tcmF3LW91dHB1dCAiLlBhcmFtZXRlci5WYWx1ZSIgPDw8ICRzc2hfa2V5X3BhcmFtZXRlcikKICAgICAgICAgIG1rZGlyIC1wIH4vLnNzaAogICAgICAgICAgZWNobyAiSG9zdCAqIiA+PiB+Ly5zc2gvY29uZmlnCiAgICAgICAgICBlY2hvICJTdHJpY3RIb3N0S2V5Q2hlY2tpbmcgbm8iID4+IH4vLnNzaC9jb25maWcKICAgICAgICAgIGVjaG8gIlVzZXJLbm93bkhvc3RzRmlsZT0vZGV2L251bGwiID4+IH4vLnNzaC9jb25maWcKICAgICAgICAgIGVjaG8gIiRzc2hfa2V5IiA+IH4vLnNzaC9zc2hfa2V5CiAgICAgICAgICBlY2hvIC1lICJcblxuIiA+PiAgfi8uc3NoL3NzaF9rZXkKICAgICAgICAgIGNobW9kIDYwMCB+Ly5zc2gvc3NoX2tleQogICAgICAgICAgZXZhbCAiJChzc2gtYWdlbnQgLXMpIgogICAgICAgICAgc3NoLWFkZCB+Ly5zc2gvc3NoX2tleQogICAgICAgIGZpCiAgICAgIC0gZ2l0IGNvbmZpZyAtLWdsb2JhbCBjcmVkZW50aWFsLmhlbHBlciAnIWF3cyBjb2RlY29tbWl0IGNyZWRlbnRpYWwtaGVscGVyICRAJwogICAgICAtIGdpdCBjb25maWcgLS1nbG9iYWwgY3JlZGVudGlhbC5Vc2VIdHRwUGF0aCB0cnVlCiAgICAgIC0gZWNobyAiQnVpbGRpbmcgYWZ0X2NvbW1vbiBmcm9tICR7VVJMfToke0FXU19NT0RVTEVfR0lUX1JFRn0iCiAgICAgIC0gZ2l0IGNsb25lIC1iICRBV1NfTU9EVUxFX0dJVF9SRUYgJEFXU19NT0RVTEVfU09VUkNFIGF3cy1hZnQtY29yZS1mcmFtZXdvcmsKICAgICAgLSBweXRob24zIC1tIHBpcCBpbnN0YWxsIHZpcnR1YWxlbnYKICAgICAgLSBweXRob24zIC1tIHZlbnYgLnZlbnYKICAgICAgLSAuIC52ZW52L2Jpbi9hY3RpdmF0ZQogICAgICAtIHB5dGhvbjMgLW0gcGlwIGluc3RhbGwgLi9hd3MtYWZ0LWNvcmUtZnJhbWV3b3JrL3NvdXJjZXMvYWZ0LWxhbWJkYS1sYXllcgogIGJ1aWxkOgogICAgY29tbWFuZHM6CiAgICAgIC0gbWtkaXIgLXAgcHl0aG9uCiAgICAgIC0gbHMKICAgICAgLSBtdiAtdiAuLy52ZW52L2xpYi8gLi9weXRob24vCiAgICAgIC0gemlwIC1yIGxheWVyLnppcCBweXRob24KICAgICAgLSBhd3MgczMgY3AgbGF5ZXIuemlwIHMzOi8vJHtCVUNLRVRfTkFNRX0vbGF5ZXIuemlwCg==",
            "content_base64sha256": "YGPKj+N/pSklODuwu0ePt3c6uGUC1r/G5tbcpAhTHzo=",
            "content_base64sha512": "/l3Ap15/PrvddegWBXvz511FNJY8DhvoBFc/HOU/kTqgz6zjy5JYGATcWzOWhS3qQspbzfkkR7eD4wPunJIF3Q==",
            "content_md5": "003fd844bdd62f4db23abeea92a9e792",
            "content_sha1": "e7cbe092e97f9311cd3330a8c7e2dbe5dbb13ea9",
            "content_sha256": "6063ca8fe37fa52925383bb0bb478fb7773ab86502d6bfc6e6d6dca408531f3a",
            "content_sha512": "fe5dc0a75e7f3ebbdd75e816057bf3e75d4534963c0e1be804573f1ce53f913aa0cface3cb92581804dc5b3396852dea42ca5bcdf92447b783e303ee9c9205dd",
            "filename": ".terraform/modules/aft/modules/aft-lambda-layer/buildspecs/aft-lambda-layer.yml",
            "id": "e7cbe092e97f9311cd3330a8c7e2dbe5dbb13ea9"
          },
          "sensitive_attributes": []
        }
      ]
    },
    {
      "module": "module.aft.module.aft_lambda_layer",
      "mode": "managed",
      "type": "aws_cloudwatch_log_group",
      "name": "codebuild_loggroup",
      "provider": "module.aft.provider[\"registry.terraform.io/hashicorp/aws\"].aft_management",
      "instances": [
        {
          "schema_version": 0,
          "attributes": {
            "arn": "arn:aws:logs:us-east-1:211125486960:log-group:/aws/codebuild/python-layer-builder-aft-common-90n6l8qm",
            "id": "/aws/codebuild/python-layer-builder-aft-common-90n6l8qm",
            "kms_key_id": "",
            "log_group_class": "STANDARD",
            "name": "/aws/codebuild/python-layer-builder-aft-common-90n6l8qm",
            "name_prefix": "",
            "retention_in_days": 0,
            "skip_destroy": false,
            "tags": null,
            "tags_all": {
              "managed_by": "AFT"
            }
          },
          "sensitive_attributes": [],
          "private": "bnVsbA==",
          "dependencies": [
            "module.aft.data.aws_partition.current",
            "module.aft.module.aft_lambda_layer.random_string.resource_suffix"
          ],
          "create_before_destroy": true
        }
      ]
    },
    {
      "module": "module.aft.module.aft_lambda_layer",
      "mode": "managed",
      "type": "aws_iam_role",
      "name": "codebuild",
      "provider": "module.aft.provider[\"registry.terraform.io/hashicorp/aws\"].aft_management",
      "instances": [
        {
          "schema_version": 0,
          "attributes": {
            "arn": "arn:aws:iam::211125486960:role/python-layer-builder-aft-common-90n6l8qm",
            "assume_role_policy": "{\"Statement\":[{\"Action\":\"sts:AssumeRole\",\"Effect\":\"Allow\",\"Principal\":{\"Service\":[\"codebuild.amazonaws.com\",\"events.amazonaws.com\"]}}],\"Version\":\"2012-10-17\"}",
            "create_date": "2024-04-09T12:37:33Z",
            "description": "",
            "force_detach_policies": false,
            "id": "python-layer-builder-aft-common-90n6l8qm",
            "inline_policy": [],
            "managed_policy_arns": [],
            "max_session_duration": 3600,
            "name": "python-layer-builder-aft-common-90n6l8qm",
            "name_prefix": "",
            "path": "/",
            "permissions_boundary": "",
            "tags": null,
            "tags_all": {
              "managed_by": "AFT"
            },
            "unique_id": "AROATCKAPIVYFKJIZ4CWH"
          },
          "sensitive_attributes": [],
          "private": "bnVsbA==",
          "dependencies": [
            "module.aft.data.aws_partition.current",
            "module.aft.module.aft_lambda_layer.random_string.resource_suffix"
          ],
          "create_before_destroy": true
        }
      ]
    },
    {
      "module": "module.aft.module.aft_lambda_layer",
      "mode": "managed",
      "type": "random_string",
      "name": "resource_suffix",
      "provider": "provider[\"registry.terraform.io/hashicorp/random\"]",
      "instances": [
        {
          "schema_version": 2,
          "attributes": {
            "id": "90n6l8qm",
            "keepers": null,
            "length": 8,
            "lower": true,
            "min_lower": 0,
            "min_numeric": 0,
            "min_special": 0,
            "min_upper": 0,
            "number": true,
            "numeric": true,
            "override_special": null,
            "result": "90n6l8qm",
            "special": false,
            "upper": false
          },
          "sensitive_attributes": [],
          "create_before_destroy": true
        }
      ]
    },
    {
      "module": "module.aft.module.aft_ssm_parameters",
      "mode": "managed",
      "type": "random_uuid",
      "name": "metrics_reporting_uuid",
      "provider": "provider[\"registry.terraform.io/hashicorp/random\"]",
      "instances": [
        {
          "schema_version": 0,
          "attributes": {
            "id": "803434a5-a551-8848-ace0-8d85b2452673",
            "keepers": null,
            "result": "803434a5-a551-8848-ace0-8d85b2452673"
          },
          "sensitive_attributes": []
        }
      ]
    },
    {
      "module": "module.aft.module.packaging",
      "mode": "data",
      "type": "archive_file",
      "name": "builder",
      "provider": "provider[\"registry.terraform.io/hashicorp/archive\"]",
      "instances": [
        {
          "schema_version": 0,
          "attributes": {
            "exclude_symlink_directories": null,
            "excludes": null,
            "id": "d6b4f3fe31aadb7f9ea63e4b71e5012b26875abe",
            "output_base64sha256": "r2octJyvGu1fpdjt3SLXoXN3cYYcMF9RyeW8mVCIGjg=",
            "output_base64sha512": "QFJspg2ssMub2Kb8W674KkQxbH6BYSCSDoeS9LdgEU0B0BqDXUiY/ozORjaf5PuLQxIrA8mDoWqgjN1HLVUZ8w==",
            "output_file_mode": null,
            "output_md5": "77578e62b0562f3e47b4b3a7a92d937f",
            "output_path": ".terraform/modules/aft/modules/aft-archives/../../src/aft_lambda/aft_builder.zip",
            "output_sha": "d6b4f3fe31aadb7f9ea63e4b71e5012b26875abe",
            "output_sha256": "af6a1cb49caf1aed5fa5d8eddd22d7a1737771861c305f51c9e5bc9950881a38",
            "output_sha512": "40526ca60dacb0cb9bd8a6fc5baef82a44316c7e816120920e8792f4b760114d01d01a835d4898fe8cce46369fe4fb8b43122b03c983a16aa08cdd472d5519f3",
            "output_size": 1083,
            "source": [],
            "source_content": null,
            "source_content_filename": null,
            "source_dir": ".terraform/modules/aft/modules/aft-archives/../../src/aft_lambda/aft_builder",
            "source_file": null,
            "type": "zip"
          },
          "sensitive_attributes": []
        }
      ]
    },
    {
      "module": "module.aft.module.packaging",
      "mode": "data",
      "type": "archive_file",
      "name": "customizations",
      "provider": "provider[\"registry.terraform.io/hashicorp/archive\"]",
      "instances": [
        {
          "schema_version": 0,
          "attributes": {
            "exclude_symlink_directories": null,
            "excludes": null,
            "id": "50bb2a3494308bcfe7963f2234883891b2b7a76c",
            "output_base64sha256": "s2n3ZSR6B3lTRVKZ8T31xZRwcJ8xnJOrjGW0OuhPzuI=",
            "output_base64sha512": "0mAI4HhqkGyqIX8foyHPE8aIcM38RPx2rfBcxPK7YRErQ6dkq6fgZw/dbTxD1Vys7Mgp8rsmfwyjpfYcZUXBaw==",
            "output_file_mode": null,
            "output_md5": "095762c46a64d752caf4506cdb7146f5",
            "output_path": ".terraform/modules/aft/modules/aft-archives/../../src/aft_lambda/aft_customizations.zip",
            "output_sha": "50bb2a3494308bcfe7963f2234883891b2b7a76c",
            "output_sha256": "b369f765247a077953455299f13df5c59470709f319c93ab8c65b43ae84fcee2",
            "output_sha512": "d26008e0786a906caa217f1fa321cf13c68870cdfc44fc76adf05cc4f2bb61112b43a764aba7e0670fdd6d3c43d55cacecc829f2bb267f0ca3a5f61c6545c16b",
            "output_size": 3524,
            "source": [],
            "source_content": null,
            "source_content_filename": null,
            "source_dir": ".terraform/modules/aft/modules/aft-archives/../../src/aft_lambda/aft_customizations",
            "source_file": null,
            "type": "zip"
          },
          "sensitive_attributes": []
        }
      ]
    },
    {
      "module": "module.aft.module.packaging",
      "mode": "data",
      "type": "archive_file",
      "name": "feature_options",
      "provider": "provider[\"registry.terraform.io/hashicorp/archive\"]",
      "instances": [
        {
          "schema_version": 0,
          "attributes": {
            "exclude_symlink_directories": null,
            "excludes": null,
            "id": "b175c719645f6daba3a3081ad46155d9007e3a3a",
            "output_base64sha256": "N0nDJnAaRey90S9HFMlOXCLITzHZhNtif2BXY+aYZVU=",
            "output_base64sha512": "eUtVwD6Q6pMuQ3Hv7prk4lV1x/y6y6TUuvuYp/Wgb7NmIlJIbm1UT68XsCnOOQT/OL63QVBZ7Dcibq4dw2uL+A==",
            "output_file_mode": null,
            "output_md5": "3d47845fdd8005869f4a239169119884",
            "output_path": ".terraform/modules/aft/modules/aft-archives/../../src/aft_lambda/aft_feature_options.zip",
            "output_sha": "b175c719645f6daba3a3081ad46155d9007e3a3a",
            "output_sha256": "3749c326701a45ecbdd12f4714c94e5c22c84f31d984db627f605763e6986555",
            "output_sha512": "794b55c03e90ea932e4371efee9ae4e25575c7fcbacba4d4bafb98a7f5a06fb3662252486e6d544faf17b029ce3904ff38beb7415059ec37226eae1dc36b8bf8",
            "output_size": 3809,
            "source": [],
            "source_content": null,
            "source_content_filename": null,
            "source_dir": ".terraform/modules/aft/modules/aft-archives/../../src/aft_lambda/aft_feature_options",
            "source_file": null,
            "type": "zip"
          },
          "sensitive_attributes": []
        }
      ]
    },
    {
      "module": "module.aft.module.packaging",
      "mode": "data",
      "type": "archive_file",
      "name": "provisioning_framework",
      "provider": "provider[\"registry.terraform.io/hashicorp/archive\"]",
      "instances": [
        {
          "schema_version": 0,
          "attributes": {
            "exclude_symlink_directories": null,
            "excludes": null,
            "id": "c2f92d1c4b417c82935277b3510f4eeb7fbc6c14",
            "output_base64sha256": "xHMMRe1KEwVSxHQOWMaG1xbtBS9RDBldnj7Xyw5SOuQ=",
            "output_base64sha512": "cvYZVUk541Y9V4kzdijC3lXhsGp84Sn0kACxUX75gHGnmamJOa55y3BNvtR7oO2DlszV8pZS4a1nOrF9bbRMcw==",
            "output_file_mode": null,
            "output_md5": "cd0443a6ea572f916d164cc62746b0f2",
            "output_path": ".terraform/modules/aft/modules/aft-archives/../../src/aft_lambda/aft_account_provisioning_framework.zip",
            "output_sha": "c2f92d1c4b417c82935277b3510f4eeb7fbc6c14",
            "output_sha256": "c4730c45ed4a130552c4740e58c686d716ed052f510c195d9e3ed7cb0e523ae4",
            "output_sha512": "72f619554939e3563d5789337628c2de55e1b06a7ce129f49000b1517ef98071a799a98939ae79cb704dbed47ba0ed8396ccd5f29652e1ad673ab17d6db44c73",
            "output_size": 4805,
            "source": [],
            "source_content": null,
            "source_content_filename": null,
            "source_dir": ".terraform/modules/aft/modules/aft-archives/../../src/aft_lambda/aft_account_provisioning_framework",
            "source_file": null,
            "type": "zip"
          },
          "sensitive_attributes": []
        }
      ]
    },
    {
      "module": "module.aft.module.packaging",
      "mode": "data",
      "type": "archive_file",
      "name": "request_framework",
      "provider": "provider[\"registry.terraform.io/hashicorp/archive\"]",
      "instances": [
        {
          "schema_version": 0,
          "attributes": {
            "exclude_symlink_directories": null,
            "excludes": null,
            "id": "ac8026c37c9a4b9865d143b042723d062e035ee4",
            "output_base64sha256": "nOlvOQGz2YsBVsTctrzx5nLs+iDVaayfxr52lV7NYbg=",
            "output_base64sha512": "sBJ1fKEqUrbszJCBQMLOU2wOtKFETAk58+T9LDel+e38c4qrLRS1uq4TRwP1qjmwdTJgUnTXf/isyzJwER9OEw==",
            "output_file_mode": null,
            "output_md5": "912e17dd2132b2e49e142d08d92c9705",
            "output_path": ".terraform/modules/aft/modules/aft-archives/../../src/aft_lambda/aft_account_request_framework.zip",
            "output_sha": "ac8026c37c9a4b9865d143b042723d062e035ee4",
            "output_sha256": "9ce96f3901b3d98b0156c4dcb6bcf1e672ecfa20d569ac9fc6be76955ecd61b8",
            "output_sha512": "b012757ca12a52b6eccc908140c2ce536c0eb4a1444c0939f3e4fd2c37a5f9edfc738aab2d14b5baae134703f5aa39b07532605274d77ff8accb3270111f4e13",
            "output_size": 7525,
            "source": [],
            "source_content": null,
            "source_content_filename": null,
            "source_dir": ".terraform/modules/aft/modules/aft-archives/../../src/aft_lambda/aft_account_request_framework",
            "source_file": null,
            "type": "zip"
          },
          "sensitive_attributes": []
        }
      ]
    }
  ],
  "check_results": [
    {
      "object_kind": "var",
      "config_addr": "module.aft.var.global_customizations_repo_branch",
      "status": "pass",
      "objects": [
        {
          "object_addr": "module.aft.var.global_customizations_repo_branch",
          "status": "pass"
        }
      ]
    },
    {
      "object_kind": "var",
      "config_addr": "module.aft.var.terraform_version",
      "status": "pass",
      "objects": [
        {
          "object_addr": "module.aft.var.terraform_version",
          "status": "pass"
        }
      ]
    },
    {
      "object_kind": "var",
      "config_addr": "module.aft.var.account_customizations_repo_branch",
      "status": "pass",
      "objects": [
        {
          "object_addr": "module.aft.var.account_customizations_repo_branch",
          "status": "pass"
        }
      ]
    },
    {
      "object_kind": "var",
      "config_addr": "module.aft.var.account_provisioning_customizations_repo_branch",
      "status": "pass",
      "objects": [
        {
          "object_addr": "module.aft.var.account_provisioning_customizations_repo_branch",
          "status": "pass"
        }
      ]
    },
    {
      "object_kind": "var",
      "config_addr": "module.aft.var.aft_vpc_endpoints",
      "status": "pass",
      "objects": [
        {
          "object_addr": "module.aft.var.aft_vpc_endpoints",
          "status": "pass"
        }
      ]
    },
    {
      "object_kind": "var",
      "config_addr": "module.aft.var.aft_vpc_private_subnet_02_cidr",
      "status": "pass",
      "objects": [
        {
          "object_addr": "module.aft.var.aft_vpc_private_subnet_02_cidr",
          "status": "pass"
        }
      ]
    },
    {
      "object_kind": "var",
      "config_addr": "module.aft.var.aft_vpc_public_subnet_01_cidr",
      "status": "pass",
      "objects": [
        {
          "object_addr": "module.aft.var.aft_vpc_public_subnet_01_cidr",
          "status": "pass"
        }
      ]
    },
    {
      "object_kind": "var",
      "config_addr": "module.aft.var.global_customizations_repo_name",
      "status": "pass",
      "objects": [
        {
          "object_addr": "module.aft.var.global_customizations_repo_name",
          "status": "pass"
        }
      ]
    },
    {
      "object_kind": "var",
      "config_addr": "module.aft.var.aft_vpc_cidr",
      "status": "pass",
      "objects": [
        {
          "object_addr": "module.aft.var.aft_vpc_cidr",
          "status": "pass"
        }
      ]
    },
    {
      "object_kind": "var",
      "config_addr": "module.aft.var.account_customizations_repo_name",
      "status": "pass",
      "objects": [
        {
          "object_addr": "module.aft.var.account_customizations_repo_name",
          "status": "pass"
        }
      ]
    },
    {
      "object_kind": "var",
      "config_addr": "module.aft.var.account_request_repo_branch",
      "status": "pass",
      "objects": [
        {
          "object_addr": "module.aft.var.account_request_repo_branch",
          "status": "pass"
        }
      ]
    },
    {
      "object_kind": "var",
      "config_addr": "module.aft.var.tf_backend_secondary_region",
      "status": "pass",
      "objects": [
        {
          "object_addr": "module.aft.var.tf_backend_secondary_region",
          "status": "pass"
        }
      ]
    },
    {
      "object_kind": "var",
      "config_addr": "module.aft.var.terraform_org_name",
      "status": "pass",
      "objects": [
        {
          "object_addr": "module.aft.var.terraform_org_name",
          "status": "pass"
        }
      ]
    },
    {
      "object_kind": "var",
      "config_addr": "module.aft.var.aft_vpc_private_subnet_01_cidr",
      "status": "pass",
      "objects": [
        {
          "object_addr": "module.aft.var.aft_vpc_private_subnet_01_cidr",
          "status": "pass"
        }
      ]
    },
    {
      "object_kind": "var",
      "config_addr": "module.aft.var.maximum_concurrent_customizations",
      "status": "pass",
      "objects": [
        {
          "object_addr": "module.aft.var.maximum_concurrent_customizations",
          "status": "pass"
        }
      ]
    },
    {
      "object_kind": "var",
      "config_addr": "module.aft.var.aft_management_account_id",
      "status": "pass",
      "objects": [
        {
          "object_addr": "module.aft.var.aft_management_account_id",
          "status": "pass"
        }
      ]
    },
    {
      "object_kind": "var",
      "config_addr": "module.aft.var.terraform_api_endpoint",
      "status": "pass",
      "objects": [
        {
          "object_addr": "module.aft.var.terraform_api_endpoint",
          "status": "pass"
        }
      ]
    },
    {
      "object_kind": "var",
      "config_addr": "module.aft.var.aft_vpc_public_subnet_02_cidr",
      "status": "pass",
      "objects": [
        {
          "object_addr": "module.aft.var.aft_vpc_public_subnet_02_cidr",
          "status": "pass"
        }
      ]
    },
    {
      "object_kind": "var",
      "config_addr": "module.aft.var.aft_enable_vpc",
      "status": "pass",
      "objects": [
        {
          "object_addr": "module.aft.var.aft_enable_vpc",
          "status": "pass"
        }
      ]
    },
    {
      "object_kind": "var",
      "config_addr": "module.aft.var.vcs_provider",
      "status": "pass",
      "objects": [
        {
          "object_addr": "module.aft.var.vcs_provider",
          "status": "pass"
        }
      ]
    },
    {
      "object_kind": "var",
      "config_addr": "module.aft.var.aft_metrics_reporting",
      "status": "pass",
      "objects": [
        {
          "object_addr": "module.aft.var.aft_metrics_reporting",
          "status": "pass"
        }
      ]
    },
    {
      "object_kind": "var",
      "config_addr": "module.aft.var.audit_account_id",
      "status": "pass",
      "objects": [
        {
          "object_addr": "module.aft.var.audit_account_id",
          "status": "pass"
        }
      ]
    },
    {
      "object_kind": "var",
      "config_addr": "module.aft.var.global_codebuild_timeout",
      "status": "pass",
      "objects": [
        {
          "object_addr": "module.aft.var.global_codebuild_timeout",
          "status": "pass"
        }
      ]
    },
    {
      "object_kind": "var",
      "config_addr": "module.aft.module.aft_lambda_layer.var.lambda_layer_name",
      "status": "pass",
      "objects": [
        {
          "object_addr": "module.aft.module.aft_lambda_layer.var.lambda_layer_name",
          "status": "pass"
        }
      ]
    },
    {
      "object_kind": "var",
      "config_addr": "module.aft.var.account_request_repo_name",
      "status": "pass",
      "objects": [
        {
          "object_addr": "module.aft.var.account_request_repo_name",
          "status": "pass"
        }
      ]
    },
    {
      "object_kind": "var",
      "config_addr": "module.aft.var.log_archive_bucket_object_expiration_days",
      "status": "pass",
      "objects": [
        {
          "object_addr": "module.aft.var.log_archive_bucket_object_expiration_days",
          "status": "pass"
        }
      ]
    },
    {
      "object_kind": "var",
      "config_addr": "module.aft.var.aft_framework_repo_url",
      "status": "pass",
      "objects": [
        {
          "object_addr": "module.aft.var.aft_framework_repo_url",
          "status": "pass"
        }
      ]
    },
    {
      "object_kind": "var",
      "config_addr": "module.aft.var.account_provisioning_customizations_repo_name",
      "status": "pass",
      "objects": [
        {
          "object_addr": "module.aft.var.account_provisioning_customizations_repo_name",
          "status": "pass"
        }
      ]
    },
    {
      "object_kind": "var",
      "config_addr": "module.aft.var.concurrent_account_factory_actions",
      "status": "pass",
      "objects": [
        {
          "object_addr": "module.aft.var.concurrent_account_factory_actions",
          "status": "pass"
        }
      ]
    },
    {
      "object_kind": "var",
      "config_addr": "module.aft.var.backup_recovery_point_retention",
      "status": "pass",
      "objects": [
        {
          "object_addr": "module.aft.var.backup_recovery_point_retention",
          "status": "pass"
        }
      ]
    },
    {
      "object_kind": "var",
      "config_addr": "module.aft.var.aft_feature_enterprise_support",
      "status": "pass",
      "objects": [
        {
          "object_addr": "module.aft.var.aft_feature_enterprise_support",
          "status": "pass"
        }
      ]
    },
    {
      "object_kind": "var",
      "config_addr": "module.aft.var.ct_management_account_id",
      "status": "pass",
      "objects": [
        {
          "object_addr": "module.aft.var.ct_management_account_id",
          "status": "pass"
        }
      ]
    },
    {
      "object_kind": "var",
      "config_addr": "module.aft.var.terraform_distribution",
      "status": "pass",
      "objects": [
        {
          "object_addr": "module.aft.var.terraform_distribution",
          "status": "pass"
        }
      ]
    },
    {
      "object_kind": "var",
      "config_addr": "module.aft.var.aft_feature_cloudtrail_data_events",
      "status": "pass",
      "objects": [
        {
          "object_addr": "module.aft.var.aft_feature_cloudtrail_data_events",
          "status": "pass"
        }
      ]
    },
    {
      "object_kind": "var",
      "config_addr": "module.aft.var.aft_feature_delete_default_vpcs_enabled",
      "status": "pass",
      "objects": [
        {
          "object_addr": "module.aft.var.aft_feature_delete_default_vpcs_enabled",
          "status": "pass"
        }
      ]
    },
    {
      "object_kind": "var",
      "config_addr": "module.aft.var.cloudwatch_log_group_retention",
      "status": "pass",
      "objects": [
        {
          "object_addr": "module.aft.var.cloudwatch_log_group_retention",
          "status": "pass"
        }
      ]
    },
    {
      "object_kind": "var",
      "config_addr": "module.aft.var.log_archive_account_id",
      "status": "pass",
      "objects": [
        {
          "object_addr": "module.aft.var.log_archive_account_id",
          "status": "pass"
        }
      ]
    },
    {
      "object_kind": "var",
      "config_addr": "module.aft.var.terraform_token",
      "status": "pass",
      "objects": [
        {
          "object_addr": "module.aft.var.terraform_token",
          "status": "pass"
        }
      ]
    },
    {
      "object_kind": "var",
      "config_addr": "module.aft.var.ct_home_region",
      "status": "pass",
      "objects": [
        {
          "object_addr": "module.aft.var.ct_home_region",
          "status": "pass"
        }
      ]
    }
  ]
}
